
Microsoft Visual Studio Solution File, Format Version 11.00
# Visual Studio 2010
Project("{2150E333-8FDC-42A3-9474-1A3956D46DE8}") = "Vixen Libraries", "Vixen Libraries", "{89A281B8-52D7-4413-8713-704BBB181F41}"
EndProject
Project("{2150E333-8FDC-42A3-9474-1A3956D46DE8}") = "Vixen C++ Apps", "Vixen C++ Apps", "{7EE84227-08C0-4E05-957D-582FA9B2A385}"
	ProjectSection(SolutionItems) = preProject
		projects\swig\VixenCS\ReadMe.txt = projects\swig\VixenCS\ReadMe.txt
	EndProjectSection
EndProject
Project("{8BC9CEB8-8B4A-11D0-8D11-00A0C91BC942}") = "MFCViewDX9", "apps\MFCViewer\vs2010\MFCViewDX9.vcxproj", "{A1D30D6B-110B-4B91-ABD8-8B5E730A4BEE}"
	ProjectSection(ProjectDependencies) = postProject
		{21180F24-3A11-471B-BE31-72E056E4E6A3} = {21180F24-3A11-471B-BE31-72E056E4E6A3}
		{617C0941-16A3-4F4C-A444-66C3BB603FD9} = {617C0941-16A3-4F4C-A444-66C3BB603FD9}
		{3B2EE692-71F7-4934-B455-470CB64465C8} = {3B2EE692-71F7-4934-B455-470CB64465C8}
	EndProjectSection
EndProject
Project("{8BC9CEB8-8B4A-11D0-8D11-00A0C91BC942}") = "vixendx9", "projects\vs2010\vixendx9.vcxproj", "{617C0941-16A3-4F4C-A444-66C3BB603FD9}"
EndProject
Project("{8BC9CEB8-8B4A-11D0-8D11-00A0C91BC942}") = "vixenmfc", "projects\vs2010\vixenmfc.vcxproj", "{3B2EE692-71F7-4934-B455-470CB64465C8}"
EndProject
Project("{8BC9CEB8-8B4A-11D0-8D11-00A0C91BC942}") = "vxmediacv", "projects\vs2010\vxmediacv.vcxproj", "{21180F24-3A11-471B-BE31-72E056E4E6A3}"
EndProject
Project("{8BC9CEB8-8B4A-11D0-8D11-00A0C91BC942}") = "bodyanim", "projects\vs2010\bodyanim.vcxproj", "{9E506CB8-2C13-4861-A188-E54693FD0DD8}"
EndProject
Project("{8BC9CEB8-8B4A-11D0-8D11-00A0C91BC942}") = "bodytrackDX", "apps\BodyTrack\vs2010\bodytrackDX.vcxproj", "{24D90188-7E4C-4145-A190-1174B34A6519}"
	ProjectSection(ProjectDependencies) = postProject
		{21180F24-3A11-471B-BE31-72E056E4E6A3} = {21180F24-3A11-471B-BE31-72E056E4E6A3}
		{617C0941-16A3-4F4C-A444-66C3BB603FD9} = {617C0941-16A3-4F4C-A444-66C3BB603FD9}
		{4076A878-95D4-4FA2-B6FC-0AF79845E259} = {4076A878-95D4-4FA2-B6FC-0AF79845E259}
		{3B2EE692-71F7-4934-B455-470CB64465C8} = {3B2EE692-71F7-4934-B455-470CB64465C8}
		{9E506CB8-2C13-4861-A188-E54693FD0DD8} = {9E506CB8-2C13-4861-A188-E54693FD0DD8}
	EndProjectSection
EndProject
Project("{2150E333-8FDC-42A3-9474-1A3956D46DE8}") = "SWIG", "SWIG", "{2322D5FC-75A8-402C-B8E5-D538F939C43F}"
EndProject
Project("{8BC9CEB8-8B4A-11D0-8D11-00A0C91BC942}") = "VixenLib", "projects\swig\VixenCS\VixenCSWrapper.vcxproj", "{C510A0C5-6C0A-49FF-91B1-E9AD50323192}"
	ProjectSection(ProjectDependencies) = postProject
		{21180F24-3A11-471B-BE31-72E056E4E6A3} = {21180F24-3A11-471B-BE31-72E056E4E6A3}
		{617C0941-16A3-4F4C-A444-66C3BB603FD9} = {617C0941-16A3-4F4C-A444-66C3BB603FD9}
		{4076A878-95D4-4FA2-B6FC-0AF79845E259} = {4076A878-95D4-4FA2-B6FC-0AF79845E259}
		{9E506CB8-2C13-4861-A188-E54693FD0DD8} = {9E506CB8-2C13-4861-A188-E54693FD0DD8}
	EndProjectSection
EndProject
Project("{FAE04EC0-301F-11D3-BF4B-00C04F79EFBC}") = "VixenCS", "projects\swig\VixenCS\VixenCS.csproj", "{EF8A6E1E-C277-494B-9B24-3DB07A5F0DBC}"
	ProjectSection(ProjectDependencies) = postProject
		{21180F24-3A11-471B-BE31-72E056E4E6A3} = {21180F24-3A11-471B-BE31-72E056E4E6A3}
		{617C0941-16A3-4F4C-A444-66C3BB603FD9} = {617C0941-16A3-4F4C-A444-66C3BB603FD9}
		{4076A878-95D4-4FA2-B6FC-0AF79845E259} = {4076A878-95D4-4FA2-B6FC-0AF79845E259}
		{C510A0C5-6C0A-49FF-91B1-E9AD50323192} = {C510A0C5-6C0A-49FF-91B1-E9AD50323192}
	EndProjectSection
EndProject
Project("{2150E333-8FDC-42A3-9474-1A3956D46DE8}") = "CSharp Assemblies", "CSharp Assemblies", "{1BE24832-F8EF-4E3B-9CCB-A51C54B22439}"
EndProject
Project("{FAE04EC0-301F-11D3-BF4B-00C04F79EFBC}") = "GeoTestCS", "apps\GeoTestCS\GeoTestCS.csproj", "{B14FC185-5395-46CD-B43B-C6AD73E05977}"
EndProject
Project("{8BC9CEB8-8B4A-11D0-8D11-00A0C91BC942}") = "vxhavok", "projects\vs2010\vxhavok.vcxproj", "{4076A878-95D4-4FA2-B6FC-0AF79845E259}"
EndProject
Project("{8BC9CEB8-8B4A-11D0-8D11-00A0C91BC942}") = "PhysicsTest", "apps\PhysicsTest\vs2010\PhysicsTest.vcxproj", "{2C54727E-22FF-4B25-917F-1AF35B5C8C89}"
	ProjectSection(ProjectDependencies) = postProject
		{21180F24-3A11-471B-BE31-72E056E4E6A3} = {21180F24-3A11-471B-BE31-72E056E4E6A3}
		{4076A878-95D4-4FA2-B6FC-0AF79845E259} = {4076A878-95D4-4FA2-B6FC-0AF79845E259}
	EndProjectSection
EndProject
Project("{8BC9CEB8-8B4A-11D0-8D11-00A0C91BC942}") = "GeoTestDX9", "apps\GeoTest\vs2010\GeoTestDX9.vcxproj", "{B5EBF797-C290-4FD0-A5CB-88AAF4319BDA}"
EndProject
Project("{FAE04EC0-301F-11D3-BF4B-00C04F79EFBC}") = "AvatarAX", "apps\MagicMirror\ActiveX\AvatarAX.csproj", "{FA302421-D801-4328-B6CC-AE7F34F27BE2}"
	ProjectSection(ProjectDependencies) = postProject
		{EF8A6E1E-C277-494B-9B24-3DB07A5F0DBC} = {EF8A6E1E-C277-494B-9B24-3DB07A5F0DBC}
		{F14FF25B-293B-439C-A266-B308C55E541B} = {F14FF25B-293B-439C-A266-B308C55E541B}
		{C510A0C5-6C0A-49FF-91B1-E9AD50323192} = {C510A0C5-6C0A-49FF-91B1-E9AD50323192}
	EndProjectSection
EndProject
Project("{FAE04EC0-301F-11D3-BF4B-00C04F79EFBC}") = "MagicMirror", "apps\MagicMirror\MagicMirror.csproj", "{F14FF25B-293B-439C-A266-B308C55E541B}"
	ProjectSection(ProjectDependencies) = postProject
		{EF8A6E1E-C277-494B-9B24-3DB07A5F0DBC} = {EF8A6E1E-C277-494B-9B24-3DB07A5F0DBC}
		{C510A0C5-6C0A-49FF-91B1-E9AD50323192} = {C510A0C5-6C0A-49FF-91B1-E9AD50323192}
	EndProjectSection
EndProject
Project("{54435603-DBB4-11D2-8724-00A0C9A8B90C}") = "AvatarCAB", "apps\MagicMirror\ActiveX\AvatarCAB.vdproj", "{D0910DDF-1436-4F79-B9B2-FE7DE2C3EB66}"
	ProjectSection(ProjectDependencies) = postProject
		{EF8A6E1E-C277-494B-9B24-3DB07A5F0DBC} = {EF8A6E1E-C277-494B-9B24-3DB07A5F0DBC}
		{FA302421-D801-4328-B6CC-AE7F34F27BE2} = {FA302421-D801-4328-B6CC-AE7F34F27BE2}
		{F14FF25B-293B-439C-A266-B308C55E541B} = {F14FF25B-293B-439C-A266-B308C55E541B}
		{9A711860-FDE0-44C0-A362-9187073B8879} = {9A711860-FDE0-44C0-A362-9187073B8879}
		{C510A0C5-6C0A-49FF-91B1-E9AD50323192} = {C510A0C5-6C0A-49FF-91B1-E9AD50323192}
	EndProjectSection
EndProject
Project("{2150E333-8FDC-42A3-9474-1A3956D46DE8}") = "ActiveX", "ActiveX", "{D860F662-ECEF-4311-8246-9FA82B0DAE16}"
EndProject
Project("{54435603-DBB4-11D2-8724-00A0C9A8B90C}") = "AvatarInstaller", "apps\MagicMirror\ActiveX\AvatarInstaller.vdproj", "{9A711860-FDE0-44C0-A362-9187073B8879}"
	ProjectSection(ProjectDependencies) = postProject
		{EF8A6E1E-C277-494B-9B24-3DB07A5F0DBC} = {EF8A6E1E-C277-494B-9B24-3DB07A5F0DBC}
		{FA302421-D801-4328-B6CC-AE7F34F27BE2} = {FA302421-D801-4328-B6CC-AE7F34F27BE2}
		{F14FF25B-293B-439C-A266-B308C55E541B} = {F14FF25B-293B-439C-A266-B308C55E541B}
		{C510A0C5-6C0A-49FF-91B1-E9AD50323192} = {C510A0C5-6C0A-49FF-91B1-E9AD50323192}
	EndProjectSection
EndProject
Project("{FAE04EC0-301F-11D3-BF4B-00C04F79EFBC}") = "AvatarTest", "apps\MagicMirror\ActiveX\AvatarTest\AvatarTest.csproj", "{B7B2A0DF-D93F-4FAF-BD19-DFCE2B8C2CD0}"
EndProject
Project("{FAE04EC0-301F-11D3-BF4B-00C04F79EFBC}") = "MagicMirrorKiosk", "apps\MagicMirror\KioskWPF\MagicMirrorKiosk.csproj", "{B7C6E0F0-6799-4F2C-9122-D256C6F0B35F}"
EndProject
Project("{FAE04EC0-301F-11D3-BF4B-00C04F79EFBC}") = "MagicMirrorViewer", "apps\MagicMirror\AvatarWPF\MagicMirrorViewer.csproj", "{35CE6A32-2B9F-4A92-84B1-5F2FB385C840}"
EndProject
Project("{FAE04EC0-301F-11D3-BF4B-00C04F79EFBC}") = "ObjIO", "apps\ObjIO\ObjIO.csproj", "{1FD37682-98D6-442F-8E15-646247C690DC}"
	ProjectSection(ProjectDependencies) = postProject
		{EF8A6E1E-C277-494B-9B24-3DB07A5F0DBC} = {EF8A6E1E-C277-494B-9B24-3DB07A5F0DBC}
	EndProjectSection
EndProject
Project("{FAE04EC0-301F-11D3-BF4B-00C04F79EFBC}") = "WPFViewer", "apps\WPFViewer\WPFViewer.csproj", "{8D2C1B67-53DF-4A8A-8519-A0E72F209CF6}"
EndProject
Project("{FAE04EC0-301F-11D3-BF4B-00C04F79EFBC}") = "ClothAnim", "apps\ClothAnim\ClothAnim.csproj", "{4DB481AF-24C3-4B78-8C4A-10398C293185}"
EndProject
Project("{8BC9CEB8-8B4A-11D0-8D11-00A0C91BC942}") = "vxmediadx", "projects\vs2010\vxmediadx.vcxproj", "{21180F24-3A11-DD1B-BE31-72E056E4E6A3}"
EndProject
Project("{8BC9CEB8-8B4A-11D0-8D11-00A0C91BC942}") = "VideoTestDX9", "apps\VideoTest\vs2010\VideoTestDX9.vcxproj", "{E299B0DD-56A1-4CA8-95D0-546BFFA6AB88}"
	ProjectSection(ProjectDependencies) = postProject
		{21180F24-3A11-471B-BE31-72E056E4E6A3} = {21180F24-3A11-471B-BE31-72E056E4E6A3}
		{21180F24-3A11-DD1B-BE31-72E056E4E6A3} = {21180F24-3A11-DD1B-BE31-72E056E4E6A3}
		{617C0941-16A3-4F4C-A444-66C3BB603FD9} = {617C0941-16A3-4F4C-A444-66C3BB603FD9}
		{3B2EE692-71F7-4934-B455-470CB64465C8} = {3B2EE692-71F7-4934-B455-470CB64465C8}
	EndProjectSection
EndProject
Project("{FAE04EC0-301F-11D3-BF4B-00C04F79EFBC}") = "MagicMirrorTablet", "apps\MagicMirror\MagicMirrorTablet\MagicMirrorTablet.csproj", "{50AB3EAF-3F71-4D1A-B76A-1C22FEF3AFA4}"
EndProject
Global
	GlobalSection(SolutionConfigurationPlatforms) = preSolution
		Debug|Any CPU = Debug|Any CPU
		Debug|Mixed Platforms = Debug|Mixed Platforms
		Debug|Win32 = Debug|Win32
		Debug|x64 = Debug|x64
		Debug|x86 = Debug|x86
		Release|Any CPU = Release|Any CPU
		Release|Mixed Platforms = Release|Mixed Platforms
		Release|Win32 = Release|Win32
		Release|x64 = Release|x64
		Release|x86 = Release|x86
		Safe|Any CPU = Safe|Any CPU
		Safe|Mixed Platforms = Safe|Mixed Platforms
		Safe|Win32 = Safe|Win32
		Safe|x64 = Safe|x64
		Safe|x86 = Safe|x86
	EndGlobalSection
	GlobalSection(ProjectConfigurationPlatforms) = postSolution
		{A1D30D6B-110B-4B91-ABD8-8B5E730A4BEE}.Debug|Any CPU.ActiveCfg = Debug|Win32
		{A1D30D6B-110B-4B91-ABD8-8B5E730A4BEE}.Debug|Any CPU.Build.0 = Debug|Win32
		{A1D30D6B-110B-4B91-ABD8-8B5E730A4BEE}.Debug|Mixed Platforms.ActiveCfg = Debug|Win32
		{A1D30D6B-110B-4B91-ABD8-8B5E730A4BEE}.Debug|Win32.ActiveCfg = Debug|Win32
		{A1D30D6B-110B-4B91-ABD8-8B5E730A4BEE}.Debug|Win32.Build.0 = Debug|Win32
		{A1D30D6B-110B-4B91-ABD8-8B5E730A4BEE}.Debug|x64.ActiveCfg = Debug|x64
		{A1D30D6B-110B-4B91-ABD8-8B5E730A4BEE}.Debug|x64.Build.0 = Debug|x64
		{A1D30D6B-110B-4B91-ABD8-8B5E730A4BEE}.Debug|x86.ActiveCfg = Debug|Win32
		{A1D30D6B-110B-4B91-ABD8-8B5E730A4BEE}.Debug|x86.Build.0 = Debug|Win32
		{A1D30D6B-110B-4B91-ABD8-8B5E730A4BEE}.Release|Any CPU.ActiveCfg = Release|x64
		{A1D30D6B-110B-4B91-ABD8-8B5E730A4BEE}.Release|Mixed Platforms.ActiveCfg = Release|Win32
		{A1D30D6B-110B-4B91-ABD8-8B5E730A4BEE}.Release|Win32.ActiveCfg = Release|Win32
		{A1D30D6B-110B-4B91-ABD8-8B5E730A4BEE}.Release|Win32.Build.0 = Release|Win32
		{A1D30D6B-110B-4B91-ABD8-8B5E730A4BEE}.Release|x64.ActiveCfg = Release|x64
		{A1D30D6B-110B-4B91-ABD8-8B5E730A4BEE}.Release|x86.ActiveCfg = Release|Win32
		{A1D30D6B-110B-4B91-ABD8-8B5E730A4BEE}.Safe|Any CPU.ActiveCfg = Safe|x64
		{A1D30D6B-110B-4B91-ABD8-8B5E730A4BEE}.Safe|Mixed Platforms.ActiveCfg = Safe|x64
		{A1D30D6B-110B-4B91-ABD8-8B5E730A4BEE}.Safe|Mixed Platforms.Build.0 = Safe|x64
		{A1D30D6B-110B-4B91-ABD8-8B5E730A4BEE}.Safe|Win32.ActiveCfg = Safe|Win32
		{A1D30D6B-110B-4B91-ABD8-8B5E730A4BEE}.Safe|Win32.Build.0 = Safe|Win32
		{A1D30D6B-110B-4B91-ABD8-8B5E730A4BEE}.Safe|x64.ActiveCfg = Safe|x64
		{A1D30D6B-110B-4B91-ABD8-8B5E730A4BEE}.Safe|x64.Build.0 = Safe|x64
		{A1D30D6B-110B-4B91-ABD8-8B5E730A4BEE}.Safe|x86.ActiveCfg = Safe|Win32
		{617C0941-16A3-4F4C-A444-66C3BB603FD9}.Debug|Any CPU.ActiveCfg = Debug|Win32
		{617C0941-16A3-4F4C-A444-66C3BB603FD9}.Debug|Any CPU.Build.0 = Debug|Win32
		{617C0941-16A3-4F4C-A444-66C3BB603FD9}.Debug|Mixed Platforms.ActiveCfg = Debug|Win32
		{617C0941-16A3-4F4C-A444-66C3BB603FD9}.Debug|Mixed Platforms.Build.0 = Debug|Win32
		{617C0941-16A3-4F4C-A444-66C3BB603FD9}.Debug|Win32.ActiveCfg = Debug|Win32
		{617C0941-16A3-4F4C-A444-66C3BB603FD9}.Debug|Win32.Build.0 = Debug|Win32
		{617C0941-16A3-4F4C-A444-66C3BB603FD9}.Debug|x64.ActiveCfg = Debug|x64
		{617C0941-16A3-4F4C-A444-66C3BB603FD9}.Debug|x64.Build.0 = Debug|x64
		{617C0941-16A3-4F4C-A444-66C3BB603FD9}.Debug|x86.ActiveCfg = Debug|Win32
		{617C0941-16A3-4F4C-A444-66C3BB603FD9}.Debug|x86.Build.0 = Debug|Win32
		{617C0941-16A3-4F4C-A444-66C3BB603FD9}.Release|Any CPU.ActiveCfg = Release|x64
		{617C0941-16A3-4F4C-A444-66C3BB603FD9}.Release|Any CPU.Build.0 = Release|x64
		{617C0941-16A3-4F4C-A444-66C3BB603FD9}.Release|Mixed Platforms.ActiveCfg = Release|Win32
		{617C0941-16A3-4F4C-A444-66C3BB603FD9}.Release|Mixed Platforms.Build.0 = Release|Win32
		{617C0941-16A3-4F4C-A444-66C3BB603FD9}.Release|Win32.ActiveCfg = Release|Win32
		{617C0941-16A3-4F4C-A444-66C3BB603FD9}.Release|Win32.Build.0 = Release|Win32
		{617C0941-16A3-4F4C-A444-66C3BB603FD9}.Release|x64.ActiveCfg = Release|x64
		{617C0941-16A3-4F4C-A444-66C3BB603FD9}.Release|x64.Build.0 = Release|x64
		{617C0941-16A3-4F4C-A444-66C3BB603FD9}.Release|x86.ActiveCfg = Release|Win32
		{617C0941-16A3-4F4C-A444-66C3BB603FD9}.Safe|Any CPU.ActiveCfg = Safe|x64
		{617C0941-16A3-4F4C-A444-66C3BB603FD9}.Safe|Any CPU.Build.0 = Safe|x64
		{617C0941-16A3-4F4C-A444-66C3BB603FD9}.Safe|Mixed Platforms.ActiveCfg = Safe|x64
		{617C0941-16A3-4F4C-A444-66C3BB603FD9}.Safe|Mixed Platforms.Build.0 = Safe|x64
		{617C0941-16A3-4F4C-A444-66C3BB603FD9}.Safe|Win32.ActiveCfg = Safe|Win32
		{617C0941-16A3-4F4C-A444-66C3BB603FD9}.Safe|Win32.Build.0 = Safe|Win32
		{617C0941-16A3-4F4C-A444-66C3BB603FD9}.Safe|x64.ActiveCfg = Safe|x64
		{617C0941-16A3-4F4C-A444-66C3BB603FD9}.Safe|x64.Build.0 = Safe|x64
		{617C0941-16A3-4F4C-A444-66C3BB603FD9}.Safe|x86.ActiveCfg = Safe|Win32
		{617C0941-16A3-4F4C-A444-66C3BB603FD9}.Safe|x86.Build.0 = Safe|Win32
		{3B2EE692-71F7-4934-B455-470CB64465C8}.Debug|Any CPU.ActiveCfg = Debug|Win32
		{3B2EE692-71F7-4934-B455-470CB64465C8}.Debug|Any CPU.Build.0 = Debug|Win32
		{3B2EE692-71F7-4934-B455-470CB64465C8}.Debug|Mixed Platforms.ActiveCfg = Debug|Win32
		{3B2EE692-71F7-4934-B455-470CB64465C8}.Debug|Win32.ActiveCfg = Debug|Win32
		{3B2EE692-71F7-4934-B455-470CB64465C8}.Debug|Win32.Build.0 = Debug|Win32
		{3B2EE692-71F7-4934-B455-470CB64465C8}.Debug|x64.ActiveCfg = Debug|x64
		{3B2EE692-71F7-4934-B455-470CB64465C8}.Debug|x64.Build.0 = Debug|x64
		{3B2EE692-71F7-4934-B455-470CB64465C8}.Debug|x86.ActiveCfg = Debug|Win32
		{3B2EE692-71F7-4934-B455-470CB64465C8}.Debug|x86.Build.0 = Debug|Win32
		{3B2EE692-71F7-4934-B455-470CB64465C8}.Release|Any CPU.ActiveCfg = Release|x64
		{3B2EE692-71F7-4934-B455-470CB64465C8}.Release|Mixed Platforms.ActiveCfg = Release|Win32
		{3B2EE692-71F7-4934-B455-470CB64465C8}.Release|Win32.ActiveCfg = Release|Win32
		{3B2EE692-71F7-4934-B455-470CB64465C8}.Release|Win32.Build.0 = Release|Win32
		{3B2EE692-71F7-4934-B455-470CB64465C8}.Release|x64.ActiveCfg = Release|x64
		{3B2EE692-71F7-4934-B455-470CB64465C8}.Release|x64.Build.0 = Release|x64
		{3B2EE692-71F7-4934-B455-470CB64465C8}.Release|x86.ActiveCfg = Release|Win32
		{3B2EE692-71F7-4934-B455-470CB64465C8}.Release|x86.Build.0 = Release|Win32
		{3B2EE692-71F7-4934-B455-470CB64465C8}.Safe|Any CPU.ActiveCfg = Safe|x64
		{3B2EE692-71F7-4934-B455-470CB64465C8}.Safe|Mixed Platforms.ActiveCfg = Safe|x64
		{3B2EE692-71F7-4934-B455-470CB64465C8}.Safe|Mixed Platforms.Build.0 = Safe|x64
		{3B2EE692-71F7-4934-B455-470CB64465C8}.Safe|Win32.ActiveCfg = Safe|Win32
		{3B2EE692-71F7-4934-B455-470CB64465C8}.Safe|Win32.Build.0 = Safe|Win32
		{3B2EE692-71F7-4934-B455-470CB64465C8}.Safe|x64.ActiveCfg = Safe|x64
		{3B2EE692-71F7-4934-B455-470CB64465C8}.Safe|x64.Build.0 = Safe|x64
		{3B2EE692-71F7-4934-B455-470CB64465C8}.Safe|x86.ActiveCfg = Safe|Win32
		{21180F24-3A11-471B-BE31-72E056E4E6A3}.Debug|Any CPU.ActiveCfg = Debug|Win32
		{21180F24-3A11-471B-BE31-72E056E4E6A3}.Debug|Any CPU.Build.0 = Debug|Win32
		{21180F24-3A11-471B-BE31-72E056E4E6A3}.Debug|Mixed Platforms.ActiveCfg = Debug|Win32
		{21180F24-3A11-471B-BE31-72E056E4E6A3}.Debug|Mixed Platforms.Build.0 = Debug|Win32
		{21180F24-3A11-471B-BE31-72E056E4E6A3}.Debug|Win32.ActiveCfg = Debug|Win32
		{21180F24-3A11-471B-BE31-72E056E4E6A3}.Debug|Win32.Build.0 = Debug|Win32
		{21180F24-3A11-471B-BE31-72E056E4E6A3}.Debug|x64.ActiveCfg = Debug|x64
		{21180F24-3A11-471B-BE31-72E056E4E6A3}.Debug|x64.Build.0 = Debug|x64
		{21180F24-3A11-471B-BE31-72E056E4E6A3}.Debug|x86.ActiveCfg = Debug|Win32
		{21180F24-3A11-471B-BE31-72E056E4E6A3}.Debug|x86.Build.0 = Debug|Win32
		{21180F24-3A11-471B-BE31-72E056E4E6A3}.Release|Any CPU.ActiveCfg = Release|x64
		{21180F24-3A11-471B-BE31-72E056E4E6A3}.Release|Any CPU.Build.0 = Release|x64
		{21180F24-3A11-471B-BE31-72E056E4E6A3}.Release|Mixed Platforms.ActiveCfg = Release|Win32
		{21180F24-3A11-471B-BE31-72E056E4E6A3}.Release|Mixed Platforms.Build.0 = Release|Win32
		{21180F24-3A11-471B-BE31-72E056E4E6A3}.Release|Win32.ActiveCfg = Release|Win32
		{21180F24-3A11-471B-BE31-72E056E4E6A3}.Release|Win32.Build.0 = Release|Win32
		{21180F24-3A11-471B-BE31-72E056E4E6A3}.Release|x64.ActiveCfg = Release|x64
		{21180F24-3A11-471B-BE31-72E056E4E6A3}.Release|x64.Build.0 = Release|x64
		{21180F24-3A11-471B-BE31-72E056E4E6A3}.Release|x86.ActiveCfg = Release|Win32
		{21180F24-3A11-471B-BE31-72E056E4E6A3}.Release|x86.Build.0 = Release|Win32
		{21180F24-3A11-471B-BE31-72E056E4E6A3}.Safe|Any CPU.ActiveCfg = Safe|x64
		{21180F24-3A11-471B-BE31-72E056E4E6A3}.Safe|Any CPU.Build.0 = Safe|x64
		{21180F24-3A11-471B-BE31-72E056E4E6A3}.Safe|Mixed Platforms.ActiveCfg = Safe|x64
		{21180F24-3A11-471B-BE31-72E056E4E6A3}.Safe|Mixed Platforms.Build.0 = Safe|x64
		{21180F24-3A11-471B-BE31-72E056E4E6A3}.Safe|Win32.ActiveCfg = Safe|Win32
		{21180F24-3A11-471B-BE31-72E056E4E6A3}.Safe|Win32.Build.0 = Safe|Win32
		{21180F24-3A11-471B-BE31-72E056E4E6A3}.Safe|x64.ActiveCfg = Safe|x64
		{21180F24-3A11-471B-BE31-72E056E4E6A3}.Safe|x64.Build.0 = Safe|x64
		{21180F24-3A11-471B-BE31-72E056E4E6A3}.Safe|x86.ActiveCfg = Safe|Win32
		{21180F24-3A11-471B-BE31-72E056E4E6A3}.Safe|x86.Build.0 = Safe|Win32
		{9E506CB8-2C13-4861-A188-E54693FD0DD8}.Debug|Any CPU.ActiveCfg = Debug|Win32
		{9E506CB8-2C13-4861-A188-E54693FD0DD8}.Debug|Any CPU.Build.0 = Debug|Win32
		{9E506CB8-2C13-4861-A188-E54693FD0DD8}.Debug|Mixed Platforms.ActiveCfg = Debug|Win32
		{9E506CB8-2C13-4861-A188-E54693FD0DD8}.Debug|Mixed Platforms.Build.0 = Debug|Win32
		{9E506CB8-2C13-4861-A188-E54693FD0DD8}.Debug|Win32.ActiveCfg = Debug|Win32
		{9E506CB8-2C13-4861-A188-E54693FD0DD8}.Debug|Win32.Build.0 = Debug|Win32
		{9E506CB8-2C13-4861-A188-E54693FD0DD8}.Debug|x64.ActiveCfg = Debug|x64
		{9E506CB8-2C13-4861-A188-E54693FD0DD8}.Debug|x64.Build.0 = Debug|x64
		{9E506CB8-2C13-4861-A188-E54693FD0DD8}.Debug|x86.ActiveCfg = Debug|Win32
		{9E506CB8-2C13-4861-A188-E54693FD0DD8}.Debug|x86.Build.0 = Debug|Win32
		{9E506CB8-2C13-4861-A188-E54693FD0DD8}.Release|Any CPU.ActiveCfg = Release|x64
		{9E506CB8-2C13-4861-A188-E54693FD0DD8}.Release|Any CPU.Build.0 = Release|x64
		{9E506CB8-2C13-4861-A188-E54693FD0DD8}.Release|Mixed Platforms.ActiveCfg = Release|Win32
		{9E506CB8-2C13-4861-A188-E54693FD0DD8}.Release|Mixed Platforms.Build.0 = Release|Win32
		{9E506CB8-2C13-4861-A188-E54693FD0DD8}.Release|Win32.ActiveCfg = Release|Win32
		{9E506CB8-2C13-4861-A188-E54693FD0DD8}.Release|Win32.Build.0 = Release|Win32
		{9E506CB8-2C13-4861-A188-E54693FD0DD8}.Release|x64.ActiveCfg = Release|x64
		{9E506CB8-2C13-4861-A188-E54693FD0DD8}.Release|x64.Build.0 = Release|x64
		{9E506CB8-2C13-4861-A188-E54693FD0DD8}.Release|x86.ActiveCfg = Release|Win32
		{9E506CB8-2C13-4861-A188-E54693FD0DD8}.Safe|Any CPU.ActiveCfg = Safe|x64
		{9E506CB8-2C13-4861-A188-E54693FD0DD8}.Safe|Any CPU.Build.0 = Safe|x64
		{9E506CB8-2C13-4861-A188-E54693FD0DD8}.Safe|Mixed Platforms.ActiveCfg = Safe|x64
		{9E506CB8-2C13-4861-A188-E54693FD0DD8}.Safe|Mixed Platforms.Build.0 = Safe|x64
		{9E506CB8-2C13-4861-A188-E54693FD0DD8}.Safe|Win32.ActiveCfg = Safe|Win32
		{9E506CB8-2C13-4861-A188-E54693FD0DD8}.Safe|Win32.Build.0 = Safe|Win32
		{9E506CB8-2C13-4861-A188-E54693FD0DD8}.Safe|x64.ActiveCfg = Safe|x64
		{9E506CB8-2C13-4861-A188-E54693FD0DD8}.Safe|x64.Build.0 = Safe|x64
		{9E506CB8-2C13-4861-A188-E54693FD0DD8}.Safe|x86.ActiveCfg = Safe|Win32
		{9E506CB8-2C13-4861-A188-E54693FD0DD8}.Safe|x86.Build.0 = Safe|Win32
		{24D90188-7E4C-4145-A190-1174B34A6519}.Debug|Any CPU.ActiveCfg = Debug|Win32
		{24D90188-7E4C-4145-A190-1174B34A6519}.Debug|Mixed Platforms.ActiveCfg = Debug|Win32
		{24D90188-7E4C-4145-A190-1174B34A6519}.Debug|Win32.ActiveCfg = Debug|Win32
		{24D90188-7E4C-4145-A190-1174B34A6519}.Debug|Win32.Build.0 = Debug|Win32
		{24D90188-7E4C-4145-A190-1174B34A6519}.Debug|x64.ActiveCfg = Debug|x64
		{24D90188-7E4C-4145-A190-1174B34A6519}.Debug|x64.Build.0 = Debug|x64
		{24D90188-7E4C-4145-A190-1174B34A6519}.Debug|x86.ActiveCfg = Debug|Win32
		{24D90188-7E4C-4145-A190-1174B34A6519}.Debug|x86.Build.0 = Debug|Win32
		{24D90188-7E4C-4145-A190-1174B34A6519}.Release|Any CPU.ActiveCfg = Release|x64
		{24D90188-7E4C-4145-A190-1174B34A6519}.Release|Mixed Platforms.ActiveCfg = Release|Win32
		{24D90188-7E4C-4145-A190-1174B34A6519}.Release|Win32.ActiveCfg = Release|Win32
		{24D90188-7E4C-4145-A190-1174B34A6519}.Release|Win32.Build.0 = Release|Win32
		{24D90188-7E4C-4145-A190-1174B34A6519}.Release|x64.ActiveCfg = Release|x64
		{24D90188-7E4C-4145-A190-1174B34A6519}.Release|x86.ActiveCfg = Release|Win32
		{24D90188-7E4C-4145-A190-1174B34A6519}.Safe|Any CPU.ActiveCfg = Safe|x64
		{24D90188-7E4C-4145-A190-1174B34A6519}.Safe|Mixed Platforms.ActiveCfg = Safe|x64
		{24D90188-7E4C-4145-A190-1174B34A6519}.Safe|Mixed Platforms.Build.0 = Safe|x64
		{24D90188-7E4C-4145-A190-1174B34A6519}.Safe|Win32.ActiveCfg = Safe|Win32
		{24D90188-7E4C-4145-A190-1174B34A6519}.Safe|Win32.Build.0 = Safe|Win32
		{24D90188-7E4C-4145-A190-1174B34A6519}.Safe|x64.ActiveCfg = Safe|x64
		{24D90188-7E4C-4145-A190-1174B34A6519}.Safe|x64.Build.0 = Safe|x64
		{24D90188-7E4C-4145-A190-1174B34A6519}.Safe|x86.ActiveCfg = Safe|Win32
		{C510A0C5-6C0A-49FF-91B1-E9AD50323192}.Debug|Any CPU.ActiveCfg = Debug|Win32
		{C510A0C5-6C0A-49FF-91B1-E9AD50323192}.Debug|Any CPU.Build.0 = Debug|Win32
		{C510A0C5-6C0A-49FF-91B1-E9AD50323192}.Debug|Mixed Platforms.ActiveCfg = Debug|Win32
		{C510A0C5-6C0A-49FF-91B1-E9AD50323192}.Debug|Mixed Platforms.Build.0 = Debug|Win32
		{C510A0C5-6C0A-49FF-91B1-E9AD50323192}.Debug|Win32.ActiveCfg = Debug|Win32
		{C510A0C5-6C0A-49FF-91B1-E9AD50323192}.Debug|Win32.Build.0 = Debug|Win32
		{C510A0C5-6C0A-49FF-91B1-E9AD50323192}.Debug|x64.ActiveCfg = Debug|x64
		{C510A0C5-6C0A-49FF-91B1-E9AD50323192}.Debug|x64.Build.0 = Debug|x64
		{C510A0C5-6C0A-49FF-91B1-E9AD50323192}.Debug|x86.ActiveCfg = Debug|Win32
		{C510A0C5-6C0A-49FF-91B1-E9AD50323192}.Debug|x86.Build.0 = Debug|Win32
		{C510A0C5-6C0A-49FF-91B1-E9AD50323192}.Release|Any CPU.ActiveCfg = Release|x64
		{C510A0C5-6C0A-49FF-91B1-E9AD50323192}.Release|Any CPU.Build.0 = Release|x64
		{C510A0C5-6C0A-49FF-91B1-E9AD50323192}.Release|Mixed Platforms.ActiveCfg = Release|x64
		{C510A0C5-6C0A-49FF-91B1-E9AD50323192}.Release|Mixed Platforms.Build.0 = Release|x64
		{C510A0C5-6C0A-49FF-91B1-E9AD50323192}.Release|Win32.ActiveCfg = Release|Win32
		{C510A0C5-6C0A-49FF-91B1-E9AD50323192}.Release|Win32.Build.0 = Release|Win32
		{C510A0C5-6C0A-49FF-91B1-E9AD50323192}.Release|x64.ActiveCfg = Release|x64
		{C510A0C5-6C0A-49FF-91B1-E9AD50323192}.Release|x64.Build.0 = Release|x64
		{C510A0C5-6C0A-49FF-91B1-E9AD50323192}.Release|x86.ActiveCfg = Release|x64
		{C510A0C5-6C0A-49FF-91B1-E9AD50323192}.Safe|Any CPU.ActiveCfg = Safe|x64
		{C510A0C5-6C0A-49FF-91B1-E9AD50323192}.Safe|Any CPU.Build.0 = Safe|x64
		{C510A0C5-6C0A-49FF-91B1-E9AD50323192}.Safe|Mixed Platforms.ActiveCfg = Safe|Win32
		{C510A0C5-6C0A-49FF-91B1-E9AD50323192}.Safe|Mixed Platforms.Build.0 = Safe|Win32
		{C510A0C5-6C0A-49FF-91B1-E9AD50323192}.Safe|Win32.ActiveCfg = Safe|Win32
		{C510A0C5-6C0A-49FF-91B1-E9AD50323192}.Safe|Win32.Build.0 = Safe|Win32
		{C510A0C5-6C0A-49FF-91B1-E9AD50323192}.Safe|x64.ActiveCfg = Safe|x64
		{C510A0C5-6C0A-49FF-91B1-E9AD50323192}.Safe|x64.Build.0 = Safe|x64
		{C510A0C5-6C0A-49FF-91B1-E9AD50323192}.Safe|x86.ActiveCfg = Safe|Win32
		{C510A0C5-6C0A-49FF-91B1-E9AD50323192}.Safe|x86.Build.0 = Safe|Win32
		{EF8A6E1E-C277-494B-9B24-3DB07A5F0DBC}.Debug|Any CPU.ActiveCfg = Debug|Any CPU
		{EF8A6E1E-C277-494B-9B24-3DB07A5F0DBC}.Debug|Any CPU.Build.0 = Debug|Any CPU
		{EF8A6E1E-C277-494B-9B24-3DB07A5F0DBC}.Debug|Mixed Platforms.ActiveCfg = Debug|Any CPU
		{EF8A6E1E-C277-494B-9B24-3DB07A5F0DBC}.Debug|Mixed Platforms.Build.0 = Debug|Any CPU
		{EF8A6E1E-C277-494B-9B24-3DB07A5F0DBC}.Debug|Win32.ActiveCfg = Debug|x86
		{EF8A6E1E-C277-494B-9B24-3DB07A5F0DBC}.Debug|Win32.Build.0 = Debug|x86
		{EF8A6E1E-C277-494B-9B24-3DB07A5F0DBC}.Debug|x64.ActiveCfg = Debug|x64
		{EF8A6E1E-C277-494B-9B24-3DB07A5F0DBC}.Debug|x64.Build.0 = Debug|x64
		{EF8A6E1E-C277-494B-9B24-3DB07A5F0DBC}.Debug|x86.ActiveCfg = Debug|x86
		{EF8A6E1E-C277-494B-9B24-3DB07A5F0DBC}.Debug|x86.Build.0 = Debug|x86
		{EF8A6E1E-C277-494B-9B24-3DB07A5F0DBC}.Release|Any CPU.ActiveCfg = Release|Any CPU
		{EF8A6E1E-C277-494B-9B24-3DB07A5F0DBC}.Release|Any CPU.Build.0 = Release|Any CPU
		{EF8A6E1E-C277-494B-9B24-3DB07A5F0DBC}.Release|Mixed Platforms.ActiveCfg = Release|Any CPU
		{EF8A6E1E-C277-494B-9B24-3DB07A5F0DBC}.Release|Mixed Platforms.Build.0 = Release|Any CPU
		{EF8A6E1E-C277-494B-9B24-3DB07A5F0DBC}.Release|Win32.ActiveCfg = Release|x86
		{EF8A6E1E-C277-494B-9B24-3DB07A5F0DBC}.Release|Win32.Build.0 = Release|x86
		{EF8A6E1E-C277-494B-9B24-3DB07A5F0DBC}.Release|x64.ActiveCfg = Release|x64
		{EF8A6E1E-C277-494B-9B24-3DB07A5F0DBC}.Release|x64.Build.0 = Release|x64
		{EF8A6E1E-C277-494B-9B24-3DB07A5F0DBC}.Release|x86.ActiveCfg = Release|Any CPU
		{EF8A6E1E-C277-494B-9B24-3DB07A5F0DBC}.Safe|Any CPU.ActiveCfg = Safe|Any CPU
		{EF8A6E1E-C277-494B-9B24-3DB07A5F0DBC}.Safe|Any CPU.Build.0 = Safe|Any CPU
		{EF8A6E1E-C277-494B-9B24-3DB07A5F0DBC}.Safe|Mixed Platforms.ActiveCfg = Safe|Any CPU
		{EF8A6E1E-C277-494B-9B24-3DB07A5F0DBC}.Safe|Mixed Platforms.Build.0 = Safe|Any CPU
		{EF8A6E1E-C277-494B-9B24-3DB07A5F0DBC}.Safe|Win32.ActiveCfg = Safe|x86
		{EF8A6E1E-C277-494B-9B24-3DB07A5F0DBC}.Safe|Win32.Build.0 = Safe|x86
		{EF8A6E1E-C277-494B-9B24-3DB07A5F0DBC}.Safe|x64.ActiveCfg = Safe|x64
		{EF8A6E1E-C277-494B-9B24-3DB07A5F0DBC}.Safe|x64.Build.0 = Safe|x64
		{EF8A6E1E-C277-494B-9B24-3DB07A5F0DBC}.Safe|x86.ActiveCfg = Safe|x86
		{EF8A6E1E-C277-494B-9B24-3DB07A5F0DBC}.Safe|x86.Build.0 = Safe|x86
		{B14FC185-5395-46CD-B43B-C6AD73E05977}.Debug|Any CPU.ActiveCfg = Debug|x86
		{B14FC185-5395-46CD-B43B-C6AD73E05977}.Debug|Any CPU.Build.0 = Debug|x86
		{B14FC185-5395-46CD-B43B-C6AD73E05977}.Debug|Mixed Platforms.ActiveCfg = Debug|x86
		{B14FC185-5395-46CD-B43B-C6AD73E05977}.Debug|Mixed Platforms.Build.0 = Debug|x86
		{B14FC185-5395-46CD-B43B-C6AD73E05977}.Debug|Win32.ActiveCfg = Debug|x86
		{B14FC185-5395-46CD-B43B-C6AD73E05977}.Debug|Win32.Build.0 = Debug|x86
		{B14FC185-5395-46CD-B43B-C6AD73E05977}.Debug|x64.ActiveCfg = Debug|x64
		{B14FC185-5395-46CD-B43B-C6AD73E05977}.Debug|x86.ActiveCfg = Debug|x86
		{B14FC185-5395-46CD-B43B-C6AD73E05977}.Debug|x86.Build.0 = Debug|x86
		{B14FC185-5395-46CD-B43B-C6AD73E05977}.Release|Any CPU.ActiveCfg = Release|x64
		{B14FC185-5395-46CD-B43B-C6AD73E05977}.Release|Any CPU.Build.0 = Release|x64
		{B14FC185-5395-46CD-B43B-C6AD73E05977}.Release|Mixed Platforms.ActiveCfg = Release|x86
		{B14FC185-5395-46CD-B43B-C6AD73E05977}.Release|Mixed Platforms.Build.0 = Release|x86
		{B14FC185-5395-46CD-B43B-C6AD73E05977}.Release|Win32.ActiveCfg = Release|x86
		{B14FC185-5395-46CD-B43B-C6AD73E05977}.Release|Win32.Build.0 = Release|x86
		{B14FC185-5395-46CD-B43B-C6AD73E05977}.Release|x64.ActiveCfg = Release|x64
		{B14FC185-5395-46CD-B43B-C6AD73E05977}.Release|x86.ActiveCfg = Release|x86
		{B14FC185-5395-46CD-B43B-C6AD73E05977}.Safe|Any CPU.ActiveCfg = Safe|x64
		{B14FC185-5395-46CD-B43B-C6AD73E05977}.Safe|Any CPU.Build.0 = Safe|x64
		{B14FC185-5395-46CD-B43B-C6AD73E05977}.Safe|Mixed Platforms.ActiveCfg = Safe|x86
		{B14FC185-5395-46CD-B43B-C6AD73E05977}.Safe|Mixed Platforms.Build.0 = Safe|x86
		{B14FC185-5395-46CD-B43B-C6AD73E05977}.Safe|Win32.ActiveCfg = Safe|x86
		{B14FC185-5395-46CD-B43B-C6AD73E05977}.Safe|Win32.Build.0 = Safe|x86
		{B14FC185-5395-46CD-B43B-C6AD73E05977}.Safe|x64.ActiveCfg = Safe|x64
		{B14FC185-5395-46CD-B43B-C6AD73E05977}.Safe|x64.Build.0 = Safe|x64
		{B14FC185-5395-46CD-B43B-C6AD73E05977}.Safe|x86.ActiveCfg = Safe|x86
		{B14FC185-5395-46CD-B43B-C6AD73E05977}.Safe|x86.Build.0 = Safe|x86
		{4076A878-95D4-4FA2-B6FC-0AF79845E259}.Debug|Any CPU.ActiveCfg = Debug|Win32
		{4076A878-95D4-4FA2-B6FC-0AF79845E259}.Debug|Any CPU.Build.0 = Debug|Win32
		{4076A878-95D4-4FA2-B6FC-0AF79845E259}.Debug|Mixed Platforms.ActiveCfg = Debug|Win32
		{4076A878-95D4-4FA2-B6FC-0AF79845E259}.Debug|Mixed Platforms.Build.0 = Debug|Win32
		{4076A878-95D4-4FA2-B6FC-0AF79845E259}.Debug|Win32.ActiveCfg = Debug|Win32
		{4076A878-95D4-4FA2-B6FC-0AF79845E259}.Debug|Win32.Build.0 = Debug|Win32
		{4076A878-95D4-4FA2-B6FC-0AF79845E259}.Debug|x64.ActiveCfg = Debug|x64
		{4076A878-95D4-4FA2-B6FC-0AF79845E259}.Debug|x64.Build.0 = Debug|x64
		{4076A878-95D4-4FA2-B6FC-0AF79845E259}.Debug|x86.ActiveCfg = Debug|Win32
		{4076A878-95D4-4FA2-B6FC-0AF79845E259}.Debug|x86.Build.0 = Debug|Win32
		{4076A878-95D4-4FA2-B6FC-0AF79845E259}.Release|Any CPU.ActiveCfg = Release|Win32
		{4076A878-95D4-4FA2-B6FC-0AF79845E259}.Release|Mixed Platforms.ActiveCfg = Release|Win32
		{4076A878-95D4-4FA2-B6FC-0AF79845E259}.Release|Mixed Platforms.Build.0 = Release|Win32
		{4076A878-95D4-4FA2-B6FC-0AF79845E259}.Release|Win32.ActiveCfg = Release|Win32
		{4076A878-95D4-4FA2-B6FC-0AF79845E259}.Release|Win32.Build.0 = Release|Win32
		{4076A878-95D4-4FA2-B6FC-0AF79845E259}.Release|x64.ActiveCfg = Release|x64
		{4076A878-95D4-4FA2-B6FC-0AF79845E259}.Release|x64.Build.0 = Release|x64
		{4076A878-95D4-4FA2-B6FC-0AF79845E259}.Release|x86.ActiveCfg = Release|Win32
		{4076A878-95D4-4FA2-B6FC-0AF79845E259}.Safe|Any CPU.ActiveCfg = Release|Win32
		{4076A878-95D4-4FA2-B6FC-0AF79845E259}.Safe|Mixed Platforms.ActiveCfg = Release|Win32
		{4076A878-95D4-4FA2-B6FC-0AF79845E259}.Safe|Mixed Platforms.Build.0 = Release|Win32
		{4076A878-95D4-4FA2-B6FC-0AF79845E259}.Safe|Win32.ActiveCfg = Safe|Win32
		{4076A878-95D4-4FA2-B6FC-0AF79845E259}.Safe|Win32.Build.0 = Safe|Win32
		{4076A878-95D4-4FA2-B6FC-0AF79845E259}.Safe|x64.ActiveCfg = Safe|x64
		{4076A878-95D4-4FA2-B6FC-0AF79845E259}.Safe|x64.Build.0 = Safe|x64
		{4076A878-95D4-4FA2-B6FC-0AF79845E259}.Safe|x86.ActiveCfg = Release|Win32
		{2C54727E-22FF-4B25-917F-1AF35B5C8C89}.Debug|Any CPU.ActiveCfg = Debug|Win32
		{2C54727E-22FF-4B25-917F-1AF35B5C8C89}.Debug|Mixed Platforms.ActiveCfg = Debug|x64
		{2C54727E-22FF-4B25-917F-1AF35B5C8C89}.Debug|Mixed Platforms.Build.0 = Debug|x64
		{2C54727E-22FF-4B25-917F-1AF35B5C8C89}.Debug|Win32.ActiveCfg = Debug|Win32
		{2C54727E-22FF-4B25-917F-1AF35B5C8C89}.Debug|Win32.Build.0 = Debug|Win32
		{2C54727E-22FF-4B25-917F-1AF35B5C8C89}.Debug|x64.ActiveCfg = Debug|x64
		{2C54727E-22FF-4B25-917F-1AF35B5C8C89}.Debug|x64.Build.0 = Debug|x64
		{2C54727E-22FF-4B25-917F-1AF35B5C8C89}.Debug|x86.ActiveCfg = Debug|Win32
		{2C54727E-22FF-4B25-917F-1AF35B5C8C89}.Release|Any CPU.ActiveCfg = Release|x64
		{2C54727E-22FF-4B25-917F-1AF35B5C8C89}.Release|Mixed Platforms.ActiveCfg = Release|x64
		{2C54727E-22FF-4B25-917F-1AF35B5C8C89}.Release|Mixed Platforms.Build.0 = Release|x64
		{2C54727E-22FF-4B25-917F-1AF35B5C8C89}.Release|Win32.ActiveCfg = Release|Win32
		{2C54727E-22FF-4B25-917F-1AF35B5C8C89}.Release|Win32.Build.0 = Release|Win32
		{2C54727E-22FF-4B25-917F-1AF35B5C8C89}.Release|x64.ActiveCfg = Release|x64
		{2C54727E-22FF-4B25-917F-1AF35B5C8C89}.Release|x64.Build.0 = Release|x64
		{2C54727E-22FF-4B25-917F-1AF35B5C8C89}.Release|x86.ActiveCfg = Release|x64
		{2C54727E-22FF-4B25-917F-1AF35B5C8C89}.Safe|Any CPU.ActiveCfg = Safe|x64
		{2C54727E-22FF-4B25-917F-1AF35B5C8C89}.Safe|Mixed Platforms.ActiveCfg = Safe|x64
		{2C54727E-22FF-4B25-917F-1AF35B5C8C89}.Safe|Mixed Platforms.Build.0 = Safe|x64
		{2C54727E-22FF-4B25-917F-1AF35B5C8C89}.Safe|Win32.ActiveCfg = Safe|Win32
		{2C54727E-22FF-4B25-917F-1AF35B5C8C89}.Safe|Win32.Build.0 = Safe|Win32
		{2C54727E-22FF-4B25-917F-1AF35B5C8C89}.Safe|x64.ActiveCfg = Safe|x64
		{2C54727E-22FF-4B25-917F-1AF35B5C8C89}.Safe|x64.Build.0 = Safe|x64
		{2C54727E-22FF-4B25-917F-1AF35B5C8C89}.Safe|x86.ActiveCfg = Safe|x64
		{B5EBF797-C290-4FD0-A5CB-88AAF4319BDA}.Debug|Any CPU.ActiveCfg = Debug|Win32
		{B5EBF797-C290-4FD0-A5CB-88AAF4319BDA}.Debug|Mixed Platforms.ActiveCfg = Debug|x64
		{B5EBF797-C290-4FD0-A5CB-88AAF4319BDA}.Debug|Mixed Platforms.Build.0 = Debug|x64
		{B5EBF797-C290-4FD0-A5CB-88AAF4319BDA}.Debug|Win32.ActiveCfg = Debug|Win32
		{B5EBF797-C290-4FD0-A5CB-88AAF4319BDA}.Debug|Win32.Build.0 = Debug|Win32
		{B5EBF797-C290-4FD0-A5CB-88AAF4319BDA}.Debug|x64.ActiveCfg = Debug|x64
		{B5EBF797-C290-4FD0-A5CB-88AAF4319BDA}.Debug|x86.ActiveCfg = Debug|Win32
		{B5EBF797-C290-4FD0-A5CB-88AAF4319BDA}.Release|Any CPU.ActiveCfg = Release|x64
		{B5EBF797-C290-4FD0-A5CB-88AAF4319BDA}.Release|Mixed Platforms.ActiveCfg = Release|x64
		{B5EBF797-C290-4FD0-A5CB-88AAF4319BDA}.Release|Mixed Platforms.Build.0 = Release|x64
		{B5EBF797-C290-4FD0-A5CB-88AAF4319BDA}.Release|Win32.ActiveCfg = Release|Win32
		{B5EBF797-C290-4FD0-A5CB-88AAF4319BDA}.Release|Win32.Build.0 = Release|Win32
		{B5EBF797-C290-4FD0-A5CB-88AAF4319BDA}.Release|x64.ActiveCfg = Release|x64
		{B5EBF797-C290-4FD0-A5CB-88AAF4319BDA}.Release|x86.ActiveCfg = Release|x64
		{B5EBF797-C290-4FD0-A5CB-88AAF4319BDA}.Safe|Any CPU.ActiveCfg = Safe|x64
		{B5EBF797-C290-4FD0-A5CB-88AAF4319BDA}.Safe|Mixed Platforms.ActiveCfg = Safe|x64
		{B5EBF797-C290-4FD0-A5CB-88AAF4319BDA}.Safe|Mixed Platforms.Build.0 = Safe|x64
		{B5EBF797-C290-4FD0-A5CB-88AAF4319BDA}.Safe|Win32.ActiveCfg = Safe|Win32
		{B5EBF797-C290-4FD0-A5CB-88AAF4319BDA}.Safe|Win32.Build.0 = Safe|Win32
		{B5EBF797-C290-4FD0-A5CB-88AAF4319BDA}.Safe|x64.ActiveCfg = Safe|x64
		{B5EBF797-C290-4FD0-A5CB-88AAF4319BDA}.Safe|x64.Build.0 = Safe|x64
		{B5EBF797-C290-4FD0-A5CB-88AAF4319BDA}.Safe|x86.ActiveCfg = Safe|x64
		{FA302421-D801-4328-B6CC-AE7F34F27BE2}.Debug|Any CPU.ActiveCfg = Debug|Any CPU
		{FA302421-D801-4328-B6CC-AE7F34F27BE2}.Debug|Any CPU.Build.0 = Debug|Any CPU
		{FA302421-D801-4328-B6CC-AE7F34F27BE2}.Debug|Mixed Platforms.ActiveCfg = Debug|x64
		{FA302421-D801-4328-B6CC-AE7F34F27BE2}.Debug|Mixed Platforms.Build.0 = Debug|x64
		{FA302421-D801-4328-B6CC-AE7F34F27BE2}.Debug|Win32.ActiveCfg = Debug|x86
		{FA302421-D801-4328-B6CC-AE7F34F27BE2}.Debug|Win32.Build.0 = Debug|x86
		{FA302421-D801-4328-B6CC-AE7F34F27BE2}.Debug|x64.ActiveCfg = Debug|x64
		{FA302421-D801-4328-B6CC-AE7F34F27BE2}.Debug|x86.ActiveCfg = Debug|x86
		{FA302421-D801-4328-B6CC-AE7F34F27BE2}.Debug|x86.Build.0 = Debug|x86
		{FA302421-D801-4328-B6CC-AE7F34F27BE2}.Release|Any CPU.ActiveCfg = Release|x64
		{FA302421-D801-4328-B6CC-AE7F34F27BE2}.Release|Mixed Platforms.ActiveCfg = Release|x64
		{FA302421-D801-4328-B6CC-AE7F34F27BE2}.Release|Mixed Platforms.Build.0 = Release|x64
		{FA302421-D801-4328-B6CC-AE7F34F27BE2}.Release|Win32.ActiveCfg = Release|x64
		{FA302421-D801-4328-B6CC-AE7F34F27BE2}.Release|x64.ActiveCfg = Release|x64
		{FA302421-D801-4328-B6CC-AE7F34F27BE2}.Release|x86.ActiveCfg = Release|x64
		{FA302421-D801-4328-B6CC-AE7F34F27BE2}.Safe|Any CPU.ActiveCfg = Release|x64
		{FA302421-D801-4328-B6CC-AE7F34F27BE2}.Safe|Mixed Platforms.ActiveCfg = Release|x64
		{FA302421-D801-4328-B6CC-AE7F34F27BE2}.Safe|Mixed Platforms.Build.0 = Release|x64
		{FA302421-D801-4328-B6CC-AE7F34F27BE2}.Safe|Win32.ActiveCfg = Release|x64
		{FA302421-D801-4328-B6CC-AE7F34F27BE2}.Safe|x64.ActiveCfg = Release|x64
		{FA302421-D801-4328-B6CC-AE7F34F27BE2}.Safe|x86.ActiveCfg = Release|x64
		{F14FF25B-293B-439C-A266-B308C55E541B}.Debug|Any CPU.ActiveCfg = Debug|Any CPU
		{F14FF25B-293B-439C-A266-B308C55E541B}.Debug|Any CPU.Build.0 = Debug|Any CPU
		{F14FF25B-293B-439C-A266-B308C55E541B}.Debug|Mixed Platforms.ActiveCfg = Debug|x64
		{F14FF25B-293B-439C-A266-B308C55E541B}.Debug|Mixed Platforms.Build.0 = Debug|x64
		{F14FF25B-293B-439C-A266-B308C55E541B}.Debug|Win32.ActiveCfg = Debug|x86
		{F14FF25B-293B-439C-A266-B308C55E541B}.Debug|Win32.Build.0 = Debug|x86
		{F14FF25B-293B-439C-A266-B308C55E541B}.Debug|x64.ActiveCfg = Debug|x64
		{F14FF25B-293B-439C-A266-B308C55E541B}.Debug|x64.Build.0 = Debug|x64
		{F14FF25B-293B-439C-A266-B308C55E541B}.Debug|x86.ActiveCfg = Debug|x86
		{F14FF25B-293B-439C-A266-B308C55E541B}.Debug|x86.Build.0 = Debug|x86
		{F14FF25B-293B-439C-A266-B308C55E541B}.Release|Any CPU.ActiveCfg = Release|x64
		{F14FF25B-293B-439C-A266-B308C55E541B}.Release|Mixed Platforms.ActiveCfg = Release|x64
		{F14FF25B-293B-439C-A266-B308C55E541B}.Release|Mixed Platforms.Build.0 = Release|x64
		{F14FF25B-293B-439C-A266-B308C55E541B}.Release|Win32.ActiveCfg = Release|x64
		{F14FF25B-293B-439C-A266-B308C55E541B}.Release|x64.ActiveCfg = Release|x64
		{F14FF25B-293B-439C-A266-B308C55E541B}.Release|x64.Build.0 = Release|x64
		{F14FF25B-293B-439C-A266-B308C55E541B}.Release|x86.ActiveCfg = Release|x64
		{F14FF25B-293B-439C-A266-B308C55E541B}.Safe|Any CPU.ActiveCfg = Release|x64
		{F14FF25B-293B-439C-A266-B308C55E541B}.Safe|Mixed Platforms.ActiveCfg = Release|x64
		{F14FF25B-293B-439C-A266-B308C55E541B}.Safe|Mixed Platforms.Build.0 = Release|x64
		{F14FF25B-293B-439C-A266-B308C55E541B}.Safe|Win32.ActiveCfg = Release|x64
		{F14FF25B-293B-439C-A266-B308C55E541B}.Safe|x64.ActiveCfg = Safe|x64
		{F14FF25B-293B-439C-A266-B308C55E541B}.Safe|x64.Build.0 = Safe|x64
		{F14FF25B-293B-439C-A266-B308C55E541B}.Safe|x86.ActiveCfg = Release|x64
		{D0910DDF-1436-4F79-B9B2-FE7DE2C3EB66}.Debug|Any CPU.ActiveCfg = Debug
		{D0910DDF-1436-4F79-B9B2-FE7DE2C3EB66}.Debug|Any CPU.Build.0 = Debug
		{D0910DDF-1436-4F79-B9B2-FE7DE2C3EB66}.Debug|Mixed Platforms.ActiveCfg = Debug
		{D0910DDF-1436-4F79-B9B2-FE7DE2C3EB66}.Debug|Mixed Platforms.Build.0 = Debug
		{D0910DDF-1436-4F79-B9B2-FE7DE2C3EB66}.Debug|Win32.ActiveCfg = Debug
		{D0910DDF-1436-4F79-B9B2-FE7DE2C3EB66}.Debug|Win32.Build.0 = Debug
		{D0910DDF-1436-4F79-B9B2-FE7DE2C3EB66}.Debug|x64.ActiveCfg = Debug
		{D0910DDF-1436-4F79-B9B2-FE7DE2C3EB66}.Debug|x86.ActiveCfg = Debug
		{D0910DDF-1436-4F79-B9B2-FE7DE2C3EB66}.Debug|x86.Build.0 = Debug
		{D0910DDF-1436-4F79-B9B2-FE7DE2C3EB66}.Release|Any CPU.ActiveCfg = Release
		{D0910DDF-1436-4F79-B9B2-FE7DE2C3EB66}.Release|Any CPU.Build.0 = Release
		{D0910DDF-1436-4F79-B9B2-FE7DE2C3EB66}.Release|Mixed Platforms.ActiveCfg = Release
		{D0910DDF-1436-4F79-B9B2-FE7DE2C3EB66}.Release|Mixed Platforms.Build.0 = Release
		{D0910DDF-1436-4F79-B9B2-FE7DE2C3EB66}.Release|Win32.ActiveCfg = Release
		{D0910DDF-1436-4F79-B9B2-FE7DE2C3EB66}.Release|Win32.Build.0 = Release
		{D0910DDF-1436-4F79-B9B2-FE7DE2C3EB66}.Release|x64.ActiveCfg = Release
		{D0910DDF-1436-4F79-B9B2-FE7DE2C3EB66}.Release|x86.ActiveCfg = Release
		{D0910DDF-1436-4F79-B9B2-FE7DE2C3EB66}.Release|x86.Build.0 = Release
		{D0910DDF-1436-4F79-B9B2-FE7DE2C3EB66}.Safe|Any CPU.ActiveCfg = Release
		{D0910DDF-1436-4F79-B9B2-FE7DE2C3EB66}.Safe|Any CPU.Build.0 = Release
		{D0910DDF-1436-4F79-B9B2-FE7DE2C3EB66}.Safe|Mixed Platforms.ActiveCfg = Release
		{D0910DDF-1436-4F79-B9B2-FE7DE2C3EB66}.Safe|Mixed Platforms.Build.0 = Release
		{D0910DDF-1436-4F79-B9B2-FE7DE2C3EB66}.Safe|Win32.ActiveCfg = Release
		{D0910DDF-1436-4F79-B9B2-FE7DE2C3EB66}.Safe|Win32.Build.0 = Release
		{D0910DDF-1436-4F79-B9B2-FE7DE2C3EB66}.Safe|x64.ActiveCfg = Release
		{D0910DDF-1436-4F79-B9B2-FE7DE2C3EB66}.Safe|x86.ActiveCfg = Release
		{D0910DDF-1436-4F79-B9B2-FE7DE2C3EB66}.Safe|x86.Build.0 = Release
		{9A711860-FDE0-44C0-A362-9187073B8879}.Debug|Any CPU.ActiveCfg = Debug
		{9A711860-FDE0-44C0-A362-9187073B8879}.Debug|Any CPU.Build.0 = Debug
		{9A711860-FDE0-44C0-A362-9187073B8879}.Debug|Mixed Platforms.ActiveCfg = Debug
		{9A711860-FDE0-44C0-A362-9187073B8879}.Debug|Mixed Platforms.Build.0 = Debug
		{9A711860-FDE0-44C0-A362-9187073B8879}.Debug|Win32.ActiveCfg = Debug
		{9A711860-FDE0-44C0-A362-9187073B8879}.Debug|Win32.Build.0 = Debug
		{9A711860-FDE0-44C0-A362-9187073B8879}.Debug|x64.ActiveCfg = Debug
		{9A711860-FDE0-44C0-A362-9187073B8879}.Debug|x86.ActiveCfg = Debug
		{9A711860-FDE0-44C0-A362-9187073B8879}.Debug|x86.Build.0 = Debug
		{9A711860-FDE0-44C0-A362-9187073B8879}.Release|Any CPU.ActiveCfg = Release
		{9A711860-FDE0-44C0-A362-9187073B8879}.Release|Any CPU.Build.0 = Release
		{9A711860-FDE0-44C0-A362-9187073B8879}.Release|Mixed Platforms.ActiveCfg = Release
		{9A711860-FDE0-44C0-A362-9187073B8879}.Release|Mixed Platforms.Build.0 = Release
		{9A711860-FDE0-44C0-A362-9187073B8879}.Release|Win32.ActiveCfg = Release
		{9A711860-FDE0-44C0-A362-9187073B8879}.Release|Win32.Build.0 = Release
		{9A711860-FDE0-44C0-A362-9187073B8879}.Release|x64.ActiveCfg = Release
		{9A711860-FDE0-44C0-A362-9187073B8879}.Release|x86.ActiveCfg = Release
		{9A711860-FDE0-44C0-A362-9187073B8879}.Release|x86.Build.0 = Release
		{9A711860-FDE0-44C0-A362-9187073B8879}.Safe|Any CPU.ActiveCfg = Release
		{9A711860-FDE0-44C0-A362-9187073B8879}.Safe|Any CPU.Build.0 = Release
		{9A711860-FDE0-44C0-A362-9187073B8879}.Safe|Mixed Platforms.ActiveCfg = Release
		{9A711860-FDE0-44C0-A362-9187073B8879}.Safe|Mixed Platforms.Build.0 = Release
		{9A711860-FDE0-44C0-A362-9187073B8879}.Safe|Win32.ActiveCfg = Release
		{9A711860-FDE0-44C0-A362-9187073B8879}.Safe|Win32.Build.0 = Release
		{9A711860-FDE0-44C0-A362-9187073B8879}.Safe|x64.ActiveCfg = Release
		{9A711860-FDE0-44C0-A362-9187073B8879}.Safe|x86.ActiveCfg = Release
		{9A711860-FDE0-44C0-A362-9187073B8879}.Safe|x86.Build.0 = Release
		{B7B2A0DF-D93F-4FAF-BD19-DFCE2B8C2CD0}.Debug|Any CPU.ActiveCfg = Debug|x86
		{B7B2A0DF-D93F-4FAF-BD19-DFCE2B8C2CD0}.Debug|Mixed Platforms.ActiveCfg = Debug|x86
		{B7B2A0DF-D93F-4FAF-BD19-DFCE2B8C2CD0}.Debug|Mixed Platforms.Build.0 = Debug|x86
		{B7B2A0DF-D93F-4FAF-BD19-DFCE2B8C2CD0}.Debug|Win32.ActiveCfg = Debug|x86
		{B7B2A0DF-D93F-4FAF-BD19-DFCE2B8C2CD0}.Debug|Win32.Build.0 = Debug|x86
		{B7B2A0DF-D93F-4FAF-BD19-DFCE2B8C2CD0}.Debug|x64.ActiveCfg = Debug|x86
		{B7B2A0DF-D93F-4FAF-BD19-DFCE2B8C2CD0}.Debug|x86.ActiveCfg = Debug|x86
		{B7B2A0DF-D93F-4FAF-BD19-DFCE2B8C2CD0}.Debug|x86.Build.0 = Debug|x86
		{B7B2A0DF-D93F-4FAF-BD19-DFCE2B8C2CD0}.Release|Any CPU.ActiveCfg = Release|x86
		{B7B2A0DF-D93F-4FAF-BD19-DFCE2B8C2CD0}.Release|Mixed Platforms.ActiveCfg = Release|x86
		{B7B2A0DF-D93F-4FAF-BD19-DFCE2B8C2CD0}.Release|Mixed Platforms.Build.0 = Release|x86
		{B7B2A0DF-D93F-4FAF-BD19-DFCE2B8C2CD0}.Release|Win32.ActiveCfg = Release|x86
		{B7B2A0DF-D93F-4FAF-BD19-DFCE2B8C2CD0}.Release|x64.ActiveCfg = Release|x86
		{B7B2A0DF-D93F-4FAF-BD19-DFCE2B8C2CD0}.Release|x86.ActiveCfg = Release|x86
		{B7B2A0DF-D93F-4FAF-BD19-DFCE2B8C2CD0}.Release|x86.Build.0 = Release|x86
		{B7B2A0DF-D93F-4FAF-BD19-DFCE2B8C2CD0}.Safe|Any CPU.ActiveCfg = Release|x86
		{B7B2A0DF-D93F-4FAF-BD19-DFCE2B8C2CD0}.Safe|Mixed Platforms.ActiveCfg = Release|x86
		{B7B2A0DF-D93F-4FAF-BD19-DFCE2B8C2CD0}.Safe|Mixed Platforms.Build.0 = Release|x86
		{B7B2A0DF-D93F-4FAF-BD19-DFCE2B8C2CD0}.Safe|Win32.ActiveCfg = Release|x86
		{B7B2A0DF-D93F-4FAF-BD19-DFCE2B8C2CD0}.Safe|x64.ActiveCfg = Release|x86
		{B7B2A0DF-D93F-4FAF-BD19-DFCE2B8C2CD0}.Safe|x86.ActiveCfg = Release|x86
		{B7B2A0DF-D93F-4FAF-BD19-DFCE2B8C2CD0}.Safe|x86.Build.0 = Release|x86
		{B7C6E0F0-6799-4F2C-9122-D256C6F0B35F}.Debug|Any CPU.ActiveCfg = Debug|x64
		{B7C6E0F0-6799-4F2C-9122-D256C6F0B35F}.Debug|Mixed Platforms.ActiveCfg = Debug|x64
		{B7C6E0F0-6799-4F2C-9122-D256C6F0B35F}.Debug|Mixed Platforms.Build.0 = Debug|x64
		{B7C6E0F0-6799-4F2C-9122-D256C6F0B35F}.Debug|Win32.ActiveCfg = Debug|x86
		{B7C6E0F0-6799-4F2C-9122-D256C6F0B35F}.Debug|Win32.Build.0 = Debug|x86
		{B7C6E0F0-6799-4F2C-9122-D256C6F0B35F}.Debug|x64.ActiveCfg = Debug|x64
		{B7C6E0F0-6799-4F2C-9122-D256C6F0B35F}.Debug|x64.Build.0 = Debug|x64
		{B7C6E0F0-6799-4F2C-9122-D256C6F0B35F}.Debug|x86.ActiveCfg = Debug|x86
		{B7C6E0F0-6799-4F2C-9122-D256C6F0B35F}.Debug|x86.Build.0 = Debug|x86
		{B7C6E0F0-6799-4F2C-9122-D256C6F0B35F}.Release|Any CPU.ActiveCfg = Release|x64
		{B7C6E0F0-6799-4F2C-9122-D256C6F0B35F}.Release|Mixed Platforms.ActiveCfg = Release|x64
		{B7C6E0F0-6799-4F2C-9122-D256C6F0B35F}.Release|Mixed Platforms.Build.0 = Release|x64
		{B7C6E0F0-6799-4F2C-9122-D256C6F0B35F}.Release|Win32.ActiveCfg = Release|x64
		{B7C6E0F0-6799-4F2C-9122-D256C6F0B35F}.Release|x64.ActiveCfg = Release|x64
		{B7C6E0F0-6799-4F2C-9122-D256C6F0B35F}.Release|x64.Build.0 = Release|x64
		{B7C6E0F0-6799-4F2C-9122-D256C6F0B35F}.Release|x86.ActiveCfg = Release|x86
		{B7C6E0F0-6799-4F2C-9122-D256C6F0B35F}.Release|x86.Build.0 = Release|x86
		{B7C6E0F0-6799-4F2C-9122-D256C6F0B35F}.Safe|Any CPU.ActiveCfg = Safe|x64
		{B7C6E0F0-6799-4F2C-9122-D256C6F0B35F}.Safe|Mixed Platforms.ActiveCfg = Safe|x64
		{B7C6E0F0-6799-4F2C-9122-D256C6F0B35F}.Safe|Mixed Platforms.Build.0 = Safe|x64
		{B7C6E0F0-6799-4F2C-9122-D256C6F0B35F}.Safe|Win32.ActiveCfg = Safe|x64
		{B7C6E0F0-6799-4F2C-9122-D256C6F0B35F}.Safe|x64.ActiveCfg = Safe|x64
		{B7C6E0F0-6799-4F2C-9122-D256C6F0B35F}.Safe|x64.Build.0 = Safe|x64
		{B7C6E0F0-6799-4F2C-9122-D256C6F0B35F}.Safe|x86.ActiveCfg = Safe|x86
		{B7C6E0F0-6799-4F2C-9122-D256C6F0B35F}.Safe|x86.Build.0 = Safe|x86
		{35CE6A32-2B9F-4A92-84B1-5F2FB385C840}.Debug|Any CPU.ActiveCfg = Debug|x64
		{35CE6A32-2B9F-4A92-84B1-5F2FB385C840}.Debug|Mixed Platforms.ActiveCfg = Debug|x64
		{35CE6A32-2B9F-4A92-84B1-5F2FB385C840}.Debug|Mixed Platforms.Build.0 = Debug|x64
		{35CE6A32-2B9F-4A92-84B1-5F2FB385C840}.Debug|Win32.ActiveCfg = Debug|x86
		{35CE6A32-2B9F-4A92-84B1-5F2FB385C840}.Debug|Win32.Build.0 = Debug|x86
		{35CE6A32-2B9F-4A92-84B1-5F2FB385C840}.Debug|x64.ActiveCfg = Debug|x64
		{35CE6A32-2B9F-4A92-84B1-5F2FB385C840}.Debug|x64.Build.0 = Debug|x64
		{35CE6A32-2B9F-4A92-84B1-5F2FB385C840}.Debug|x86.ActiveCfg = Debug|x86
		{35CE6A32-2B9F-4A92-84B1-5F2FB385C840}.Debug|x86.Build.0 = Debug|x86
		{35CE6A32-2B9F-4A92-84B1-5F2FB385C840}.Release|Any CPU.ActiveCfg = Release|x64
		{35CE6A32-2B9F-4A92-84B1-5F2FB385C840}.Release|Mixed Platforms.ActiveCfg = Release|x64
		{35CE6A32-2B9F-4A92-84B1-5F2FB385C840}.Release|Mixed Platforms.Build.0 = Release|x64
		{35CE6A32-2B9F-4A92-84B1-5F2FB385C840}.Release|Win32.ActiveCfg = Release|x64
		{35CE6A32-2B9F-4A92-84B1-5F2FB385C840}.Release|x64.ActiveCfg = Release|x64
		{35CE6A32-2B9F-4A92-84B1-5F2FB385C840}.Release|x64.Build.0 = Release|x64
		{35CE6A32-2B9F-4A92-84B1-5F2FB385C840}.Release|x86.ActiveCfg = Release|x86
		{35CE6A32-2B9F-4A92-84B1-5F2FB385C840}.Release|x86.Build.0 = Release|x86
		{35CE6A32-2B9F-4A92-84B1-5F2FB385C840}.Safe|Any CPU.ActiveCfg = Release|x64
		{35CE6A32-2B9F-4A92-84B1-5F2FB385C840}.Safe|Mixed Platforms.ActiveCfg = Release|x64
		{35CE6A32-2B9F-4A92-84B1-5F2FB385C840}.Safe|Mixed Platforms.Build.0 = Release|x64
		{35CE6A32-2B9F-4A92-84B1-5F2FB385C840}.Safe|Win32.ActiveCfg = Release|x64
		{35CE6A32-2B9F-4A92-84B1-5F2FB385C840}.Safe|x64.ActiveCfg = Safe|x64
		{35CE6A32-2B9F-4A92-84B1-5F2FB385C840}.Safe|x64.Build.0 = Safe|x64
		{35CE6A32-2B9F-4A92-84B1-5F2FB385C840}.Safe|x86.ActiveCfg = Release|x64
		{1FD37682-98D6-442F-8E15-646247C690DC}.Debug|Any CPU.ActiveCfg = Debug|Any CPU
		{1FD37682-98D6-442F-8E15-646247C690DC}.Debug|Any CPU.Build.0 = Debug|Any CPU
		{1FD37682-98D6-442F-8E15-646247C690DC}.Debug|Mixed Platforms.ActiveCfg = Debug|x86
		{1FD37682-98D6-442F-8E15-646247C690DC}.Debug|Mixed Platforms.Build.0 = Debug|x86
		{1FD37682-98D6-442F-8E15-646247C690DC}.Debug|Win32.ActiveCfg = Debug|x86
		{1FD37682-98D6-442F-8E15-646247C690DC}.Debug|Win32.Build.0 = Debug|x86
		{1FD37682-98D6-442F-8E15-646247C690DC}.Debug|x64.ActiveCfg = Debug|x64
		{1FD37682-98D6-442F-8E15-646247C690DC}.Debug|x64.Build.0 = Debug|x64
		{1FD37682-98D6-442F-8E15-646247C690DC}.Debug|x86.ActiveCfg = Debug|x86
		{1FD37682-98D6-442F-8E15-646247C690DC}.Debug|x86.Build.0 = Debug|x86
		{1FD37682-98D6-442F-8E15-646247C690DC}.Release|Any CPU.ActiveCfg = Release|Any CPU
		{1FD37682-98D6-442F-8E15-646247C690DC}.Release|Any CPU.Build.0 = Release|Any CPU
		{1FD37682-98D6-442F-8E15-646247C690DC}.Release|Mixed Platforms.ActiveCfg = Release|x86
		{1FD37682-98D6-442F-8E15-646247C690DC}.Release|Mixed Platforms.Build.0 = Release|x86
		{1FD37682-98D6-442F-8E15-646247C690DC}.Release|Win32.ActiveCfg = Release|x86
		{1FD37682-98D6-442F-8E15-646247C690DC}.Release|x64.ActiveCfg = Release|x86
		{1FD37682-98D6-442F-8E15-646247C690DC}.Release|x86.ActiveCfg = Release|x86
		{1FD37682-98D6-442F-8E15-646247C690DC}.Release|x86.Build.0 = Release|x86
		{1FD37682-98D6-442F-8E15-646247C690DC}.Safe|Any CPU.ActiveCfg = Release|x86
		{1FD37682-98D6-442F-8E15-646247C690DC}.Safe|Mixed Platforms.ActiveCfg = Release|x86
		{1FD37682-98D6-442F-8E15-646247C690DC}.Safe|Mixed Platforms.Build.0 = Release|x86
		{1FD37682-98D6-442F-8E15-646247C690DC}.Safe|Win32.ActiveCfg = Release|x86
		{1FD37682-98D6-442F-8E15-646247C690DC}.Safe|x64.ActiveCfg = Release|x64
		{1FD37682-98D6-442F-8E15-646247C690DC}.Safe|x86.ActiveCfg = Release|x86
		{1FD37682-98D6-442F-8E15-646247C690DC}.Safe|x86.Build.0 = Release|x86
		{8D2C1B67-53DF-4A8A-8519-A0E72F209CF6}.Debug|Any CPU.ActiveCfg = Debug|x86
		{8D2C1B67-53DF-4A8A-8519-A0E72F209CF6}.Debug|Mixed Platforms.ActiveCfg = Debug|x86
		{8D2C1B67-53DF-4A8A-8519-A0E72F209CF6}.Debug|Mixed Platforms.Build.0 = Debug|x86
		{8D2C1B67-53DF-4A8A-8519-A0E72F209CF6}.Debug|Win32.ActiveCfg = Debug|x86
		{8D2C1B67-53DF-4A8A-8519-A0E72F209CF6}.Debug|Win32.Build.0 = Debug|x86
		{8D2C1B67-53DF-4A8A-8519-A0E72F209CF6}.Debug|x64.ActiveCfg = Debug|x64
		{8D2C1B67-53DF-4A8A-8519-A0E72F209CF6}.Debug|x64.Build.0 = Debug|x64
		{8D2C1B67-53DF-4A8A-8519-A0E72F209CF6}.Debug|x86.ActiveCfg = Debug|x86
		{8D2C1B67-53DF-4A8A-8519-A0E72F209CF6}.Debug|x86.Build.0 = Debug|x86
		{8D2C1B67-53DF-4A8A-8519-A0E72F209CF6}.Release|Any CPU.ActiveCfg = Release|x86
		{8D2C1B67-53DF-4A8A-8519-A0E72F209CF6}.Release|Mixed Platforms.ActiveCfg = Release|x86
		{8D2C1B67-53DF-4A8A-8519-A0E72F209CF6}.Release|Mixed Platforms.Build.0 = Release|x86
		{8D2C1B67-53DF-4A8A-8519-A0E72F209CF6}.Release|Win32.ActiveCfg = Release|x86
		{8D2C1B67-53DF-4A8A-8519-A0E72F209CF6}.Release|x64.ActiveCfg = Release|x86
		{8D2C1B67-53DF-4A8A-8519-A0E72F209CF6}.Release|x86.ActiveCfg = Release|x86
		{8D2C1B67-53DF-4A8A-8519-A0E72F209CF6}.Release|x86.Build.0 = Release|x86
		{8D2C1B67-53DF-4A8A-8519-A0E72F209CF6}.Safe|Any CPU.ActiveCfg = Release|x86
		{8D2C1B67-53DF-4A8A-8519-A0E72F209CF6}.Safe|Mixed Platforms.ActiveCfg = Release|x86
		{8D2C1B67-53DF-4A8A-8519-A0E72F209CF6}.Safe|Mixed Platforms.Build.0 = Release|x86
		{8D2C1B67-53DF-4A8A-8519-A0E72F209CF6}.Safe|Win32.ActiveCfg = Release|x86
		{8D2C1B67-53DF-4A8A-8519-A0E72F209CF6}.Safe|x64.ActiveCfg = Safe|x64
		{8D2C1B67-53DF-4A8A-8519-A0E72F209CF6}.Safe|x86.ActiveCfg = Release|x86
		{8D2C1B67-53DF-4A8A-8519-A0E72F209CF6}.Safe|x86.Build.0 = Release|x86
		{4DB481AF-24C3-4B78-8C4A-10398C293185}.Debug|Any CPU.ActiveCfg = Debug|x64
		{4DB481AF-24C3-4B78-8C4A-10398C293185}.Debug|Mixed Platforms.ActiveCfg = Debug|x64
		{4DB481AF-24C3-4B78-8C4A-10398C293185}.Debug|Mixed Platforms.Build.0 = Debug|x64
		{4DB481AF-24C3-4B78-8C4A-10398C293185}.Debug|Win32.ActiveCfg = Debug|x64
		{4DB481AF-24C3-4B78-8C4A-10398C293185}.Debug|x64.ActiveCfg = Debug|x64
		{4DB481AF-24C3-4B78-8C4A-10398C293185}.Debug|x86.ActiveCfg = Debug|x86
		{4DB481AF-24C3-4B78-8C4A-10398C293185}.Debug|x86.Build.0 = Debug|x86
		{4DB481AF-24C3-4B78-8C4A-10398C293185}.Release|Any CPU.ActiveCfg = Release|x64
		{4DB481AF-24C3-4B78-8C4A-10398C293185}.Release|Mixed Platforms.ActiveCfg = Release|x64
		{4DB481AF-24C3-4B78-8C4A-10398C293185}.Release|Mixed Platforms.Build.0 = Release|x64
		{4DB481AF-24C3-4B78-8C4A-10398C293185}.Release|Win32.ActiveCfg = Release|x64
		{4DB481AF-24C3-4B78-8C4A-10398C293185}.Release|x64.ActiveCfg = Release|x64
		{4DB481AF-24C3-4B78-8C4A-10398C293185}.Release|x86.ActiveCfg = Release|x86
		{4DB481AF-24C3-4B78-8C4A-10398C293185}.Release|x86.Build.0 = Release|x86
		{4DB481AF-24C3-4B78-8C4A-10398C293185}.Safe|Any CPU.ActiveCfg = Release|x64
		{4DB481AF-24C3-4B78-8C4A-10398C293185}.Safe|Mixed Platforms.ActiveCfg = Release|x64
		{4DB481AF-24C3-4B78-8C4A-10398C293185}.Safe|Mixed Platforms.Build.0 = Release|x64
		{4DB481AF-24C3-4B78-8C4A-10398C293185}.Safe|Win32.ActiveCfg = Release|x64
		{4DB481AF-24C3-4B78-8C4A-10398C293185}.Safe|x64.ActiveCfg = Release|x64
		{4DB481AF-24C3-4B78-8C4A-10398C293185}.Safe|x86.ActiveCfg = Release|x64
		{21180F24-3A11-DD1B-BE31-72E056E4E6A3}.Debug|Any CPU.ActiveCfg = Debug|x64
		{21180F24-3A11-DD1B-BE31-72E056E4E6A3}.Debug|Mixed Platforms.ActiveCfg = Debug|x64
		{21180F24-3A11-DD1B-BE31-72E056E4E6A3}.Debug|Mixed Platforms.Build.0 = Debug|x64
		{21180F24-3A11-DD1B-BE31-72E056E4E6A3}.Debug|Win32.ActiveCfg = Debug|Win32
		{21180F24-3A11-DD1B-BE31-72E056E4E6A3}.Debug|Win32.Build.0 = Debug|Win32
		{21180F24-3A11-DD1B-BE31-72E056E4E6A3}.Debug|x64.ActiveCfg = Debug|x64
		{21180F24-3A11-DD1B-BE31-72E056E4E6A3}.Debug|x64.Build.0 = Debug|x64
		{21180F24-3A11-DD1B-BE31-72E056E4E6A3}.Debug|x86.ActiveCfg = Debug|x64
		{21180F24-3A11-DD1B-BE31-72E056E4E6A3}.Release|Any CPU.ActiveCfg = Release|x64
		{21180F24-3A11-DD1B-BE31-72E056E4E6A3}.Release|Mixed Platforms.ActiveCfg = Release|x64
		{21180F24-3A11-DD1B-BE31-72E056E4E6A3}.Release|Mixed Platforms.Build.0 = Release|x64
		{21180F24-3A11-DD1B-BE31-72E056E4E6A3}.Release|Win32.ActiveCfg = Release|Win32
		{21180F24-3A11-DD1B-BE31-72E056E4E6A3}.Release|Win32.Build.0 = Release|Win32
		{21180F24-3A11-DD1B-BE31-72E056E4E6A3}.Release|x64.ActiveCfg = Release|x64
		{21180F24-3A11-DD1B-BE31-72E056E4E6A3}.Release|x64.Build.0 = Release|x64
		{21180F24-3A11-DD1B-BE31-72E056E4E6A3}.Release|x86.ActiveCfg = Release|x64
		{21180F24-3A11-DD1B-BE31-72E056E4E6A3}.Safe|Any CPU.ActiveCfg = Safe|x64
		{21180F24-3A11-DD1B-BE31-72E056E4E6A3}.Safe|Mixed Platforms.ActiveCfg = Safe|x64
		{21180F24-3A11-DD1B-BE31-72E056E4E6A3}.Safe|Mixed Platforms.Build.0 = Safe|x64
		{21180F24-3A11-DD1B-BE31-72E056E4E6A3}.Safe|Win32.ActiveCfg = Safe|Win32
		{21180F24-3A11-DD1B-BE31-72E056E4E6A3}.Safe|Win32.Build.0 = Safe|Win32
		{21180F24-3A11-DD1B-BE31-72E056E4E6A3}.Safe|x64.ActiveCfg = Safe|x64
		{21180F24-3A11-DD1B-BE31-72E056E4E6A3}.Safe|x64.Build.0 = Safe|x64
		{21180F24-3A11-DD1B-BE31-72E056E4E6A3}.Safe|x86.ActiveCfg = Safe|x64
		{E299B0DD-56A1-4CA8-95D0-546BFFA6AB88}.Debug|Any CPU.ActiveCfg = Debug|Win32
		{E299B0DD-56A1-4CA8-95D0-546BFFA6AB88}.Debug|Mixed Platforms.ActiveCfg = Debug|Win32
		{E299B0DD-56A1-4CA8-95D0-546BFFA6AB88}.Debug|Mixed Platforms.Build.0 = Debug|Win32
		{E299B0DD-56A1-4CA8-95D0-546BFFA6AB88}.Debug|Win32.ActiveCfg = Debug|Win32
		{E299B0DD-56A1-4CA8-95D0-546BFFA6AB88}.Debug|x64.ActiveCfg = Debug|x64
		{E299B0DD-56A1-4CA8-95D0-546BFFA6AB88}.Debug|x64.Build.0 = Debug|x64
		{E299B0DD-56A1-4CA8-95D0-546BFFA6AB88}.Debug|x86.ActiveCfg = Debug|Win32
		{E299B0DD-56A1-4CA8-95D0-546BFFA6AB88}.Release|Any CPU.ActiveCfg = Release|Win32
		{E299B0DD-56A1-4CA8-95D0-546BFFA6AB88}.Release|Mixed Platforms.ActiveCfg = Release|Win32
		{E299B0DD-56A1-4CA8-95D0-546BFFA6AB88}.Release|Mixed Platforms.Build.0 = Release|Win32
		{E299B0DD-56A1-4CA8-95D0-546BFFA6AB88}.Release|Win32.ActiveCfg = Release|Win32
		{E299B0DD-56A1-4CA8-95D0-546BFFA6AB88}.Release|x64.ActiveCfg = Release|Win32
		{E299B0DD-56A1-4CA8-95D0-546BFFA6AB88}.Release|x86.ActiveCfg = Release|Win32
		{E299B0DD-56A1-4CA8-95D0-546BFFA6AB88}.Safe|Any CPU.ActiveCfg = Release|Win32
		{E299B0DD-56A1-4CA8-95D0-546BFFA6AB88}.Safe|Mixed Platforms.ActiveCfg = Release|Win32
		{E299B0DD-56A1-4CA8-95D0-546BFFA6AB88}.Safe|Mixed Platforms.Build.0 = Release|Win32
		{E299B0DD-56A1-4CA8-95D0-546BFFA6AB88}.Safe|Win32.ActiveCfg = Release|Win32
		{E299B0DD-56A1-4CA8-95D0-546BFFA6AB88}.Safe|x64.ActiveCfg = Release|x64
		{E299B0DD-56A1-4CA8-95D0-546BFFA6AB88}.Safe|x86.ActiveCfg = Release|Win32
		{50AB3EAF-3F71-4D1A-B76A-1C22FEF3AFA4}.Debug|Any CPU.ActiveCfg = Debug|x64
		{50AB3EAF-3F71-4D1A-B76A-1C22FEF3AFA4}.Debug|Mixed Platforms.ActiveCfg = Debug|x64
		{50AB3EAF-3F71-4D1A-B76A-1C22FEF3AFA4}.Debug|Mixed Platforms.Build.0 = Debug|x64
		{50AB3EAF-3F71-4D1A-B76A-1C22FEF3AFA4}.Debug|Win32.ActiveCfg = Debug|x64
		{50AB3EAF-3F71-4D1A-B76A-1C22FEF3AFA4}.Debug|x64.ActiveCfg = Debug|x64
		{50AB3EAF-3F71-4D1A-B76A-1C22FEF3AFA4}.Debug|x64.Build.0 = Debug|x64
		{50AB3EAF-3F71-4D1A-B76A-1C22FEF3AFA4}.Debug|x86.ActiveCfg = Debug|x86
		{50AB3EAF-3F71-4D1A-B76A-1C22FEF3AFA4}.Debug|x86.Build.0 = Debug|x86
		{50AB3EAF-3F71-4D1A-B76A-1C22FEF3AFA4}.Release|Any CPU.ActiveCfg = Release|x64
		{50AB3EAF-3F71-4D1A-B76A-1C22FEF3AFA4}.Release|Mixed Platforms.ActiveCfg = Release|x64
		{50AB3EAF-3F71-4D1A-B76A-1C22FEF3AFA4}.Release|Mixed Platforms.Build.0 = Release|x64
		{50AB3EAF-3F71-4D1A-B76A-1C22FEF3AFA4}.Release|Win32.ActiveCfg = Release|x64
		{50AB3EAF-3F71-4D1A-B76A-1C22FEF3AFA4}.Release|x64.ActiveCfg = Release|x64
		{50AB3EAF-3F71-4D1A-B76A-1C22FEF3AFA4}.Release|x64.Build.0 = Release|x64
		{50AB3EAF-3F71-4D1A-B76A-1C22FEF3AFA4}.Release|x86.ActiveCfg = Release|x86
		{50AB3EAF-3F71-4D1A-B76A-1C22FEF3AFA4}.Release|x86.Build.0 = Release|x86
		{50AB3EAF-3F71-4D1A-B76A-1C22FEF3AFA4}.Safe|Any CPU.ActiveCfg = Safe|x64
		{50AB3EAF-3F71-4D1A-B76A-1C22FEF3AFA4}.Safe|Mixed Platforms.ActiveCfg = Safe|x64
		{50AB3EAF-3F71-4D1A-B76A-1C22FEF3AFA4}.Safe|Mixed Platforms.Build.0 = Safe|x64
		{50AB3EAF-3F71-4D1A-B76A-1C22FEF3AFA4}.Safe|Win32.ActiveCfg = Safe|x64
		{50AB3EAF-3F71-4D1A-B76A-1C22FEF3AFA4}.Safe|x64.ActiveCfg = Safe|x64
		{50AB3EAF-3F71-4D1A-B76A-1C22FEF3AFA4}.Safe|x64.Build.0 = Safe|x64
		{50AB3EAF-3F71-4D1A-B76A-1C22FEF3AFA4}.Safe|x86.ActiveCfg = Safe|x86
		{50AB3EAF-3F71-4D1A-B76A-1C22FEF3AFA4}.Safe|x86.Build.0 = Safe|x86
	EndGlobalSection
	GlobalSection(SolutionProperties) = preSolution
		HideSolutionNode = FALSE
	EndGlobalSection
	GlobalSection(NestedProjects) = preSolution
		{617C0941-16A3-4F4C-A444-66C3BB603FD9} = {89A281B8-52D7-4413-8713-704BBB181F41}
		{3B2EE692-71F7-4934-B455-470CB64465C8} = {89A281B8-52D7-4413-8713-704BBB181F41}
		{21180F24-3A11-471B-BE31-72E056E4E6A3} = {89A281B8-52D7-4413-8713-704BBB181F41}
		{9E506CB8-2C13-4861-A188-E54693FD0DD8} = {89A281B8-52D7-4413-8713-704BBB181F41}
		{4076A878-95D4-4FA2-B6FC-0AF79845E259} = {89A281B8-52D7-4413-8713-704BBB181F41}
		{21180F24-3A11-DD1B-BE31-72E056E4E6A3} = {89A281B8-52D7-4413-8713-704BBB181F41}
		{A1D30D6B-110B-4B91-ABD8-8B5E730A4BEE} = {7EE84227-08C0-4E05-957D-582FA9B2A385}
		{24D90188-7E4C-4145-A190-1174B34A6519} = {7EE84227-08C0-4E05-957D-582FA9B2A385}
		{2C54727E-22FF-4B25-917F-1AF35B5C8C89} = {7EE84227-08C0-4E05-957D-582FA9B2A385}
		{B5EBF797-C290-4FD0-A5CB-88AAF4319BDA} = {7EE84227-08C0-4E05-957D-582FA9B2A385}
		{E299B0DD-56A1-4CA8-95D0-546BFFA6AB88} = {7EE84227-08C0-4E05-957D-582FA9B2A385}
		{C510A0C5-6C0A-49FF-91B1-E9AD50323192} = {2322D5FC-75A8-402C-B8E5-D538F939C43F}
		{EF8A6E1E-C277-494B-9B24-3DB07A5F0DBC} = {2322D5FC-75A8-402C-B8E5-D538F939C43F}
		{B14FC185-5395-46CD-B43B-C6AD73E05977} = {1BE24832-F8EF-4E3B-9CCB-A51C54B22439}
		{F14FF25B-293B-439C-A266-B308C55E541B} = {1BE24832-F8EF-4E3B-9CCB-A51C54B22439}
		{B7C6E0F0-6799-4F2C-9122-D256C6F0B35F} = {1BE24832-F8EF-4E3B-9CCB-A51C54B22439}
		{35CE6A32-2B9F-4A92-84B1-5F2FB385C840} = {1BE24832-F8EF-4E3B-9CCB-A51C54B22439}
		{1FD37682-98D6-442F-8E15-646247C690DC} = {1BE24832-F8EF-4E3B-9CCB-A51C54B22439}
		{8D2C1B67-53DF-4A8A-8519-A0E72F209CF6} = {1BE24832-F8EF-4E3B-9CCB-A51C54B22439}
		{4DB481AF-24C3-4B78-8C4A-10398C293185} = {1BE24832-F8EF-4E3B-9CCB-A51C54B22439}
		{50AB3EAF-3F71-4D1A-B76A-1C22FEF3AFA4} = {1BE24832-F8EF-4E3B-9CCB-A51C54B22439}
		{D0910DDF-1436-4F79-B9B2-FE7DE2C3EB66} = {D860F662-ECEF-4311-8246-9FA82B0DAE16}
		{FA302421-D801-4328-B6CC-AE7F34F27BE2} = {D860F662-ECEF-4311-8246-9FA82B0DAE16}
		{9A711860-FDE0-44C0-A362-9187073B8879} = {D860F662-ECEF-4311-8246-9FA82B0DAE16}
		{B7B2A0DF-D93F-4FAF-BD19-DFCE2B8C2CD0} = {D860F662-ECEF-4311-8246-9FA82B0DAE16}
	EndGlobalSection
EndGlobal
