
Microsoft Visual Studio Solution File, Format Version 12.00
# Visual Studio 2012
Project("{2150E333-8FDC-42A3-9474-1A3956D46DE8}") = "Vixen Libraries", "Vixen Libraries", "{89A281B8-52D7-4413-8713-704BBB181F41}"
EndProject
Project("{2150E333-8FDC-42A3-9474-1A3956D46DE8}") = "Vixen C++ Apps", "Vixen C++ Apps", "{7EE84227-08C0-4E05-957D-582FA9B2A385}"
EndProject
Project("{2150E333-8FDC-42A3-9474-1A3956D46DE8}") = "Vixen Tools", "Vixen Tools", "{4668056B-50E9-45D3-9145-28E4CF4F9A10}"
EndProject
Project("{8BC9CEB8-8B4A-11D0-8D11-00A0C91BC942}") = "MFCViewDX9", "apps\MFCViewer\vs2012\MFCViewDX9.vcxproj", "{A1D30D6B-110B-4B91-ABD8-8B5E730A4BEE}"
	ProjectSection(ProjectDependencies) = postProject
		{21180F24-3A11-471B-BE31-72E056E4E6A3} = {21180F24-3A11-471B-BE31-72E056E4E6A3}
		{617C0941-16A3-4F4C-A444-66C3BB603FD9} = {617C0941-16A3-4F4C-A444-66C3BB603FD9}
		{3B2EE692-71F7-4934-B455-470CB64465C8} = {3B2EE692-71F7-4934-B455-470CB64465C8}
		{9E506CB8-2C13-4861-A188-E54693FD0DD8} = {9E506CB8-2C13-4861-A188-E54693FD0DD8}
	EndProjectSection
EndProject
Project("{8BC9CEB8-8B4A-11D0-8D11-00A0C91BC942}") = "vixenmfc", "projects\vs2012\vixenmfc.vcxproj", "{3B2EE692-71F7-4934-B455-470CB64465C8}"
EndProject
Project("{8BC9CEB8-8B4A-11D0-8D11-00A0C91BC942}") = "vixengl", "projects\vs2012\vixenglw.vcxproj", "{9E9FCCF1-07C9-4B9F-96B2-3D44E07BDA9B}"
EndProject
Project("{8BC9CEB8-8B4A-11D0-8D11-00A0C91BC942}") = "vixenw", "projects\vs2012\vixenwin.vcxproj", "{6CDD284A-9141-4028-ACD8-6F37964DB0C5}"
EndProject
Project("{8BC9CEB8-8B4A-11D0-8D11-00A0C91BC942}") = "vxmediacv", "projects\vs2012\vxmediacv.vcxproj", "{21180F24-3A11-471B-BE31-72E056E4E6A3}"
EndProject
Project("{8BC9CEB8-8B4A-11D0-8D11-00A0C91BC942}") = "bodyanim", "projects\vs2012\bodyanim.vcxproj", "{9E506CB8-2C13-4861-A188-E54693FD0DD8}"
EndProject
Project("{2150E333-8FDC-42A3-9474-1A3956D46DE8}") = "SWIG", "SWIG", "{2322D5FC-75A8-402C-B8E5-D538F939C43F}"
EndProject
Project("{2150E333-8FDC-42A3-9474-1A3956D46DE8}") = "Vixen CSharp Apps", "Vixen CSharp Apps", "{1BE24832-F8EF-4E3B-9CCB-A51C54B22439}"
EndProject
Project("{FAE04EC0-301F-11D3-BF4B-00C04F79EFBC}") = "GeoTestCS", "apps\GeoTestCS\GeoTestCS.csproj", "{B14FC185-5395-46CD-B43B-C6AD73E05977}"
	ProjectSection(ProjectDependencies) = postProject
		{EF8A6E1E-C277-2012-9B24-3DB07A5F0DBC} = {EF8A6E1E-C277-2012-9B24-3DB07A5F0DBC}
		{C510A0C5-6C0A-49FF-2012-E9AD50323192} = {C510A0C5-6C0A-49FF-2012-E9AD50323192}
	EndProjectSection
EndProject
Project("{8BC9CEB8-8B4A-11D0-8D11-00A0C91BC942}") = "vixenbky", "projects\vs2012\vixenbky.vcxproj", "{819A2C4C-496C-4B63-80D1-DEF74819ABFB}"
EndProject
Project("{8BC9CEB8-8B4A-11D0-8D11-00A0C91BC942}") = "CopyLibs", "projects\vs2012\CopyLibs.vcxproj", "{A8F52739-869C-4A44-9722-3D760F68CF5E}"
	ProjectSection(ProjectDependencies) = postProject
		{21180F24-3A11-471B-BE31-72E056E4E6A3} = {21180F24-3A11-471B-BE31-72E056E4E6A3}
		{617C0941-16A3-4F4C-A444-66C3BB603FD9} = {617C0941-16A3-4F4C-A444-66C3BB603FD9}
		{819A2C4C-496C-4B63-80D1-DEF74819ABFB} = {819A2C4C-496C-4B63-80D1-DEF74819ABFB}
		{3B2EE692-71F7-4934-B455-470CB64465C8} = {3B2EE692-71F7-4934-B455-470CB64465C8}
		{9E506CB8-2C13-4861-A188-E54693FD0DD8} = {9E506CB8-2C13-4861-A188-E54693FD0DD8}
		{9E9FCCF1-07C9-4B9F-96B2-3D44E07BDA9B} = {9E9FCCF1-07C9-4B9F-96B2-3D44E07BDA9B}
	EndProjectSection
EndProject
Project("{8BC9CEB8-8B4A-11D0-8D11-00A0C91BC942}") = "CopyApps", "projects\vs2012\CopyApps.vcxproj", "{2296C185-A53E-4196-9719-07D176378CB0}"
	ProjectSection(ProjectDependencies) = postProject
		{A8F52739-869C-4A44-9722-3D760F68CF5E} = {A8F52739-869C-4A44-9722-3D760F68CF5E}
		{A1D30D6B-110B-4B91-ABD8-8B5E730A4BEE} = {A1D30D6B-110B-4B91-ABD8-8B5E730A4BEE}
		{B14FC185-5395-46CD-B43B-C6AD73E05977} = {B14FC185-5395-46CD-B43B-C6AD73E05977}
		{24D90188-7E4C-4145-A190-1174B34A6519} = {24D90188-7E4C-4145-A190-1174B34A6519}
	EndProjectSection
EndProject
Project("{8BC9CEB8-8B4A-11D0-8D11-00A0C91BC942}") = "vxhavok", "projects\vs2012\vxhavok.vcxproj", "{4076A878-95D4-4FA2-B6FC-0AF79845E259}"
EndProject
Project("{2150E333-8FDC-42A3-9474-1A3956D46DE8}") = "ActiveX", "ActiveX", "{8E919270-A7E3-48FB-B0AE-5EE80B588366}"
EndProject
Project("{FAE04EC0-301F-11D3-BF4B-00C04F79EFBC}") = "AvatarAX", "apps\MagicMirror\ActiveX\AvatarAX.csproj", "{FA302421-D801-4328-B6CC-AE7F34F27BE2}"
	ProjectSection(ProjectDependencies) = postProject
		{EF8A6E1E-C277-2012-9B24-3DB07A5F0DBC} = {EF8A6E1E-C277-2012-9B24-3DB07A5F0DBC}
		{F14FF25B-293B-439C-A266-B308C55E541B} = {F14FF25B-293B-439C-A266-B308C55E541B}
		{C510A0C5-6C0A-49FF-2012-E9AD50323192} = {C510A0C5-6C0A-49FF-2012-E9AD50323192}
	EndProjectSection
EndProject
Project("{FAE04EC0-301F-11D3-BF4B-00C04F79EFBC}") = "AvatarTest", "apps\MagicMirror\ActiveX\AvatarTest\AvatarTest.csproj", "{B7B2A0DF-D93F-4FAF-BD19-DFCE2B8C2CD0}"
EndProject
Project("{FAE04EC0-301F-11D3-BF4B-00C04F79EFBC}") = "WPFViewer", "apps\WPFViewer\WPFViewer.csproj", "{8D2C1B67-53DF-4A8A-8519-A0E72F209CF6}"
	ProjectSection(ProjectDependencies) = postProject
		{72E591D6-8F83-4D8C-8F67-9C325E623234} = {72E591D6-8F83-4D8C-8F67-9C325E623234}
	EndProjectSection
EndProject
Project("{FAE04EC0-301F-11D3-BF4B-00C04F79EFBC}") = "ObjIO", "apps\ObjIO\ObjIO.csproj", "{1FD37682-98D6-442F-8E15-646247C690DC}"
	ProjectSection(ProjectDependencies) = postProject
		{EF8A6E1E-C277-2012-9B24-3DB07A5F0DBC} = {EF8A6E1E-C277-2012-9B24-3DB07A5F0DBC}
	EndProjectSection
EndProject
Project("{FAE04EC0-301F-11D3-BF4B-00C04F79EFBC}") = "WPFToolkit.Extended", "..\..\SDK\WPFToolkit\Src\WPFToolkit.Extended\WPFToolkit.Extended.csproj", "{72E591D6-8F83-4D8C-8F67-9C325E623234}"
EndProject
Project("{8BC9CEB8-8B4A-11D0-8D11-00A0C91BC942}") = "vixendx9", "projects\vs2012\vixendx9.vcxproj", "{617C0941-16A3-4F4C-A444-66C3BB603FD9}"
EndProject
Project("{FAE04EC0-301F-11D3-BF4B-00C04F79EFBC}") = "MagicMirror_vs2012", "apps\MagicMirror\MagicMirror_vs2012.csproj", "{F14FF25B-293B-439C-A266-B308C55E541B}"
	ProjectSection(ProjectDependencies) = postProject
		{EF8A6E1E-C277-2012-9B24-3DB07A5F0DBC} = {EF8A6E1E-C277-2012-9B24-3DB07A5F0DBC}
		{C510A0C5-6C0A-49FF-2012-E9AD50323192} = {C510A0C5-6C0A-49FF-2012-E9AD50323192}
	EndProjectSection
EndProject
Project("{FAE04EC0-301F-11D3-BF4B-00C04F79EFBC}") = "MagicMirrorKiosk_vs2012", "apps\MagicMirror\KioskWPF\MagicMirrorKiosk_vs2012.csproj", "{B7C6E0F0-6799-4F2C-9122-D256C6F0B35F}"
EndProject
Project("{FAE04EC0-301F-11D3-BF4B-00C04F79EFBC}") = "MagicMirrorViewer_vs2012", "apps\MagicMirror\AvatarWPF\MagicMirrorViewer_vs2012.csproj", "{35CE6A32-2B9F-4A92-84B1-5F2FB385C840}"
	ProjectSection(ProjectDependencies) = postProject
		{EF8A6E1E-C277-2012-9B24-3DB07A5F0DBC} = {EF8A6E1E-C277-2012-9B24-3DB07A5F0DBC}
		{F14FF25B-293B-439C-A266-B308C55E541B} = {F14FF25B-293B-439C-A266-B308C55E541B}
	EndProjectSection
EndProject
Project("{8BC9CEB8-8B4A-11D0-8D11-00A0C91BC942}") = "vixExport", "tools\mayaexp\vs2012\vixenexp.vcxproj", "{FE292BA4-8025-4F1B-89A8-C369ACC52286}"
	ProjectSection(ProjectDependencies) = postProject
		{6CDD284A-9141-4028-ACD8-6F37964DB0C5} = {6CDD284A-9141-4028-ACD8-6F37964DB0C5}
	EndProjectSection
EndProject
Project("{8BC9CEB8-8B4A-11D0-8D11-00A0C91BC942}") = "PhysicsTest", "apps\PhysicsTest\vs2012\PhysicsTest.vcxproj", "{2C54727E-22FF-4B25-917F-1AF35B5C8C89}"
	ProjectSection(ProjectDependencies) = postProject
		{21180F24-3A11-471B-BE31-72E056E4E6A3} = {21180F24-3A11-471B-BE31-72E056E4E6A3}
		{4076A878-95D4-4FA2-B6FC-0AF79845E259} = {4076A878-95D4-4FA2-B6FC-0AF79845E259}
		{9E506CB8-2C13-4861-A188-E54693FD0DD8} = {9E506CB8-2C13-4861-A188-E54693FD0DD8}
	EndProjectSection
EndProject
Project("{8BC9CEB8-8B4A-11D0-8D11-00A0C91BC942}") = "bodytrackDX", "apps\BodyTrack\vs2012\bodytrackDX.vcxproj", "{24D90188-7E4C-4145-A190-1174B34A6519}"
	ProjectSection(ProjectDependencies) = postProject
		{21180F24-3A11-471B-BE31-72E056E4E6A3} = {21180F24-3A11-471B-BE31-72E056E4E6A3}
		{617C0941-16A3-4F4C-A444-66C3BB603FD9} = {617C0941-16A3-4F4C-A444-66C3BB603FD9}
		{4076A878-95D4-4FA2-B6FC-0AF79845E259} = {4076A878-95D4-4FA2-B6FC-0AF79845E259}
		{3B2EE692-71F7-4934-B455-470CB64465C8} = {3B2EE692-71F7-4934-B455-470CB64465C8}
		{9E506CB8-2C13-4861-A188-E54693FD0DD8} = {9E506CB8-2C13-4861-A188-E54693FD0DD8}
	EndProjectSection
EndProject
Project("{FAE04EC0-301F-11D3-BF4B-00C04F79EFBC}") = "VixenCS2012", "projects\swig\VixenCS\VixenCS2012.csproj", "{EF8A6E1E-C277-2012-9B24-3DB07A5F0DBC}"
	ProjectSection(ProjectDependencies) = postProject
		{C510A0C5-6C0A-49FF-2012-E9AD50323192} = {C510A0C5-6C0A-49FF-2012-E9AD50323192}
	EndProjectSection
EndProject
Project("{8BC9CEB8-8B4A-11D0-8D11-00A0C91BC942}") = "PhysicsTestBKY", "apps\PhysicsTest\vs2012\PhysicsTestBKY.vcxproj", "{2D54727E-22FF-4B25-917F-1AF35B5C8C87}"
	ProjectSection(ProjectDependencies) = postProject
		{21180F24-3A11-471B-BE31-72E056E4E6A3} = {21180F24-3A11-471B-BE31-72E056E4E6A3}
		{819A2C4C-496C-4B63-80D1-DEF74819ABFB} = {819A2C4C-496C-4B63-80D1-DEF74819ABFB}
		{4076A878-95D4-4FA2-B6FC-0AF79845E259} = {4076A878-95D4-4FA2-B6FC-0AF79845E259}
		{9E506CB8-2C13-4861-A188-E54693FD0DD8} = {9E506CB8-2C13-4861-A188-E54693FD0DD8}
	EndProjectSection
EndProject
Project("{8BC9CEB8-8B4A-11D0-8D11-00A0C91BC942}") = "MFCViewBKY", "apps\MFCViewer\vs2012\MFCViewBKY.vcxproj", "{A1D30D6B-123B-4B91-ABD8-8B5E730A4BEE}"
	ProjectSection(ProjectDependencies) = postProject
		{21180F24-3A11-471B-BE31-72E056E4E6A3} = {21180F24-3A11-471B-BE31-72E056E4E6A3}
		{819A2C4C-496C-4B63-80D1-DEF74819ABFB} = {819A2C4C-496C-4B63-80D1-DEF74819ABFB}
		{3B2EE692-71F7-4934-B455-470CB64465C8} = {3B2EE692-71F7-4934-B455-470CB64465C8}
		{9E506CB8-2C13-4861-A188-E54693FD0DD8} = {9E506CB8-2C13-4861-A188-E54693FD0DD8}
	EndProjectSection
EndProject
Project("{8BC9CEB8-8B4A-11D0-8D11-00A0C91BC942}") = "MFCViewGL", "apps\MFCViewer\vs2012\MFCViewGL.vcxproj", "{2E222BF6-3E9D-443F-8497-27EDBE1892FC}"
	ProjectSection(ProjectDependencies) = postProject
		{21180F24-3A11-471B-BE31-72E056E4E6A3} = {21180F24-3A11-471B-BE31-72E056E4E6A3}
		{3B2EE692-71F7-4934-B455-470CB64465C8} = {3B2EE692-71F7-4934-B455-470CB64465C8}
		{9E506CB8-2C13-4861-A188-E54693FD0DD8} = {9E506CB8-2C13-4861-A188-E54693FD0DD8}
		{9E9FCCF1-07C9-4B9F-96B2-3D44E07BDA9B} = {9E9FCCF1-07C9-4B9F-96B2-3D44E07BDA9B}
	EndProjectSection
EndProject
Project("{8BC9CEB8-8B4A-11D0-8D11-00A0C91BC942}") = "bodytrackBKY", "apps\BodyTrack\vs2012\bodytrackBKY.vcxproj", "{24D901A8-7E4C-4148-A190-1174B34A6519}"
	ProjectSection(ProjectDependencies) = postProject
		{21180F24-3A11-471B-BE31-72E056E4E6A3} = {21180F24-3A11-471B-BE31-72E056E4E6A3}
		{819A2C4C-496C-4B63-80D1-DEF74819ABFB} = {819A2C4C-496C-4B63-80D1-DEF74819ABFB}
		{4076A878-95D4-4FA2-B6FC-0AF79845E259} = {4076A878-95D4-4FA2-B6FC-0AF79845E259}
		{3B2EE692-71F7-4934-B455-470CB64465C8} = {3B2EE692-71F7-4934-B455-470CB64465C8}
		{9E506CB8-2C13-4861-A188-E54693FD0DD8} = {9E506CB8-2C13-4861-A188-E54693FD0DD8}
	EndProjectSection
EndProject
Project("{8BC9CEB8-8B4A-11D0-8D11-00A0C91BC942}") = "GeoTestDX9", "apps\GeoTest\vs2012\GeoTextDX9.vcxproj", "{E3D3C770-C0F5-443D-934A-30CF49095674}"
EndProject
Project("{8BC9CEB8-8B4A-11D0-8D11-00A0C91BC942}") = "GeoTestBKY", "apps\GeoTest\vs2012\GeoTestBKY.vcxproj", "{384519C6-81E6-4847-A4BF-83544B25F009}"
EndProject
Project("{8BC9CEB8-8B4A-11D0-8D11-00A0C91BC942}") = "VixenLib", "projects\swig\VixenCS\VixenCS2012Wrapper.vcxproj", "{C510A0C5-6C0A-49FF-2012-E9AD50323192}"
	ProjectSection(ProjectDependencies) = postProject
		{21180F24-3A11-471B-BE31-72E056E4E6A3} = {21180F24-3A11-471B-BE31-72E056E4E6A3}
		{617C0941-16A3-4F4C-A444-66C3BB603FD9} = {617C0941-16A3-4F4C-A444-66C3BB603FD9}
		{4076A878-95D4-4FA2-B6FC-0AF79845E259} = {4076A878-95D4-4FA2-B6FC-0AF79845E259}
		{9E506CB8-2C13-4861-A188-E54693FD0DD8} = {9E506CB8-2C13-4861-A188-E54693FD0DD8}
	EndProjectSection
EndProject
Project("{FAE04EC0-301F-11D3-BF4B-00C04F79EFBC}") = "MayaIO2012", "apps\MayaIO\vs2012\MayaIO2012.csproj", "{51C793BE-20B9-495A-2012-DAF911B3946A}"
EndProject
Global
	GlobalSection(SolutionConfigurationPlatforms) = preSolution
		Debug|Any CPU = Debug|Any CPU
		Debug|Mixed Platforms = Debug|Mixed Platforms
		Debug|Win32 = Debug|Win32
		Debug|x64 = Debug|x64
		Debug|x86 = Debug|x86
		Release|Any CPU = Release|Any CPU
		Release|Mixed Platforms = Release|Mixed Platforms
		Release|Win32 = Release|Win32
		Release|x64 = Release|x64
		Release|x86 = Release|x86
		Safe|Any CPU = Safe|Any CPU
		Safe|Mixed Platforms = Safe|Mixed Platforms
		Safe|Win32 = Safe|Win32
		Safe|x64 = Safe|x64
		Safe|x86 = Safe|x86
	EndGlobalSection
	GlobalSection(ProjectConfigurationPlatforms) = postSolution
		{A1D30D6B-110B-4B91-ABD8-8B5E730A4BEE}.Debug|Any CPU.ActiveCfg = Debug|Win32
		{A1D30D6B-110B-4B91-ABD8-8B5E730A4BEE}.Debug|Any CPU.Build.0 = Debug|Win32
		{A1D30D6B-110B-4B91-ABD8-8B5E730A4BEE}.Debug|Mixed Platforms.ActiveCfg = Debug|Win32
		{A1D30D6B-110B-4B91-ABD8-8B5E730A4BEE}.Debug|Win32.ActiveCfg = Debug|Win32
		{A1D30D6B-110B-4B91-ABD8-8B5E730A4BEE}.Debug|Win32.Build.0 = Debug|Win32
		{A1D30D6B-110B-4B91-ABD8-8B5E730A4BEE}.Debug|x64.ActiveCfg = Debug|x64
		{A1D30D6B-110B-4B91-ABD8-8B5E730A4BEE}.Debug|x64.Build.0 = Debug|x64
		{A1D30D6B-110B-4B91-ABD8-8B5E730A4BEE}.Debug|x86.ActiveCfg = Debug|Win32
		{A1D30D6B-110B-4B91-ABD8-8B5E730A4BEE}.Debug|x86.Build.0 = Debug|Win32
		{A1D30D6B-110B-4B91-ABD8-8B5E730A4BEE}.Release|Any CPU.ActiveCfg = Release|x64
		{A1D30D6B-110B-4B91-ABD8-8B5E730A4BEE}.Release|Mixed Platforms.ActiveCfg = Release|Win32
		{A1D30D6B-110B-4B91-ABD8-8B5E730A4BEE}.Release|Win32.ActiveCfg = Release|Win32
		{A1D30D6B-110B-4B91-ABD8-8B5E730A4BEE}.Release|Win32.Build.0 = Release|Win32
		{A1D30D6B-110B-4B91-ABD8-8B5E730A4BEE}.Release|x64.ActiveCfg = Release|x64
		{A1D30D6B-110B-4B91-ABD8-8B5E730A4BEE}.Release|x64.Build.0 = Release|x64
		{A1D30D6B-110B-4B91-ABD8-8B5E730A4BEE}.Release|x86.ActiveCfg = Release|Win32
		{A1D30D6B-110B-4B91-ABD8-8B5E730A4BEE}.Safe|Any CPU.ActiveCfg = Safe|Win32
		{A1D30D6B-110B-4B91-ABD8-8B5E730A4BEE}.Safe|Mixed Platforms.ActiveCfg = Safe|x64
		{A1D30D6B-110B-4B91-ABD8-8B5E730A4BEE}.Safe|Mixed Platforms.Build.0 = Safe|x64
		{A1D30D6B-110B-4B91-ABD8-8B5E730A4BEE}.Safe|Win32.ActiveCfg = Safe|Win32
		{A1D30D6B-110B-4B91-ABD8-8B5E730A4BEE}.Safe|Win32.Build.0 = Safe|Win32
		{A1D30D6B-110B-4B91-ABD8-8B5E730A4BEE}.Safe|x64.ActiveCfg = Safe|x64
		{A1D30D6B-110B-4B91-ABD8-8B5E730A4BEE}.Safe|x64.Build.0 = Safe|x64
		{A1D30D6B-110B-4B91-ABD8-8B5E730A4BEE}.Safe|x86.ActiveCfg = Safe|Win32
		{3B2EE692-71F7-4934-B455-470CB64465C8}.Debug|Any CPU.ActiveCfg = Debug|Win32
		{3B2EE692-71F7-4934-B455-470CB64465C8}.Debug|Any CPU.Build.0 = Debug|Win32
		{3B2EE692-71F7-4934-B455-470CB64465C8}.Debug|Mixed Platforms.ActiveCfg = Debug|Win32
		{3B2EE692-71F7-4934-B455-470CB64465C8}.Debug|Win32.ActiveCfg = Debug|Win32
		{3B2EE692-71F7-4934-B455-470CB64465C8}.Debug|Win32.Build.0 = Debug|Win32
		{3B2EE692-71F7-4934-B455-470CB64465C8}.Debug|x64.ActiveCfg = Debug|x64
		{3B2EE692-71F7-4934-B455-470CB64465C8}.Debug|x64.Build.0 = Debug|x64
		{3B2EE692-71F7-4934-B455-470CB64465C8}.Debug|x86.ActiveCfg = Debug|Win32
		{3B2EE692-71F7-4934-B455-470CB64465C8}.Debug|x86.Build.0 = Debug|Win32
		{3B2EE692-71F7-4934-B455-470CB64465C8}.Release|Any CPU.ActiveCfg = Release|x64
		{3B2EE692-71F7-4934-B455-470CB64465C8}.Release|Mixed Platforms.ActiveCfg = Release|Win32
		{3B2EE692-71F7-4934-B455-470CB64465C8}.Release|Win32.ActiveCfg = Release|Win32
		{3B2EE692-71F7-4934-B455-470CB64465C8}.Release|Win32.Build.0 = Release|Win32
		{3B2EE692-71F7-4934-B455-470CB64465C8}.Release|x64.ActiveCfg = Release|x64
		{3B2EE692-71F7-4934-B455-470CB64465C8}.Release|x64.Build.0 = Release|x64
		{3B2EE692-71F7-4934-B455-470CB64465C8}.Release|x86.ActiveCfg = Release|Win32
		{3B2EE692-71F7-4934-B455-470CB64465C8}.Release|x86.Build.0 = Release|Win32
		{3B2EE692-71F7-4934-B455-470CB64465C8}.Safe|Any CPU.ActiveCfg = Safe|Win32
		{3B2EE692-71F7-4934-B455-470CB64465C8}.Safe|Any CPU.Build.0 = Safe|Win32
		{3B2EE692-71F7-4934-B455-470CB64465C8}.Safe|Mixed Platforms.ActiveCfg = Safe|x64
		{3B2EE692-71F7-4934-B455-470CB64465C8}.Safe|Mixed Platforms.Build.0 = Safe|x64
		{3B2EE692-71F7-4934-B455-470CB64465C8}.Safe|Win32.ActiveCfg = Safe|Win32
		{3B2EE692-71F7-4934-B455-470CB64465C8}.Safe|Win32.Build.0 = Safe|Win32
		{3B2EE692-71F7-4934-B455-470CB64465C8}.Safe|x64.ActiveCfg = Safe|x64
		{3B2EE692-71F7-4934-B455-470CB64465C8}.Safe|x64.Build.0 = Safe|x64
		{3B2EE692-71F7-4934-B455-470CB64465C8}.Safe|x86.ActiveCfg = Safe|Win32
		{3B2EE692-71F7-4934-B455-470CB64465C8}.Safe|x86.Build.0 = Safe|Win32
		{9E9FCCF1-07C9-4B9F-96B2-3D44E07BDA9B}.Debug|Any CPU.ActiveCfg = Debug|Win32
		{9E9FCCF1-07C9-4B9F-96B2-3D44E07BDA9B}.Debug|Mixed Platforms.ActiveCfg = Debug|Win32
		{9E9FCCF1-07C9-4B9F-96B2-3D44E07BDA9B}.Debug|Win32.ActiveCfg = Debug|Win32
		{9E9FCCF1-07C9-4B9F-96B2-3D44E07BDA9B}.Debug|Win32.Build.0 = Debug|Win32
		{9E9FCCF1-07C9-4B9F-96B2-3D44E07BDA9B}.Debug|x64.ActiveCfg = Debug|x64
		{9E9FCCF1-07C9-4B9F-96B2-3D44E07BDA9B}.Debug|x86.ActiveCfg = Debug|Win32
		{9E9FCCF1-07C9-4B9F-96B2-3D44E07BDA9B}.Release|Any CPU.ActiveCfg = Release|x64
		{9E9FCCF1-07C9-4B9F-96B2-3D44E07BDA9B}.Release|Mixed Platforms.ActiveCfg = Release|Win32
		{9E9FCCF1-07C9-4B9F-96B2-3D44E07BDA9B}.Release|Win32.ActiveCfg = Release|Win32
		{9E9FCCF1-07C9-4B9F-96B2-3D44E07BDA9B}.Release|Win32.Build.0 = Release|Win32
		{9E9FCCF1-07C9-4B9F-96B2-3D44E07BDA9B}.Release|x64.ActiveCfg = Release|x64
		{9E9FCCF1-07C9-4B9F-96B2-3D44E07BDA9B}.Release|x86.ActiveCfg = Release|Win32
		{9E9FCCF1-07C9-4B9F-96B2-3D44E07BDA9B}.Safe|Any CPU.ActiveCfg = Safe|Win32
		{9E9FCCF1-07C9-4B9F-96B2-3D44E07BDA9B}.Safe|Any CPU.Build.0 = Safe|Win32
		{9E9FCCF1-07C9-4B9F-96B2-3D44E07BDA9B}.Safe|Mixed Platforms.ActiveCfg = Safe|x64
		{9E9FCCF1-07C9-4B9F-96B2-3D44E07BDA9B}.Safe|Mixed Platforms.Build.0 = Safe|x64
		{9E9FCCF1-07C9-4B9F-96B2-3D44E07BDA9B}.Safe|Win32.ActiveCfg = Safe|Win32
		{9E9FCCF1-07C9-4B9F-96B2-3D44E07BDA9B}.Safe|Win32.Build.0 = Safe|Win32
		{9E9FCCF1-07C9-4B9F-96B2-3D44E07BDA9B}.Safe|x64.ActiveCfg = Safe|x64
		{9E9FCCF1-07C9-4B9F-96B2-3D44E07BDA9B}.Safe|x64.Build.0 = Safe|x64
		{9E9FCCF1-07C9-4B9F-96B2-3D44E07BDA9B}.Safe|x86.ActiveCfg = Safe|Win32
		{6CDD284A-9141-4028-ACD8-6F37964DB0C5}.Debug|Any CPU.ActiveCfg = Debug|Win32
		{6CDD284A-9141-4028-ACD8-6F37964DB0C5}.Debug|Mixed Platforms.ActiveCfg = Debug|x64
		{6CDD284A-9141-4028-ACD8-6F37964DB0C5}.Debug|Win32.ActiveCfg = Debug|Win32
		{6CDD284A-9141-4028-ACD8-6F37964DB0C5}.Debug|x64.ActiveCfg = Debug|x64
		{6CDD284A-9141-4028-ACD8-6F37964DB0C5}.Debug|x86.ActiveCfg = Debug|Win32
		{6CDD284A-9141-4028-ACD8-6F37964DB0C5}.Release|Any CPU.ActiveCfg = Release|x64
		{6CDD284A-9141-4028-ACD8-6F37964DB0C5}.Release|Mixed Platforms.ActiveCfg = Release|x64
		{6CDD284A-9141-4028-ACD8-6F37964DB0C5}.Release|Win32.ActiveCfg = Release|Win32
		{6CDD284A-9141-4028-ACD8-6F37964DB0C5}.Release|x64.ActiveCfg = Release|x64
		{6CDD284A-9141-4028-ACD8-6F37964DB0C5}.Release|x64.Build.0 = Release|x64
		{6CDD284A-9141-4028-ACD8-6F37964DB0C5}.Release|x86.ActiveCfg = Release|Win32
		{6CDD284A-9141-4028-ACD8-6F37964DB0C5}.Safe|Any CPU.ActiveCfg = Safe|Win32
		{6CDD284A-9141-4028-ACD8-6F37964DB0C5}.Safe|Mixed Platforms.ActiveCfg = Safe|x64
		{6CDD284A-9141-4028-ACD8-6F37964DB0C5}.Safe|Mixed Platforms.Build.0 = Safe|x64
		{6CDD284A-9141-4028-ACD8-6F37964DB0C5}.Safe|Win32.ActiveCfg = Safe|Win32
		{6CDD284A-9141-4028-ACD8-6F37964DB0C5}.Safe|x64.ActiveCfg = Safe|x64
		{6CDD284A-9141-4028-ACD8-6F37964DB0C5}.Safe|x64.Build.0 = Safe|x64
		{6CDD284A-9141-4028-ACD8-6F37964DB0C5}.Safe|x86.ActiveCfg = Safe|Win32
		{21180F24-3A11-471B-BE31-72E056E4E6A3}.Debug|Any CPU.ActiveCfg = Debug|Win32
		{21180F24-3A11-471B-BE31-72E056E4E6A3}.Debug|Any CPU.Build.0 = Debug|Win32
		{21180F24-3A11-471B-BE31-72E056E4E6A3}.Debug|Mixed Platforms.ActiveCfg = Debug|Win32
		{21180F24-3A11-471B-BE31-72E056E4E6A3}.Debug|Mixed Platforms.Build.0 = Debug|Win32
		{21180F24-3A11-471B-BE31-72E056E4E6A3}.Debug|Win32.ActiveCfg = Debug|Win32
		{21180F24-3A11-471B-BE31-72E056E4E6A3}.Debug|Win32.Build.0 = Debug|Win32
		{21180F24-3A11-471B-BE31-72E056E4E6A3}.Debug|x64.ActiveCfg = Debug|x64
		{21180F24-3A11-471B-BE31-72E056E4E6A3}.Debug|x64.Build.0 = Debug|x64
		{21180F24-3A11-471B-BE31-72E056E4E6A3}.Debug|x86.ActiveCfg = Debug|Win32
		{21180F24-3A11-471B-BE31-72E056E4E6A3}.Debug|x86.Build.0 = Debug|Win32
		{21180F24-3A11-471B-BE31-72E056E4E6A3}.Release|Any CPU.ActiveCfg = Release|x64
		{21180F24-3A11-471B-BE31-72E056E4E6A3}.Release|Any CPU.Build.0 = Release|x64
		{21180F24-3A11-471B-BE31-72E056E4E6A3}.Release|Mixed Platforms.ActiveCfg = Release|Win32
		{21180F24-3A11-471B-BE31-72E056E4E6A3}.Release|Mixed Platforms.Build.0 = Release|Win32
		{21180F24-3A11-471B-BE31-72E056E4E6A3}.Release|Win32.ActiveCfg = Release|Win32
		{21180F24-3A11-471B-BE31-72E056E4E6A3}.Release|Win32.Build.0 = Release|Win32
		{21180F24-3A11-471B-BE31-72E056E4E6A3}.Release|x64.ActiveCfg = Release|x64
		{21180F24-3A11-471B-BE31-72E056E4E6A3}.Release|x64.Build.0 = Release|x64
		{21180F24-3A11-471B-BE31-72E056E4E6A3}.Release|x86.ActiveCfg = Release|Win32
		{21180F24-3A11-471B-BE31-72E056E4E6A3}.Release|x86.Build.0 = Release|Win32
		{21180F24-3A11-471B-BE31-72E056E4E6A3}.Safe|Any CPU.ActiveCfg = Safe|Win32
		{21180F24-3A11-471B-BE31-72E056E4E6A3}.Safe|Any CPU.Build.0 = Safe|Win32
		{21180F24-3A11-471B-BE31-72E056E4E6A3}.Safe|Mixed Platforms.ActiveCfg = Safe|x64
		{21180F24-3A11-471B-BE31-72E056E4E6A3}.Safe|Mixed Platforms.Build.0 = Safe|x64
		{21180F24-3A11-471B-BE31-72E056E4E6A3}.Safe|Win32.ActiveCfg = Safe|Win32
		{21180F24-3A11-471B-BE31-72E056E4E6A3}.Safe|Win32.Build.0 = Safe|Win32
		{21180F24-3A11-471B-BE31-72E056E4E6A3}.Safe|x64.ActiveCfg = Safe|x64
		{21180F24-3A11-471B-BE31-72E056E4E6A3}.Safe|x64.Build.0 = Safe|x64
		{21180F24-3A11-471B-BE31-72E056E4E6A3}.Safe|x86.ActiveCfg = Safe|Win32
		{21180F24-3A11-471B-BE31-72E056E4E6A3}.Safe|x86.Build.0 = Safe|Win32
		{9E506CB8-2C13-4861-A188-E54693FD0DD8}.Debug|Any CPU.ActiveCfg = Debug|Win32
		{9E506CB8-2C13-4861-A188-E54693FD0DD8}.Debug|Any CPU.Build.0 = Debug|Win32
		{9E506CB8-2C13-4861-A188-E54693FD0DD8}.Debug|Mixed Platforms.ActiveCfg = Debug|Win32
		{9E506CB8-2C13-4861-A188-E54693FD0DD8}.Debug|Mixed Platforms.Build.0 = Debug|Win32
		{9E506CB8-2C13-4861-A188-E54693FD0DD8}.Debug|Win32.ActiveCfg = Debug|Win32
		{9E506CB8-2C13-4861-A188-E54693FD0DD8}.Debug|Win32.Build.0 = Debug|Win32
		{9E506CB8-2C13-4861-A188-E54693FD0DD8}.Debug|x64.ActiveCfg = Debug|x64
		{9E506CB8-2C13-4861-A188-E54693FD0DD8}.Debug|x64.Build.0 = Debug|x64
		{9E506CB8-2C13-4861-A188-E54693FD0DD8}.Debug|x86.ActiveCfg = Debug|Win32
		{9E506CB8-2C13-4861-A188-E54693FD0DD8}.Debug|x86.Build.0 = Debug|Win32
		{9E506CB8-2C13-4861-A188-E54693FD0DD8}.Release|Any CPU.ActiveCfg = Release|x64
		{9E506CB8-2C13-4861-A188-E54693FD0DD8}.Release|Any CPU.Build.0 = Release|x64
		{9E506CB8-2C13-4861-A188-E54693FD0DD8}.Release|Mixed Platforms.ActiveCfg = Release|Win32
		{9E506CB8-2C13-4861-A188-E54693FD0DD8}.Release|Mixed Platforms.Build.0 = Release|Win32
		{9E506CB8-2C13-4861-A188-E54693FD0DD8}.Release|Win32.ActiveCfg = Release|Win32
		{9E506CB8-2C13-4861-A188-E54693FD0DD8}.Release|Win32.Build.0 = Release|Win32
		{9E506CB8-2C13-4861-A188-E54693FD0DD8}.Release|x64.ActiveCfg = Release|x64
		{9E506CB8-2C13-4861-A188-E54693FD0DD8}.Release|x64.Build.0 = Release|x64
		{9E506CB8-2C13-4861-A188-E54693FD0DD8}.Release|x86.ActiveCfg = Release|Win32
		{9E506CB8-2C13-4861-A188-E54693FD0DD8}.Release|x86.Build.0 = Release|Win32
		{9E506CB8-2C13-4861-A188-E54693FD0DD8}.Safe|Any CPU.ActiveCfg = Safe|Win32
		{9E506CB8-2C13-4861-A188-E54693FD0DD8}.Safe|Any CPU.Build.0 = Safe|Win32
		{9E506CB8-2C13-4861-A188-E54693FD0DD8}.Safe|Mixed Platforms.ActiveCfg = Safe|x64
		{9E506CB8-2C13-4861-A188-E54693FD0DD8}.Safe|Mixed Platforms.Build.0 = Safe|x64
		{9E506CB8-2C13-4861-A188-E54693FD0DD8}.Safe|Win32.ActiveCfg = Safe|Win32
		{9E506CB8-2C13-4861-A188-E54693FD0DD8}.Safe|Win32.Build.0 = Safe|Win32
		{9E506CB8-2C13-4861-A188-E54693FD0DD8}.Safe|x64.ActiveCfg = Safe|x64
		{9E506CB8-2C13-4861-A188-E54693FD0DD8}.Safe|x64.Build.0 = Safe|x64
		{9E506CB8-2C13-4861-A188-E54693FD0DD8}.Safe|x86.ActiveCfg = Safe|Win32
		{9E506CB8-2C13-4861-A188-E54693FD0DD8}.Safe|x86.Build.0 = Safe|Win32
		{B14FC185-5395-46CD-B43B-C6AD73E05977}.Debug|Any CPU.ActiveCfg = Debug|x86
		{B14FC185-5395-46CD-B43B-C6AD73E05977}.Debug|Any CPU.Build.0 = Debug|x86
		{B14FC185-5395-46CD-B43B-C6AD73E05977}.Debug|Mixed Platforms.ActiveCfg = Debug|x86
		{B14FC185-5395-46CD-B43B-C6AD73E05977}.Debug|Mixed Platforms.Build.0 = Debug|x86
		{B14FC185-5395-46CD-B43B-C6AD73E05977}.Debug|Win32.ActiveCfg = Debug|x86
		{B14FC185-5395-46CD-B43B-C6AD73E05977}.Debug|Win32.Build.0 = Debug|x86
		{B14FC185-5395-46CD-B43B-C6AD73E05977}.Debug|x64.ActiveCfg = Debug|x64
		{B14FC185-5395-46CD-B43B-C6AD73E05977}.Debug|x64.Build.0 = Debug|x64
		{B14FC185-5395-46CD-B43B-C6AD73E05977}.Debug|x86.ActiveCfg = Debug|x86
		{B14FC185-5395-46CD-B43B-C6AD73E05977}.Debug|x86.Build.0 = Debug|x86
		{B14FC185-5395-46CD-B43B-C6AD73E05977}.Release|Any CPU.ActiveCfg = Release|x64
		{B14FC185-5395-46CD-B43B-C6AD73E05977}.Release|Any CPU.Build.0 = Release|x64
		{B14FC185-5395-46CD-B43B-C6AD73E05977}.Release|Mixed Platforms.ActiveCfg = Release|x86
		{B14FC185-5395-46CD-B43B-C6AD73E05977}.Release|Mixed Platforms.Build.0 = Release|x86
		{B14FC185-5395-46CD-B43B-C6AD73E05977}.Release|Win32.ActiveCfg = Release|x86
		{B14FC185-5395-46CD-B43B-C6AD73E05977}.Release|Win32.Build.0 = Release|x86
		{B14FC185-5395-46CD-B43B-C6AD73E05977}.Release|x64.ActiveCfg = Release|x64
		{B14FC185-5395-46CD-B43B-C6AD73E05977}.Release|x64.Build.0 = Release|x64
		{B14FC185-5395-46CD-B43B-C6AD73E05977}.Release|x86.ActiveCfg = Release|x86
		{B14FC185-5395-46CD-B43B-C6AD73E05977}.Release|x86.Build.0 = Release|x86
		{B14FC185-5395-46CD-B43B-C6AD73E05977}.Safe|Any CPU.ActiveCfg = Safe|x86
		{B14FC185-5395-46CD-B43B-C6AD73E05977}.Safe|Any CPU.Build.0 = Safe|x86
		{B14FC185-5395-46CD-B43B-C6AD73E05977}.Safe|Mixed Platforms.ActiveCfg = Safe|x86
		{B14FC185-5395-46CD-B43B-C6AD73E05977}.Safe|Mixed Platforms.Build.0 = Safe|x86
		{B14FC185-5395-46CD-B43B-C6AD73E05977}.Safe|Win32.ActiveCfg = Safe|x86
		{B14FC185-5395-46CD-B43B-C6AD73E05977}.Safe|Win32.Build.0 = Safe|x86
		{B14FC185-5395-46CD-B43B-C6AD73E05977}.Safe|x64.ActiveCfg = Safe|x64
		{B14FC185-5395-46CD-B43B-C6AD73E05977}.Safe|x64.Build.0 = Safe|x64
		{B14FC185-5395-46CD-B43B-C6AD73E05977}.Safe|x86.ActiveCfg = Safe|x86
		{B14FC185-5395-46CD-B43B-C6AD73E05977}.Safe|x86.Build.0 = Safe|x86
		{819A2C4C-496C-4B63-80D1-DEF74819ABFB}.Debug|Any CPU.ActiveCfg = Debug|Win32
		{819A2C4C-496C-4B63-80D1-DEF74819ABFB}.Debug|Mixed Platforms.ActiveCfg = Debug|x64
		{819A2C4C-496C-4B63-80D1-DEF74819ABFB}.Debug|Win32.ActiveCfg = Debug|Win32
		{819A2C4C-496C-4B63-80D1-DEF74819ABFB}.Debug|x64.ActiveCfg = Debug|x64
		{819A2C4C-496C-4B63-80D1-DEF74819ABFB}.Debug|x64.Build.0 = Debug|x64
		{819A2C4C-496C-4B63-80D1-DEF74819ABFB}.Debug|x86.ActiveCfg = Debug|Win32
		{819A2C4C-496C-4B63-80D1-DEF74819ABFB}.Release|Any CPU.ActiveCfg = Release|x64
		{819A2C4C-496C-4B63-80D1-DEF74819ABFB}.Release|Mixed Platforms.ActiveCfg = Release|x64
		{819A2C4C-496C-4B63-80D1-DEF74819ABFB}.Release|Win32.ActiveCfg = Release|Win32
		{819A2C4C-496C-4B63-80D1-DEF74819ABFB}.Release|x64.ActiveCfg = Release|x64
		{819A2C4C-496C-4B63-80D1-DEF74819ABFB}.Release|x64.Build.0 = Release|x64
		{819A2C4C-496C-4B63-80D1-DEF74819ABFB}.Release|x86.ActiveCfg = Release|Win32
		{819A2C4C-496C-4B63-80D1-DEF74819ABFB}.Safe|Any CPU.ActiveCfg = Safe|Win32
		{819A2C4C-496C-4B63-80D1-DEF74819ABFB}.Safe|Mixed Platforms.ActiveCfg = Safe|x64
		{819A2C4C-496C-4B63-80D1-DEF74819ABFB}.Safe|Mixed Platforms.Build.0 = Safe|x64
		{819A2C4C-496C-4B63-80D1-DEF74819ABFB}.Safe|Win32.ActiveCfg = Safe|Win32
		{819A2C4C-496C-4B63-80D1-DEF74819ABFB}.Safe|x64.ActiveCfg = Safe|x64
		{819A2C4C-496C-4B63-80D1-DEF74819ABFB}.Safe|x64.Build.0 = Safe|x64
		{819A2C4C-496C-4B63-80D1-DEF74819ABFB}.Safe|x86.ActiveCfg = Safe|Win32
		{A8F52739-869C-4A44-9722-3D760F68CF5E}.Debug|Any CPU.ActiveCfg = Debug|Win32
		{A8F52739-869C-4A44-9722-3D760F68CF5E}.Debug|Mixed Platforms.ActiveCfg = Debug|Win32
		{A8F52739-869C-4A44-9722-3D760F68CF5E}.Debug|Win32.ActiveCfg = Debug|Win32
		{A8F52739-869C-4A44-9722-3D760F68CF5E}.Debug|x64.ActiveCfg = Debug|x64
		{A8F52739-869C-4A44-9722-3D760F68CF5E}.Debug|x86.ActiveCfg = Debug|Win32
		{A8F52739-869C-4A44-9722-3D760F68CF5E}.Release|Any CPU.ActiveCfg = Release|x64
		{A8F52739-869C-4A44-9722-3D760F68CF5E}.Release|Mixed Platforms.ActiveCfg = Release|Win32
		{A8F52739-869C-4A44-9722-3D760F68CF5E}.Release|Win32.ActiveCfg = Release|Win32
		{A8F52739-869C-4A44-9722-3D760F68CF5E}.Release|x64.ActiveCfg = Release|x64
		{A8F52739-869C-4A44-9722-3D760F68CF5E}.Release|x86.ActiveCfg = Release|Win32
		{A8F52739-869C-4A44-9722-3D760F68CF5E}.Safe|Any CPU.ActiveCfg = Safe|Win32
		{A8F52739-869C-4A44-9722-3D760F68CF5E}.Safe|Mixed Platforms.ActiveCfg = Safe|x64
		{A8F52739-869C-4A44-9722-3D760F68CF5E}.Safe|Win32.ActiveCfg = Safe|Win32
		{A8F52739-869C-4A44-9722-3D760F68CF5E}.Safe|x64.ActiveCfg = Safe|x64
		{A8F52739-869C-4A44-9722-3D760F68CF5E}.Safe|x86.ActiveCfg = Safe|Win32
		{2296C185-A53E-4196-9719-07D176378CB0}.Debug|Any CPU.ActiveCfg = Debug|Win32
		{2296C185-A53E-4196-9719-07D176378CB0}.Debug|Mixed Platforms.ActiveCfg = Debug|Win32
		{2296C185-A53E-4196-9719-07D176378CB0}.Debug|Win32.ActiveCfg = Debug|Win32
		{2296C185-A53E-4196-9719-07D176378CB0}.Debug|x64.ActiveCfg = Debug|x64
		{2296C185-A53E-4196-9719-07D176378CB0}.Debug|x86.ActiveCfg = Debug|Win32
		{2296C185-A53E-4196-9719-07D176378CB0}.Release|Any CPU.ActiveCfg = Release|x64
		{2296C185-A53E-4196-9719-07D176378CB0}.Release|Mixed Platforms.ActiveCfg = Release|Win32
		{2296C185-A53E-4196-9719-07D176378CB0}.Release|Win32.ActiveCfg = Release|Win32
		{2296C185-A53E-4196-9719-07D176378CB0}.Release|x64.ActiveCfg = Release|x64
		{2296C185-A53E-4196-9719-07D176378CB0}.Release|x86.ActiveCfg = Release|Win32
		{2296C185-A53E-4196-9719-07D176378CB0}.Safe|Any CPU.ActiveCfg = Safe|Win32
		{2296C185-A53E-4196-9719-07D176378CB0}.Safe|Mixed Platforms.ActiveCfg = Safe|x64
		{2296C185-A53E-4196-9719-07D176378CB0}.Safe|Win32.ActiveCfg = Safe|Win32
		{2296C185-A53E-4196-9719-07D176378CB0}.Safe|x64.ActiveCfg = Safe|x64
		{2296C185-A53E-4196-9719-07D176378CB0}.Safe|x86.ActiveCfg = Safe|Win32
		{4076A878-95D4-4FA2-B6FC-0AF79845E259}.Debug|Any CPU.ActiveCfg = Debug|Win32
		{4076A878-95D4-4FA2-B6FC-0AF79845E259}.Debug|Any CPU.Build.0 = Debug|Win32
		{4076A878-95D4-4FA2-B6FC-0AF79845E259}.Debug|Mixed Platforms.ActiveCfg = Debug|Win32
		{4076A878-95D4-4FA2-B6FC-0AF79845E259}.Debug|Mixed Platforms.Build.0 = Debug|Win32
		{4076A878-95D4-4FA2-B6FC-0AF79845E259}.Debug|Win32.ActiveCfg = Debug|Win32
		{4076A878-95D4-4FA2-B6FC-0AF79845E259}.Debug|Win32.Build.0 = Debug|Win32
		{4076A878-95D4-4FA2-B6FC-0AF79845E259}.Debug|x64.ActiveCfg = Debug|x64
		{4076A878-95D4-4FA2-B6FC-0AF79845E259}.Debug|x64.Build.0 = Debug|x64
		{4076A878-95D4-4FA2-B6FC-0AF79845E259}.Debug|x86.ActiveCfg = Debug|Win32
		{4076A878-95D4-4FA2-B6FC-0AF79845E259}.Debug|x86.Build.0 = Debug|Win32
		{4076A878-95D4-4FA2-B6FC-0AF79845E259}.Release|Any CPU.ActiveCfg = Release|x64
		{4076A878-95D4-4FA2-B6FC-0AF79845E259}.Release|Mixed Platforms.ActiveCfg = Release|Win32
		{4076A878-95D4-4FA2-B6FC-0AF79845E259}.Release|Mixed Platforms.Build.0 = Release|Win32
		{4076A878-95D4-4FA2-B6FC-0AF79845E259}.Release|Win32.ActiveCfg = Release|Win32
		{4076A878-95D4-4FA2-B6FC-0AF79845E259}.Release|Win32.Build.0 = Release|Win32
		{4076A878-95D4-4FA2-B6FC-0AF79845E259}.Release|x64.ActiveCfg = Release|x64
		{4076A878-95D4-4FA2-B6FC-0AF79845E259}.Release|x64.Build.0 = Release|x64
		{4076A878-95D4-4FA2-B6FC-0AF79845E259}.Release|x86.ActiveCfg = Release|Win32
		{4076A878-95D4-4FA2-B6FC-0AF79845E259}.Release|x86.Build.0 = Release|Win32
		{4076A878-95D4-4FA2-B6FC-0AF79845E259}.Safe|Any CPU.ActiveCfg = Release|Win32
		{4076A878-95D4-4FA2-B6FC-0AF79845E259}.Safe|Any CPU.Build.0 = Release|Win32
		{4076A878-95D4-4FA2-B6FC-0AF79845E259}.Safe|Mixed Platforms.ActiveCfg = Release|Win32
		{4076A878-95D4-4FA2-B6FC-0AF79845E259}.Safe|Mixed Platforms.Build.0 = Release|Win32
		{4076A878-95D4-4FA2-B6FC-0AF79845E259}.Safe|Win32.ActiveCfg = Safe|Win32
		{4076A878-95D4-4FA2-B6FC-0AF79845E259}.Safe|Win32.Build.0 = Safe|Win32
		{4076A878-95D4-4FA2-B6FC-0AF79845E259}.Safe|x64.ActiveCfg = Safe|x64
		{4076A878-95D4-4FA2-B6FC-0AF79845E259}.Safe|x64.Build.0 = Safe|x64
		{4076A878-95D4-4FA2-B6FC-0AF79845E259}.Safe|x86.ActiveCfg = Safe|Win32
		{4076A878-95D4-4FA2-B6FC-0AF79845E259}.Safe|x86.Build.0 = Safe|Win32
		{FA302421-D801-4328-B6CC-AE7F34F27BE2}.Debug|Any CPU.ActiveCfg = Debug|Any CPU
		{FA302421-D801-4328-B6CC-AE7F34F27BE2}.Debug|Any CPU.Build.0 = Debug|Any CPU
		{FA302421-D801-4328-B6CC-AE7F34F27BE2}.Debug|Mixed Platforms.ActiveCfg = Debug|Any CPU
		{FA302421-D801-4328-B6CC-AE7F34F27BE2}.Debug|Mixed Platforms.Build.0 = Debug|Any CPU
		{FA302421-D801-4328-B6CC-AE7F34F27BE2}.Debug|Win32.ActiveCfg = Debug|x86
		{FA302421-D801-4328-B6CC-AE7F34F27BE2}.Debug|Win32.Build.0 = Debug|x86
		{FA302421-D801-4328-B6CC-AE7F34F27BE2}.Debug|x64.ActiveCfg = Debug|Any CPU
		{FA302421-D801-4328-B6CC-AE7F34F27BE2}.Debug|x86.ActiveCfg = Debug|x86
		{FA302421-D801-4328-B6CC-AE7F34F27BE2}.Debug|x86.Build.0 = Debug|x86
		{FA302421-D801-4328-B6CC-AE7F34F27BE2}.Release|Any CPU.ActiveCfg = Release|Any CPU
		{FA302421-D801-4328-B6CC-AE7F34F27BE2}.Release|Any CPU.Build.0 = Release|Any CPU
		{FA302421-D801-4328-B6CC-AE7F34F27BE2}.Release|Mixed Platforms.ActiveCfg = Release|Any CPU
		{FA302421-D801-4328-B6CC-AE7F34F27BE2}.Release|Mixed Platforms.Build.0 = Release|Any CPU
		{FA302421-D801-4328-B6CC-AE7F34F27BE2}.Release|Win32.ActiveCfg = Release|x86
		{FA302421-D801-4328-B6CC-AE7F34F27BE2}.Release|Win32.Build.0 = Release|x86
		{FA302421-D801-4328-B6CC-AE7F34F27BE2}.Release|x64.ActiveCfg = Release|x64
		{FA302421-D801-4328-B6CC-AE7F34F27BE2}.Release|x86.ActiveCfg = Release|x86
		{FA302421-D801-4328-B6CC-AE7F34F27BE2}.Release|x86.Build.0 = Release|x86
		{FA302421-D801-4328-B6CC-AE7F34F27BE2}.Safe|Any CPU.ActiveCfg = Release|Any CPU
		{FA302421-D801-4328-B6CC-AE7F34F27BE2}.Safe|Any CPU.Build.0 = Release|Any CPU
		{FA302421-D801-4328-B6CC-AE7F34F27BE2}.Safe|Mixed Platforms.ActiveCfg = Release|Any CPU
		{FA302421-D801-4328-B6CC-AE7F34F27BE2}.Safe|Mixed Platforms.Build.0 = Release|Any CPU
		{FA302421-D801-4328-B6CC-AE7F34F27BE2}.Safe|Win32.ActiveCfg = Release|x86
		{FA302421-D801-4328-B6CC-AE7F34F27BE2}.Safe|Win32.Build.0 = Release|x86
		{FA302421-D801-4328-B6CC-AE7F34F27BE2}.Safe|x64.ActiveCfg = Release|x64
		{FA302421-D801-4328-B6CC-AE7F34F27BE2}.Safe|x86.ActiveCfg = Safe|x86
		{FA302421-D801-4328-B6CC-AE7F34F27BE2}.Safe|x86.Build.0 = Safe|x86
		{B7B2A0DF-D93F-4FAF-BD19-DFCE2B8C2CD0}.Debug|Any CPU.ActiveCfg = Debug|x86
		{B7B2A0DF-D93F-4FAF-BD19-DFCE2B8C2CD0}.Debug|Any CPU.Build.0 = Debug|x86
		{B7B2A0DF-D93F-4FAF-BD19-DFCE2B8C2CD0}.Debug|Mixed Platforms.ActiveCfg = Debug|x86
		{B7B2A0DF-D93F-4FAF-BD19-DFCE2B8C2CD0}.Debug|Mixed Platforms.Build.0 = Debug|x86
		{B7B2A0DF-D93F-4FAF-BD19-DFCE2B8C2CD0}.Debug|Win32.ActiveCfg = Debug|x86
		{B7B2A0DF-D93F-4FAF-BD19-DFCE2B8C2CD0}.Debug|Win32.Build.0 = Debug|x86
		{B7B2A0DF-D93F-4FAF-BD19-DFCE2B8C2CD0}.Debug|x64.ActiveCfg = Debug|x86
		{B7B2A0DF-D93F-4FAF-BD19-DFCE2B8C2CD0}.Debug|x86.ActiveCfg = Debug|x86
		{B7B2A0DF-D93F-4FAF-BD19-DFCE2B8C2CD0}.Debug|x86.Build.0 = Debug|x86
		{B7B2A0DF-D93F-4FAF-BD19-DFCE2B8C2CD0}.Release|Any CPU.ActiveCfg = Release|x86
		{B7B2A0DF-D93F-4FAF-BD19-DFCE2B8C2CD0}.Release|Any CPU.Build.0 = Release|x86
		{B7B2A0DF-D93F-4FAF-BD19-DFCE2B8C2CD0}.Release|Mixed Platforms.ActiveCfg = Release|x86
		{B7B2A0DF-D93F-4FAF-BD19-DFCE2B8C2CD0}.Release|Mixed Platforms.Build.0 = Release|x86
		{B7B2A0DF-D93F-4FAF-BD19-DFCE2B8C2CD0}.Release|Win32.ActiveCfg = Release|x86
		{B7B2A0DF-D93F-4FAF-BD19-DFCE2B8C2CD0}.Release|Win32.Build.0 = Release|x86
		{B7B2A0DF-D93F-4FAF-BD19-DFCE2B8C2CD0}.Release|x64.ActiveCfg = Release|x86
		{B7B2A0DF-D93F-4FAF-BD19-DFCE2B8C2CD0}.Release|x86.ActiveCfg = Release|x86
		{B7B2A0DF-D93F-4FAF-BD19-DFCE2B8C2CD0}.Release|x86.Build.0 = Release|x86
		{B7B2A0DF-D93F-4FAF-BD19-DFCE2B8C2CD0}.Safe|Any CPU.ActiveCfg = Release|x86
		{B7B2A0DF-D93F-4FAF-BD19-DFCE2B8C2CD0}.Safe|Any CPU.Build.0 = Release|x86
		{B7B2A0DF-D93F-4FAF-BD19-DFCE2B8C2CD0}.Safe|Mixed Platforms.ActiveCfg = Release|x86
		{B7B2A0DF-D93F-4FAF-BD19-DFCE2B8C2CD0}.Safe|Mixed Platforms.Build.0 = Release|x86
		{B7B2A0DF-D93F-4FAF-BD19-DFCE2B8C2CD0}.Safe|Win32.ActiveCfg = Release|x86
		{B7B2A0DF-D93F-4FAF-BD19-DFCE2B8C2CD0}.Safe|Win32.Build.0 = Release|x86
		{B7B2A0DF-D93F-4FAF-BD19-DFCE2B8C2CD0}.Safe|x64.ActiveCfg = Release|x86
		{B7B2A0DF-D93F-4FAF-BD19-DFCE2B8C2CD0}.Safe|x86.ActiveCfg = Release|x86
		{B7B2A0DF-D93F-4FAF-BD19-DFCE2B8C2CD0}.Safe|x86.Build.0 = Release|x86
		{8D2C1B67-53DF-4A8A-8519-A0E72F209CF6}.Debug|Any CPU.ActiveCfg = Debug|x64
		{8D2C1B67-53DF-4A8A-8519-A0E72F209CF6}.Debug|Mixed Platforms.ActiveCfg = Debug|x64
		{8D2C1B67-53DF-4A8A-8519-A0E72F209CF6}.Debug|Mixed Platforms.Build.0 = Debug|x64
		{8D2C1B67-53DF-4A8A-8519-A0E72F209CF6}.Debug|Win32.ActiveCfg = Debug|x64
		{8D2C1B67-53DF-4A8A-8519-A0E72F209CF6}.Debug|x64.ActiveCfg = Debug|x64
		{8D2C1B67-53DF-4A8A-8519-A0E72F209CF6}.Debug|x86.ActiveCfg = Debug|x86
		{8D2C1B67-53DF-4A8A-8519-A0E72F209CF6}.Debug|x86.Build.0 = Debug|x86
		{8D2C1B67-53DF-4A8A-8519-A0E72F209CF6}.Release|Any CPU.ActiveCfg = Release|x64
		{8D2C1B67-53DF-4A8A-8519-A0E72F209CF6}.Release|Mixed Platforms.ActiveCfg = Release|x64
		{8D2C1B67-53DF-4A8A-8519-A0E72F209CF6}.Release|Mixed Platforms.Build.0 = Release|x64
		{8D2C1B67-53DF-4A8A-8519-A0E72F209CF6}.Release|Win32.ActiveCfg = Release|x64
		{8D2C1B67-53DF-4A8A-8519-A0E72F209CF6}.Release|x64.ActiveCfg = Release|x64
		{8D2C1B67-53DF-4A8A-8519-A0E72F209CF6}.Release|x86.ActiveCfg = Release|x86
		{8D2C1B67-53DF-4A8A-8519-A0E72F209CF6}.Release|x86.Build.0 = Release|x86
		{8D2C1B67-53DF-4A8A-8519-A0E72F209CF6}.Safe|Any CPU.ActiveCfg = Release|x64
		{8D2C1B67-53DF-4A8A-8519-A0E72F209CF6}.Safe|Mixed Platforms.ActiveCfg = Release|x64
		{8D2C1B67-53DF-4A8A-8519-A0E72F209CF6}.Safe|Mixed Platforms.Build.0 = Release|x64
		{8D2C1B67-53DF-4A8A-8519-A0E72F209CF6}.Safe|Win32.ActiveCfg = Release|x64
		{8D2C1B67-53DF-4A8A-8519-A0E72F209CF6}.Safe|x64.ActiveCfg = Release|x64
		{8D2C1B67-53DF-4A8A-8519-A0E72F209CF6}.Safe|x86.ActiveCfg = Release|x64
		{1FD37682-98D6-442F-8E15-646247C690DC}.Debug|Any CPU.ActiveCfg = Debug|Any CPU
		{1FD37682-98D6-442F-8E15-646247C690DC}.Debug|Any CPU.Build.0 = Debug|Any CPU
		{1FD37682-98D6-442F-8E15-646247C690DC}.Debug|Mixed Platforms.ActiveCfg = Debug|x64
		{1FD37682-98D6-442F-8E15-646247C690DC}.Debug|Mixed Platforms.Build.0 = Debug|x64
		{1FD37682-98D6-442F-8E15-646247C690DC}.Debug|Win32.ActiveCfg = Debug|x64
		{1FD37682-98D6-442F-8E15-646247C690DC}.Debug|x64.ActiveCfg = Debug|x64
		{1FD37682-98D6-442F-8E15-646247C690DC}.Debug|x86.ActiveCfg = Debug|x86
		{1FD37682-98D6-442F-8E15-646247C690DC}.Debug|x86.Build.0 = Debug|x86
		{1FD37682-98D6-442F-8E15-646247C690DC}.Release|Any CPU.ActiveCfg = Release|Any CPU
		{1FD37682-98D6-442F-8E15-646247C690DC}.Release|Any CPU.Build.0 = Release|Any CPU
		{1FD37682-98D6-442F-8E15-646247C690DC}.Release|Mixed Platforms.ActiveCfg = Release|x64
		{1FD37682-98D6-442F-8E15-646247C690DC}.Release|Mixed Platforms.Build.0 = Release|x64
		{1FD37682-98D6-442F-8E15-646247C690DC}.Release|Win32.ActiveCfg = Release|x64
		{1FD37682-98D6-442F-8E15-646247C690DC}.Release|x64.ActiveCfg = Release|x64
		{1FD37682-98D6-442F-8E15-646247C690DC}.Release|x86.ActiveCfg = Release|x86
		{1FD37682-98D6-442F-8E15-646247C690DC}.Release|x86.Build.0 = Release|x86
		{1FD37682-98D6-442F-8E15-646247C690DC}.Safe|Any CPU.ActiveCfg = Release|x64
		{1FD37682-98D6-442F-8E15-646247C690DC}.Safe|Mixed Platforms.ActiveCfg = Release|x64
		{1FD37682-98D6-442F-8E15-646247C690DC}.Safe|Mixed Platforms.Build.0 = Release|x64
		{1FD37682-98D6-442F-8E15-646247C690DC}.Safe|Win32.ActiveCfg = Release|x64
		{1FD37682-98D6-442F-8E15-646247C690DC}.Safe|x64.ActiveCfg = Release|x64
		{1FD37682-98D6-442F-8E15-646247C690DC}.Safe|x86.ActiveCfg = Release|x64
		{72E591D6-8F83-4D8C-8F67-9C325E623234}.Debug|Any CPU.ActiveCfg = Debug|Any CPU
		{72E591D6-8F83-4D8C-8F67-9C325E623234}.Debug|Any CPU.Build.0 = Debug|Any CPU
		{72E591D6-8F83-4D8C-8F67-9C325E623234}.Debug|Mixed Platforms.ActiveCfg = Debug|Any CPU
		{72E591D6-8F83-4D8C-8F67-9C325E623234}.Debug|Mixed Platforms.Build.0 = Debug|Any CPU
		{72E591D6-8F83-4D8C-8F67-9C325E623234}.Debug|Win32.ActiveCfg = Debug|Any CPU
		{72E591D6-8F83-4D8C-8F67-9C325E623234}.Debug|x64.ActiveCfg = Debug|Any CPU
		{72E591D6-8F83-4D8C-8F67-9C325E623234}.Debug|x86.ActiveCfg = Debug|Any CPU
		{72E591D6-8F83-4D8C-8F67-9C325E623234}.Release|Any CPU.ActiveCfg = Release|Any CPU
		{72E591D6-8F83-4D8C-8F67-9C325E623234}.Release|Any CPU.Build.0 = Release|Any CPU
		{72E591D6-8F83-4D8C-8F67-9C325E623234}.Release|Mixed Platforms.ActiveCfg = Release|Any CPU
		{72E591D6-8F83-4D8C-8F67-9C325E623234}.Release|Mixed Platforms.Build.0 = Release|Any CPU
		{72E591D6-8F83-4D8C-8F67-9C325E623234}.Release|Win32.ActiveCfg = Release|Any CPU
		{72E591D6-8F83-4D8C-8F67-9C325E623234}.Release|x64.ActiveCfg = Release|Any CPU
		{72E591D6-8F83-4D8C-8F67-9C325E623234}.Release|x86.ActiveCfg = Release|Any CPU
		{72E591D6-8F83-4D8C-8F67-9C325E623234}.Safe|Any CPU.ActiveCfg = Release|Any CPU
		{72E591D6-8F83-4D8C-8F67-9C325E623234}.Safe|Any CPU.Build.0 = Release|Any CPU
		{72E591D6-8F83-4D8C-8F67-9C325E623234}.Safe|Mixed Platforms.ActiveCfg = Release|Any CPU
		{72E591D6-8F83-4D8C-8F67-9C325E623234}.Safe|Mixed Platforms.Build.0 = Release|Any CPU
		{72E591D6-8F83-4D8C-8F67-9C325E623234}.Safe|Win32.ActiveCfg = Release|Any CPU
		{72E591D6-8F83-4D8C-8F67-9C325E623234}.Safe|x64.ActiveCfg = Release|Any CPU
		{72E591D6-8F83-4D8C-8F67-9C325E623234}.Safe|x86.ActiveCfg = Release|Any CPU
		{617C0941-16A3-4F4C-A444-66C3BB603FD9}.Debug|Any CPU.ActiveCfg = Debug|Win32
		{617C0941-16A3-4F4C-A444-66C3BB603FD9}.Debug|Mixed Platforms.ActiveCfg = Debug|Win32
		{617C0941-16A3-4F4C-A444-66C3BB603FD9}.Debug|Mixed Platforms.Build.0 = Debug|Win32
		{617C0941-16A3-4F4C-A444-66C3BB603FD9}.Debug|Win32.ActiveCfg = Debug|Win32
		{617C0941-16A3-4F4C-A444-66C3BB603FD9}.Debug|Win32.Build.0 = Debug|Win32
		{617C0941-16A3-4F4C-A444-66C3BB603FD9}.Debug|x64.ActiveCfg = Debug|x64
		{617C0941-16A3-4F4C-A444-66C3BB603FD9}.Debug|x64.Build.0 = Debug|x64
		{617C0941-16A3-4F4C-A444-66C3BB603FD9}.Debug|x86.ActiveCfg = Debug|Win32
		{617C0941-16A3-4F4C-A444-66C3BB603FD9}.Debug|x86.Build.0 = Debug|Win32
		{617C0941-16A3-4F4C-A444-66C3BB603FD9}.Release|Any CPU.ActiveCfg = Release|Win32
		{617C0941-16A3-4F4C-A444-66C3BB603FD9}.Release|Mixed Platforms.ActiveCfg = Release|Win32
		{617C0941-16A3-4F4C-A444-66C3BB603FD9}.Release|Mixed Platforms.Build.0 = Release|Win32
		{617C0941-16A3-4F4C-A444-66C3BB603FD9}.Release|Win32.ActiveCfg = Release|Win32
		{617C0941-16A3-4F4C-A444-66C3BB603FD9}.Release|Win32.Build.0 = Release|Win32
		{617C0941-16A3-4F4C-A444-66C3BB603FD9}.Release|x64.ActiveCfg = Release|x64
		{617C0941-16A3-4F4C-A444-66C3BB603FD9}.Release|x64.Build.0 = Release|x64
		{617C0941-16A3-4F4C-A444-66C3BB603FD9}.Release|x86.ActiveCfg = Release|Win32
		{617C0941-16A3-4F4C-A444-66C3BB603FD9}.Release|x86.Build.0 = Release|Win32
		{617C0941-16A3-4F4C-A444-66C3BB603FD9}.Safe|Any CPU.ActiveCfg = Safe|Win32
		{617C0941-16A3-4F4C-A444-66C3BB603FD9}.Safe|Mixed Platforms.ActiveCfg = Safe|Win32
		{617C0941-16A3-4F4C-A444-66C3BB603FD9}.Safe|Mixed Platforms.Build.0 = Safe|Win32
		{617C0941-16A3-4F4C-A444-66C3BB603FD9}.Safe|Win32.ActiveCfg = Safe|Win32
		{617C0941-16A3-4F4C-A444-66C3BB603FD9}.Safe|Win32.Build.0 = Safe|Win32
		{617C0941-16A3-4F4C-A444-66C3BB603FD9}.Safe|x64.ActiveCfg = Safe|x64
		{617C0941-16A3-4F4C-A444-66C3BB603FD9}.Safe|x64.Build.0 = Safe|x64
		{617C0941-16A3-4F4C-A444-66C3BB603FD9}.Safe|x86.ActiveCfg = Safe|Win32
		{617C0941-16A3-4F4C-A444-66C3BB603FD9}.Safe|x86.Build.0 = Safe|Win32
		{F14FF25B-293B-439C-A266-B308C55E541B}.Debug|Any CPU.ActiveCfg = Debug|Any CPU
		{F14FF25B-293B-439C-A266-B308C55E541B}.Debug|Any CPU.Build.0 = Debug|Any CPU
		{F14FF25B-293B-439C-A266-B308C55E541B}.Debug|Mixed Platforms.ActiveCfg = Debug|x86
		{F14FF25B-293B-439C-A266-B308C55E541B}.Debug|Mixed Platforms.Build.0 = Debug|x86
		{F14FF25B-293B-439C-A266-B308C55E541B}.Debug|Win32.ActiveCfg = Debug|x86
		{F14FF25B-293B-439C-A266-B308C55E541B}.Debug|Win32.Build.0 = Debug|x86
		{F14FF25B-293B-439C-A266-B308C55E541B}.Debug|x64.ActiveCfg = Debug|x64
		{F14FF25B-293B-439C-A266-B308C55E541B}.Debug|x64.Build.0 = Debug|x64
		{F14FF25B-293B-439C-A266-B308C55E541B}.Debug|x86.ActiveCfg = Debug|x86
		{F14FF25B-293B-439C-A266-B308C55E541B}.Debug|x86.Build.0 = Debug|x86
		{F14FF25B-293B-439C-A266-B308C55E541B}.Release|Any CPU.ActiveCfg = Release|Any CPU
		{F14FF25B-293B-439C-A266-B308C55E541B}.Release|Any CPU.Build.0 = Release|Any CPU
		{F14FF25B-293B-439C-A266-B308C55E541B}.Release|Mixed Platforms.ActiveCfg = Release|x86
		{F14FF25B-293B-439C-A266-B308C55E541B}.Release|Mixed Platforms.Build.0 = Release|x86
		{F14FF25B-293B-439C-A266-B308C55E541B}.Release|Win32.ActiveCfg = Release|x86
		{F14FF25B-293B-439C-A266-B308C55E541B}.Release|Win32.Build.0 = Release|x86
		{F14FF25B-293B-439C-A266-B308C55E541B}.Release|x64.ActiveCfg = Release|x64
		{F14FF25B-293B-439C-A266-B308C55E541B}.Release|x64.Build.0 = Release|x64
		{F14FF25B-293B-439C-A266-B308C55E541B}.Release|x86.ActiveCfg = Release|x86
		{F14FF25B-293B-439C-A266-B308C55E541B}.Release|x86.Build.0 = Release|x86
		{F14FF25B-293B-439C-A266-B308C55E541B}.Safe|Any CPU.ActiveCfg = Safe|Any CPU
		{F14FF25B-293B-439C-A266-B308C55E541B}.Safe|Any CPU.Build.0 = Safe|Any CPU
		{F14FF25B-293B-439C-A266-B308C55E541B}.Safe|Mixed Platforms.ActiveCfg = Safe|x86
		{F14FF25B-293B-439C-A266-B308C55E541B}.Safe|Mixed Platforms.Build.0 = Safe|x86
		{F14FF25B-293B-439C-A266-B308C55E541B}.Safe|Win32.ActiveCfg = Safe|x86
		{F14FF25B-293B-439C-A266-B308C55E541B}.Safe|Win32.Build.0 = Safe|x86
		{F14FF25B-293B-439C-A266-B308C55E541B}.Safe|x64.ActiveCfg = Safe|x64
		{F14FF25B-293B-439C-A266-B308C55E541B}.Safe|x64.Build.0 = Safe|x64
		{F14FF25B-293B-439C-A266-B308C55E541B}.Safe|x86.ActiveCfg = Safe|x86
		{F14FF25B-293B-439C-A266-B308C55E541B}.Safe|x86.Build.0 = Safe|x86
		{B7C6E0F0-6799-4F2C-9122-D256C6F0B35F}.Debug|Any CPU.ActiveCfg = Debug|x86
		{B7C6E0F0-6799-4F2C-9122-D256C6F0B35F}.Debug|Mixed Platforms.ActiveCfg = Debug|x86
		{B7C6E0F0-6799-4F2C-9122-D256C6F0B35F}.Debug|Mixed Platforms.Build.0 = Debug|x86
		{B7C6E0F0-6799-4F2C-9122-D256C6F0B35F}.Debug|Win32.ActiveCfg = Debug|x86
		{B7C6E0F0-6799-4F2C-9122-D256C6F0B35F}.Debug|Win32.Build.0 = Debug|x86
		{B7C6E0F0-6799-4F2C-9122-D256C6F0B35F}.Debug|x64.ActiveCfg = Debug|x64
		{B7C6E0F0-6799-4F2C-9122-D256C6F0B35F}.Debug|x64.Build.0 = Debug|x64
		{B7C6E0F0-6799-4F2C-9122-D256C6F0B35F}.Debug|x86.ActiveCfg = Debug|x86
		{B7C6E0F0-6799-4F2C-9122-D256C6F0B35F}.Debug|x86.Build.0 = Debug|x86
		{B7C6E0F0-6799-4F2C-9122-D256C6F0B35F}.Release|Any CPU.ActiveCfg = Release|x86
		{B7C6E0F0-6799-4F2C-9122-D256C6F0B35F}.Release|Mixed Platforms.ActiveCfg = Release|x86
		{B7C6E0F0-6799-4F2C-9122-D256C6F0B35F}.Release|Mixed Platforms.Build.0 = Release|x86
		{B7C6E0F0-6799-4F2C-9122-D256C6F0B35F}.Release|Win32.ActiveCfg = Release|x86
		{B7C6E0F0-6799-4F2C-9122-D256C6F0B35F}.Release|Win32.Build.0 = Release|x86
		{B7C6E0F0-6799-4F2C-9122-D256C6F0B35F}.Release|x64.ActiveCfg = Release|x64
		{B7C6E0F0-6799-4F2C-9122-D256C6F0B35F}.Release|x64.Build.0 = Release|x64
		{B7C6E0F0-6799-4F2C-9122-D256C6F0B35F}.Release|x86.ActiveCfg = Release|x86
		{B7C6E0F0-6799-4F2C-9122-D256C6F0B35F}.Release|x86.Build.0 = Release|x86
		{B7C6E0F0-6799-4F2C-9122-D256C6F0B35F}.Safe|Any CPU.ActiveCfg = Safe|x86
		{B7C6E0F0-6799-4F2C-9122-D256C6F0B35F}.Safe|Mixed Platforms.ActiveCfg = Safe|x86
		{B7C6E0F0-6799-4F2C-9122-D256C6F0B35F}.Safe|Mixed Platforms.Build.0 = Safe|x86
		{B7C6E0F0-6799-4F2C-9122-D256C6F0B35F}.Safe|Win32.ActiveCfg = Safe|x86
		{B7C6E0F0-6799-4F2C-9122-D256C6F0B35F}.Safe|Win32.Build.0 = Safe|x86
		{B7C6E0F0-6799-4F2C-9122-D256C6F0B35F}.Safe|x64.ActiveCfg = Safe|x64
		{B7C6E0F0-6799-4F2C-9122-D256C6F0B35F}.Safe|x64.Build.0 = Safe|x64
		{B7C6E0F0-6799-4F2C-9122-D256C6F0B35F}.Safe|x86.ActiveCfg = Safe|x86
		{B7C6E0F0-6799-4F2C-9122-D256C6F0B35F}.Safe|x86.Build.0 = Safe|x86
		{35CE6A32-2B9F-4A92-84B1-5F2FB385C840}.Debug|Any CPU.ActiveCfg = Debug|x86
		{35CE6A32-2B9F-4A92-84B1-5F2FB385C840}.Debug|Mixed Platforms.ActiveCfg = Debug|x86
		{35CE6A32-2B9F-4A92-84B1-5F2FB385C840}.Debug|Mixed Platforms.Build.0 = Debug|x86
		{35CE6A32-2B9F-4A92-84B1-5F2FB385C840}.Debug|Win32.ActiveCfg = Debug|x86
		{35CE6A32-2B9F-4A92-84B1-5F2FB385C840}.Debug|Win32.Build.0 = Debug|x86
		{35CE6A32-2B9F-4A92-84B1-5F2FB385C840}.Debug|x64.ActiveCfg = Debug|x64
		{35CE6A32-2B9F-4A92-84B1-5F2FB385C840}.Debug|x64.Build.0 = Debug|x64
		{35CE6A32-2B9F-4A92-84B1-5F2FB385C840}.Debug|x86.ActiveCfg = Debug|x86
		{35CE6A32-2B9F-4A92-84B1-5F2FB385C840}.Debug|x86.Build.0 = Debug|x86
		{35CE6A32-2B9F-4A92-84B1-5F2FB385C840}.Release|Any CPU.ActiveCfg = Release|x86
		{35CE6A32-2B9F-4A92-84B1-5F2FB385C840}.Release|Mixed Platforms.ActiveCfg = Release|x86
		{35CE6A32-2B9F-4A92-84B1-5F2FB385C840}.Release|Mixed Platforms.Build.0 = Release|x86
		{35CE6A32-2B9F-4A92-84B1-5F2FB385C840}.Release|Win32.ActiveCfg = Release|x86
		{35CE6A32-2B9F-4A92-84B1-5F2FB385C840}.Release|Win32.Build.0 = Release|x86
		{35CE6A32-2B9F-4A92-84B1-5F2FB385C840}.Release|x64.ActiveCfg = Release|x64
		{35CE6A32-2B9F-4A92-84B1-5F2FB385C840}.Release|x64.Build.0 = Release|x64
		{35CE6A32-2B9F-4A92-84B1-5F2FB385C840}.Release|x86.ActiveCfg = Release|x86
		{35CE6A32-2B9F-4A92-84B1-5F2FB385C840}.Release|x86.Build.0 = Release|x86
		{35CE6A32-2B9F-4A92-84B1-5F2FB385C840}.Safe|Any CPU.ActiveCfg = Release|x86
		{35CE6A32-2B9F-4A92-84B1-5F2FB385C840}.Safe|Mixed Platforms.ActiveCfg = Release|x86
		{35CE6A32-2B9F-4A92-84B1-5F2FB385C840}.Safe|Mixed Platforms.Build.0 = Release|x86
		{35CE6A32-2B9F-4A92-84B1-5F2FB385C840}.Safe|Win32.ActiveCfg = Release|x86
		{35CE6A32-2B9F-4A92-84B1-5F2FB385C840}.Safe|Win32.Build.0 = Release|x86
		{35CE6A32-2B9F-4A92-84B1-5F2FB385C840}.Safe|x64.ActiveCfg = Safe|x64
		{35CE6A32-2B9F-4A92-84B1-5F2FB385C840}.Safe|x64.Build.0 = Safe|x64
		{35CE6A32-2B9F-4A92-84B1-5F2FB385C840}.Safe|x86.ActiveCfg = Release|x86
		{35CE6A32-2B9F-4A92-84B1-5F2FB385C840}.Safe|x86.Build.0 = Release|x86
		{FE292BA4-8025-4F1B-89A8-C369ACC52286}.Debug|Any CPU.ActiveCfg = Debug|Win32
		{FE292BA4-8025-4F1B-89A8-C369ACC52286}.Debug|Mixed Platforms.ActiveCfg = Debug|Win32
		{FE292BA4-8025-4F1B-89A8-C369ACC52286}.Debug|Mixed Platforms.Build.0 = Debug|Win32
		{FE292BA4-8025-4F1B-89A8-C369ACC52286}.Debug|Win32.ActiveCfg = Debug|Win32
		{FE292BA4-8025-4F1B-89A8-C369ACC52286}.Debug|x64.ActiveCfg = Debug|Win32
		{FE292BA4-8025-4F1B-89A8-C369ACC52286}.Debug|x86.ActiveCfg = Debug|Win32
		{FE292BA4-8025-4F1B-89A8-C369ACC52286}.Debug|x86.Build.0 = Debug|Win32
		{FE292BA4-8025-4F1B-89A8-C369ACC52286}.Release|Any CPU.ActiveCfg = Release|Win32
		{FE292BA4-8025-4F1B-89A8-C369ACC52286}.Release|Mixed Platforms.ActiveCfg = Release|Win32
		{FE292BA4-8025-4F1B-89A8-C369ACC52286}.Release|Mixed Platforms.Build.0 = Release|Win32
		{FE292BA4-8025-4F1B-89A8-C369ACC52286}.Release|Win32.ActiveCfg = Release|Win32
		{FE292BA4-8025-4F1B-89A8-C369ACC52286}.Release|x64.ActiveCfg = Release|x64
		{FE292BA4-8025-4F1B-89A8-C369ACC52286}.Release|x64.Build.0 = Release|x64
		{FE292BA4-8025-4F1B-89A8-C369ACC52286}.Release|x86.ActiveCfg = Release|Win32
		{FE292BA4-8025-4F1B-89A8-C369ACC52286}.Release|x86.Build.0 = Release|Win32
		{FE292BA4-8025-4F1B-89A8-C369ACC52286}.Safe|Any CPU.ActiveCfg = Safe|Win32
		{FE292BA4-8025-4F1B-89A8-C369ACC52286}.Safe|Mixed Platforms.ActiveCfg = Safe|Win32
		{FE292BA4-8025-4F1B-89A8-C369ACC52286}.Safe|Mixed Platforms.Build.0 = Safe|Win32
		{FE292BA4-8025-4F1B-89A8-C369ACC52286}.Safe|Win32.ActiveCfg = Safe|Win32
		{FE292BA4-8025-4F1B-89A8-C369ACC52286}.Safe|Win32.Build.0 = Safe|Win32
		{FE292BA4-8025-4F1B-89A8-C369ACC52286}.Safe|x64.ActiveCfg = Safe|x64
		{FE292BA4-8025-4F1B-89A8-C369ACC52286}.Safe|x64.Build.0 = Safe|x64
		{FE292BA4-8025-4F1B-89A8-C369ACC52286}.Safe|x86.ActiveCfg = Safe|Win32
		{FE292BA4-8025-4F1B-89A8-C369ACC52286}.Safe|x86.Build.0 = Safe|Win32
		{2C54727E-22FF-4B25-917F-1AF35B5C8C89}.Debug|Any CPU.ActiveCfg = Debug|Win32
		{2C54727E-22FF-4B25-917F-1AF35B5C8C89}.Debug|Mixed Platforms.ActiveCfg = Debug|Win32
		{2C54727E-22FF-4B25-917F-1AF35B5C8C89}.Debug|Mixed Platforms.Build.0 = Debug|Win32
		{2C54727E-22FF-4B25-917F-1AF35B5C8C89}.Debug|Win32.ActiveCfg = Debug|Win32
		{2C54727E-22FF-4B25-917F-1AF35B5C8C89}.Debug|Win32.Build.0 = Debug|Win32
		{2C54727E-22FF-4B25-917F-1AF35B5C8C89}.Debug|x64.ActiveCfg = Debug|x64
		{2C54727E-22FF-4B25-917F-1AF35B5C8C89}.Debug|x64.Build.0 = Debug|x64
		{2C54727E-22FF-4B25-917F-1AF35B5C8C89}.Debug|x86.ActiveCfg = Debug|Win32
		{2C54727E-22FF-4B25-917F-1AF35B5C8C89}.Debug|x86.Build.0 = Debug|Win32
		{2C54727E-22FF-4B25-917F-1AF35B5C8C89}.Release|Any CPU.ActiveCfg = Release|Win32
		{2C54727E-22FF-4B25-917F-1AF35B5C8C89}.Release|Mixed Platforms.ActiveCfg = Release|Win32
		{2C54727E-22FF-4B25-917F-1AF35B5C8C89}.Release|Mixed Platforms.Build.0 = Release|Win32
		{2C54727E-22FF-4B25-917F-1AF35B5C8C89}.Release|Win32.ActiveCfg = Release|Win32
		{2C54727E-22FF-4B25-917F-1AF35B5C8C89}.Release|Win32.Build.0 = Release|Win32
		{2C54727E-22FF-4B25-917F-1AF35B5C8C89}.Release|x64.ActiveCfg = Release|x64
		{2C54727E-22FF-4B25-917F-1AF35B5C8C89}.Release|x64.Build.0 = Release|x64
		{2C54727E-22FF-4B25-917F-1AF35B5C8C89}.Release|x86.ActiveCfg = Release|Win32
		{2C54727E-22FF-4B25-917F-1AF35B5C8C89}.Release|x86.Build.0 = Release|Win32
		{2C54727E-22FF-4B25-917F-1AF35B5C8C89}.Safe|Any CPU.ActiveCfg = Safe|Win32
		{2C54727E-22FF-4B25-917F-1AF35B5C8C89}.Safe|Mixed Platforms.ActiveCfg = Safe|Win32
		{2C54727E-22FF-4B25-917F-1AF35B5C8C89}.Safe|Mixed Platforms.Build.0 = Safe|Win32
		{2C54727E-22FF-4B25-917F-1AF35B5C8C89}.Safe|Win32.ActiveCfg = Safe|Win32
		{2C54727E-22FF-4B25-917F-1AF35B5C8C89}.Safe|Win32.Build.0 = Safe|Win32
		{2C54727E-22FF-4B25-917F-1AF35B5C8C89}.Safe|x64.ActiveCfg = Safe|x64
		{2C54727E-22FF-4B25-917F-1AF35B5C8C89}.Safe|x64.Build.0 = Safe|x64
		{2C54727E-22FF-4B25-917F-1AF35B5C8C89}.Safe|x86.ActiveCfg = Safe|Win32
		{2C54727E-22FF-4B25-917F-1AF35B5C8C89}.Safe|x86.Build.0 = Safe|Win32
		{24D90188-7E4C-4145-A190-1174B34A6519}.Debug|Any CPU.ActiveCfg = Debug|Win32
		{24D90188-7E4C-4145-A190-1174B34A6519}.Debug|Mixed Platforms.ActiveCfg = Debug|Win32
		{24D90188-7E4C-4145-A190-1174B34A6519}.Debug|Mixed Platforms.Build.0 = Debug|Win32
		{24D90188-7E4C-4145-A190-1174B34A6519}.Debug|Win32.ActiveCfg = Debug|Win32
		{24D90188-7E4C-4145-A190-1174B34A6519}.Debug|Win32.Build.0 = Debug|Win32
		{24D90188-7E4C-4145-A190-1174B34A6519}.Debug|x64.ActiveCfg = Debug|x64
		{24D90188-7E4C-4145-A190-1174B34A6519}.Debug|x64.Build.0 = Debug|x64
		{24D90188-7E4C-4145-A190-1174B34A6519}.Debug|x86.ActiveCfg = Debug|Win32
		{24D90188-7E4C-4145-A190-1174B34A6519}.Debug|x86.Build.0 = Debug|Win32
		{24D90188-7E4C-4145-A190-1174B34A6519}.Release|Any CPU.ActiveCfg = Release|Win32
		{24D90188-7E4C-4145-A190-1174B34A6519}.Release|Mixed Platforms.ActiveCfg = Release|Win32
		{24D90188-7E4C-4145-A190-1174B34A6519}.Release|Mixed Platforms.Build.0 = Release|Win32
		{24D90188-7E4C-4145-A190-1174B34A6519}.Release|Win32.ActiveCfg = Release|Win32
		{24D90188-7E4C-4145-A190-1174B34A6519}.Release|Win32.Build.0 = Release|Win32
		{24D90188-7E4C-4145-A190-1174B34A6519}.Release|x64.ActiveCfg = Release|x64
		{24D90188-7E4C-4145-A190-1174B34A6519}.Release|x64.Build.0 = Release|x64
		{24D90188-7E4C-4145-A190-1174B34A6519}.Release|x86.ActiveCfg = Release|Win32
		{24D90188-7E4C-4145-A190-1174B34A6519}.Release|x86.Build.0 = Release|Win32
		{24D90188-7E4C-4145-A190-1174B34A6519}.Safe|Any CPU.ActiveCfg = Safe|Win32
		{24D90188-7E4C-4145-A190-1174B34A6519}.Safe|Mixed Platforms.ActiveCfg = Safe|Win32
		{24D90188-7E4C-4145-A190-1174B34A6519}.Safe|Mixed Platforms.Build.0 = Safe|Win32
		{24D90188-7E4C-4145-A190-1174B34A6519}.Safe|Win32.ActiveCfg = Safe|Win32
		{24D90188-7E4C-4145-A190-1174B34A6519}.Safe|Win32.Build.0 = Safe|Win32
		{24D90188-7E4C-4145-A190-1174B34A6519}.Safe|x64.ActiveCfg = Safe|x64
		{24D90188-7E4C-4145-A190-1174B34A6519}.Safe|x86.ActiveCfg = Safe|Win32
		{24D90188-7E4C-4145-A190-1174B34A6519}.Safe|x86.Build.0 = Safe|Win32
		{EF8A6E1E-C277-2012-9B24-3DB07A5F0DBC}.Debug|Any CPU.ActiveCfg = Debug|Any CPU
		{EF8A6E1E-C277-2012-9B24-3DB07A5F0DBC}.Debug|Any CPU.Build.0 = Debug|Any CPU
		{EF8A6E1E-C277-2012-9B24-3DB07A5F0DBC}.Debug|Mixed Platforms.ActiveCfg = Debug|x86
		{EF8A6E1E-C277-2012-9B24-3DB07A5F0DBC}.Debug|Mixed Platforms.Build.0 = Debug|x86
		{EF8A6E1E-C277-2012-9B24-3DB07A5F0DBC}.Debug|Win32.ActiveCfg = Debug|x86
		{EF8A6E1E-C277-2012-9B24-3DB07A5F0DBC}.Debug|Win32.Build.0 = Debug|x86
		{EF8A6E1E-C277-2012-9B24-3DB07A5F0DBC}.Debug|x64.ActiveCfg = Debug|x64
		{EF8A6E1E-C277-2012-9B24-3DB07A5F0DBC}.Debug|x64.Build.0 = Debug|x64
		{EF8A6E1E-C277-2012-9B24-3DB07A5F0DBC}.Debug|x86.ActiveCfg = Debug|x86
		{EF8A6E1E-C277-2012-9B24-3DB07A5F0DBC}.Debug|x86.Build.0 = Debug|x86
		{EF8A6E1E-C277-2012-9B24-3DB07A5F0DBC}.Release|Any CPU.ActiveCfg = Release|Any CPU
		{EF8A6E1E-C277-2012-9B24-3DB07A5F0DBC}.Release|Any CPU.Build.0 = Release|Any CPU
		{EF8A6E1E-C277-2012-9B24-3DB07A5F0DBC}.Release|Mixed Platforms.ActiveCfg = Release|x86
		{EF8A6E1E-C277-2012-9B24-3DB07A5F0DBC}.Release|Mixed Platforms.Build.0 = Release|x86
		{EF8A6E1E-C277-2012-9B24-3DB07A5F0DBC}.Release|Win32.ActiveCfg = Release|x86
		{EF8A6E1E-C277-2012-9B24-3DB07A5F0DBC}.Release|Win32.Build.0 = Release|x86
		{EF8A6E1E-C277-2012-9B24-3DB07A5F0DBC}.Release|x64.ActiveCfg = Release|x64
		{EF8A6E1E-C277-2012-9B24-3DB07A5F0DBC}.Release|x64.Build.0 = Release|x64
		{EF8A6E1E-C277-2012-9B24-3DB07A5F0DBC}.Release|x86.ActiveCfg = Release|x86
		{EF8A6E1E-C277-2012-9B24-3DB07A5F0DBC}.Release|x86.Build.0 = Release|x86
		{EF8A6E1E-C277-2012-9B24-3DB07A5F0DBC}.Safe|Any CPU.ActiveCfg = Safe|Any CPU
		{EF8A6E1E-C277-2012-9B24-3DB07A5F0DBC}.Safe|Any CPU.Build.0 = Safe|Any CPU
		{EF8A6E1E-C277-2012-9B24-3DB07A5F0DBC}.Safe|Mixed Platforms.ActiveCfg = Safe|x86
		{EF8A6E1E-C277-2012-9B24-3DB07A5F0DBC}.Safe|Mixed Platforms.Build.0 = Safe|x86
		{EF8A6E1E-C277-2012-9B24-3DB07A5F0DBC}.Safe|Win32.ActiveCfg = Safe|x86
		{EF8A6E1E-C277-2012-9B24-3DB07A5F0DBC}.Safe|Win32.Build.0 = Safe|x86
		{EF8A6E1E-C277-2012-9B24-3DB07A5F0DBC}.Safe|x64.ActiveCfg = Safe|x64
		{EF8A6E1E-C277-2012-9B24-3DB07A5F0DBC}.Safe|x64.Build.0 = Safe|x64
		{EF8A6E1E-C277-2012-9B24-3DB07A5F0DBC}.Safe|x86.ActiveCfg = Safe|x86
		{EF8A6E1E-C277-2012-9B24-3DB07A5F0DBC}.Safe|x86.Build.0 = Safe|x86
		{2D54727E-22FF-4B25-917F-1AF35B5C8C87}.Debug|Any CPU.ActiveCfg = Debug|Win32
		{2D54727E-22FF-4B25-917F-1AF35B5C8C87}.Debug|Mixed Platforms.ActiveCfg = Debug|Win32
		{2D54727E-22FF-4B25-917F-1AF35B5C8C87}.Debug|Mixed Platforms.Build.0 = Debug|Win32
		{2D54727E-22FF-4B25-917F-1AF35B5C8C87}.Debug|Win32.ActiveCfg = Debug|Win32
		{2D54727E-22FF-4B25-917F-1AF35B5C8C87}.Debug|x64.ActiveCfg = Debug|x64
		{2D54727E-22FF-4B25-917F-1AF35B5C8C87}.Debug|x64.Build.0 = Debug|x64
		{2D54727E-22FF-4B25-917F-1AF35B5C8C87}.Debug|x86.ActiveCfg = Debug|Win32
		{2D54727E-22FF-4B25-917F-1AF35B5C8C87}.Debug|x86.Build.0 = Debug|Win32
		{2D54727E-22FF-4B25-917F-1AF35B5C8C87}.Release|Any CPU.ActiveCfg = Release|Win32
		{2D54727E-22FF-4B25-917F-1AF35B5C8C87}.Release|Mixed Platforms.ActiveCfg = Release|Win32
		{2D54727E-22FF-4B25-917F-1AF35B5C8C87}.Release|Mixed Platforms.Build.0 = Release|Win32
		{2D54727E-22FF-4B25-917F-1AF35B5C8C87}.Release|Win32.ActiveCfg = Release|Win32
		{2D54727E-22FF-4B25-917F-1AF35B5C8C87}.Release|x64.ActiveCfg = Release|x64
		{2D54727E-22FF-4B25-917F-1AF35B5C8C87}.Release|x64.Build.0 = Release|x64
		{2D54727E-22FF-4B25-917F-1AF35B5C8C87}.Release|x86.ActiveCfg = Release|Win32
		{2D54727E-22FF-4B25-917F-1AF35B5C8C87}.Release|x86.Build.0 = Release|Win32
		{2D54727E-22FF-4B25-917F-1AF35B5C8C87}.Safe|Any CPU.ActiveCfg = Safe|Win32
		{2D54727E-22FF-4B25-917F-1AF35B5C8C87}.Safe|Mixed Platforms.ActiveCfg = Safe|Win32
		{2D54727E-22FF-4B25-917F-1AF35B5C8C87}.Safe|Mixed Platforms.Build.0 = Safe|Win32
		{2D54727E-22FF-4B25-917F-1AF35B5C8C87}.Safe|Win32.ActiveCfg = Safe|Win32
		{2D54727E-22FF-4B25-917F-1AF35B5C8C87}.Safe|Win32.Build.0 = Safe|Win32
		{2D54727E-22FF-4B25-917F-1AF35B5C8C87}.Safe|x64.ActiveCfg = Safe|x64
		{2D54727E-22FF-4B25-917F-1AF35B5C8C87}.Safe|x64.Build.0 = Safe|x64
		{2D54727E-22FF-4B25-917F-1AF35B5C8C87}.Safe|x86.ActiveCfg = Safe|Win32
		{2D54727E-22FF-4B25-917F-1AF35B5C8C87}.Safe|x86.Build.0 = Safe|Win32
		{A1D30D6B-123B-4B91-ABD8-8B5E730A4BEE}.Debug|Any CPU.ActiveCfg = Debug|x64
		{A1D30D6B-123B-4B91-ABD8-8B5E730A4BEE}.Debug|Mixed Platforms.ActiveCfg = Debug|x64
		{A1D30D6B-123B-4B91-ABD8-8B5E730A4BEE}.Debug|Mixed Platforms.Build.0 = Debug|x64
		{A1D30D6B-123B-4B91-ABD8-8B5E730A4BEE}.Debug|Win32.ActiveCfg = Debug|x64
		{A1D30D6B-123B-4B91-ABD8-8B5E730A4BEE}.Debug|x64.ActiveCfg = Debug|x64
		{A1D30D6B-123B-4B91-ABD8-8B5E730A4BEE}.Debug|x64.Build.0 = Debug|x64
		{A1D30D6B-123B-4B91-ABD8-8B5E730A4BEE}.Debug|x86.ActiveCfg = Debug|x64
		{A1D30D6B-123B-4B91-ABD8-8B5E730A4BEE}.Release|Any CPU.ActiveCfg = Release|x64
		{A1D30D6B-123B-4B91-ABD8-8B5E730A4BEE}.Release|Mixed Platforms.ActiveCfg = Release|x64
		{A1D30D6B-123B-4B91-ABD8-8B5E730A4BEE}.Release|Mixed Platforms.Build.0 = Release|x64
		{A1D30D6B-123B-4B91-ABD8-8B5E730A4BEE}.Release|Win32.ActiveCfg = Release|x64
		{A1D30D6B-123B-4B91-ABD8-8B5E730A4BEE}.Release|x64.ActiveCfg = Release|x64
		{A1D30D6B-123B-4B91-ABD8-8B5E730A4BEE}.Release|x64.Build.0 = Release|x64
		{A1D30D6B-123B-4B91-ABD8-8B5E730A4BEE}.Release|x86.ActiveCfg = Release|x64
		{A1D30D6B-123B-4B91-ABD8-8B5E730A4BEE}.Safe|Any CPU.ActiveCfg = Safe|x64
		{A1D30D6B-123B-4B91-ABD8-8B5E730A4BEE}.Safe|Mixed Platforms.ActiveCfg = Safe|x64
		{A1D30D6B-123B-4B91-ABD8-8B5E730A4BEE}.Safe|Mixed Platforms.Build.0 = Safe|x64
		{A1D30D6B-123B-4B91-ABD8-8B5E730A4BEE}.Safe|Win32.ActiveCfg = Safe|x64
		{A1D30D6B-123B-4B91-ABD8-8B5E730A4BEE}.Safe|x64.ActiveCfg = Safe|x64
		{A1D30D6B-123B-4B91-ABD8-8B5E730A4BEE}.Safe|x64.Build.0 = Safe|x64
		{A1D30D6B-123B-4B91-ABD8-8B5E730A4BEE}.Safe|x86.ActiveCfg = Safe|x64
		{2E222BF6-3E9D-443F-8497-27EDBE1892FC}.Debug|Any CPU.ActiveCfg = Debug|Win32
		{2E222BF6-3E9D-443F-8497-27EDBE1892FC}.Debug|Mixed Platforms.ActiveCfg = Debug|Win32
		{2E222BF6-3E9D-443F-8497-27EDBE1892FC}.Debug|Mixed Platforms.Build.0 = Debug|Win32
		{2E222BF6-3E9D-443F-8497-27EDBE1892FC}.Debug|Win32.ActiveCfg = Debug|Win32
		{2E222BF6-3E9D-443F-8497-27EDBE1892FC}.Debug|Win32.Build.0 = Debug|Win32
		{2E222BF6-3E9D-443F-8497-27EDBE1892FC}.Debug|x64.ActiveCfg = Debug|x64
		{2E222BF6-3E9D-443F-8497-27EDBE1892FC}.Debug|x86.ActiveCfg = Debug|Win32
		{2E222BF6-3E9D-443F-8497-27EDBE1892FC}.Debug|x86.Build.0 = Debug|Win32
		{2E222BF6-3E9D-443F-8497-27EDBE1892FC}.Release|Any CPU.ActiveCfg = Release|Win32
		{2E222BF6-3E9D-443F-8497-27EDBE1892FC}.Release|Mixed Platforms.ActiveCfg = Release|Win32
		{2E222BF6-3E9D-443F-8497-27EDBE1892FC}.Release|Mixed Platforms.Build.0 = Release|Win32
		{2E222BF6-3E9D-443F-8497-27EDBE1892FC}.Release|Win32.ActiveCfg = Release|Win32
		{2E222BF6-3E9D-443F-8497-27EDBE1892FC}.Release|Win32.Build.0 = Release|Win32
		{2E222BF6-3E9D-443F-8497-27EDBE1892FC}.Release|x64.ActiveCfg = Release|x64
		{2E222BF6-3E9D-443F-8497-27EDBE1892FC}.Release|x86.ActiveCfg = Release|Win32
		{2E222BF6-3E9D-443F-8497-27EDBE1892FC}.Release|x86.Build.0 = Release|Win32
		{2E222BF6-3E9D-443F-8497-27EDBE1892FC}.Safe|Any CPU.ActiveCfg = Safe|Win32
		{2E222BF6-3E9D-443F-8497-27EDBE1892FC}.Safe|Mixed Platforms.ActiveCfg = Safe|Win32
		{2E222BF6-3E9D-443F-8497-27EDBE1892FC}.Safe|Mixed Platforms.Build.0 = Safe|Win32
		{2E222BF6-3E9D-443F-8497-27EDBE1892FC}.Safe|Win32.ActiveCfg = Safe|Win32
		{2E222BF6-3E9D-443F-8497-27EDBE1892FC}.Safe|Win32.Build.0 = Safe|Win32
		{2E222BF6-3E9D-443F-8497-27EDBE1892FC}.Safe|x64.ActiveCfg = Safe|x64
		{2E222BF6-3E9D-443F-8497-27EDBE1892FC}.Safe|x86.ActiveCfg = Safe|Win32
		{2E222BF6-3E9D-443F-8497-27EDBE1892FC}.Safe|x86.Build.0 = Safe|Win32
		{24D901A8-7E4C-4148-A190-1174B34A6519}.Debug|Any CPU.ActiveCfg = Debug|Win32
		{24D901A8-7E4C-4148-A190-1174B34A6519}.Debug|Mixed Platforms.ActiveCfg = Debug|Win32
		{24D901A8-7E4C-4148-A190-1174B34A6519}.Debug|Mixed Platforms.Build.0 = Debug|Win32
		{24D901A8-7E4C-4148-A190-1174B34A6519}.Debug|Win32.ActiveCfg = Debug|Win32
		{24D901A8-7E4C-4148-A190-1174B34A6519}.Debug|x64.ActiveCfg = Debug|x64
		{24D901A8-7E4C-4148-A190-1174B34A6519}.Debug|x64.Build.0 = Debug|x64
		{24D901A8-7E4C-4148-A190-1174B34A6519}.Debug|x86.ActiveCfg = Debug|Win32
		{24D901A8-7E4C-4148-A190-1174B34A6519}.Debug|x86.Build.0 = Debug|Win32
		{24D901A8-7E4C-4148-A190-1174B34A6519}.Release|Any CPU.ActiveCfg = Release|Win32
		{24D901A8-7E4C-4148-A190-1174B34A6519}.Release|Mixed Platforms.ActiveCfg = Release|Win32
		{24D901A8-7E4C-4148-A190-1174B34A6519}.Release|Mixed Platforms.Build.0 = Release|Win32
		{24D901A8-7E4C-4148-A190-1174B34A6519}.Release|Win32.ActiveCfg = Release|Win32
		{24D901A8-7E4C-4148-A190-1174B34A6519}.Release|x64.ActiveCfg = Release|x64
		{24D901A8-7E4C-4148-A190-1174B34A6519}.Release|x64.Build.0 = Release|x64
		{24D901A8-7E4C-4148-A190-1174B34A6519}.Release|x86.ActiveCfg = Release|Win32
		{24D901A8-7E4C-4148-A190-1174B34A6519}.Release|x86.Build.0 = Release|Win32
		{24D901A8-7E4C-4148-A190-1174B34A6519}.Safe|Any CPU.ActiveCfg = Safe|Win32
		{24D901A8-7E4C-4148-A190-1174B34A6519}.Safe|Mixed Platforms.ActiveCfg = Safe|Win32
		{24D901A8-7E4C-4148-A190-1174B34A6519}.Safe|Mixed Platforms.Build.0 = Safe|Win32
		{24D901A8-7E4C-4148-A190-1174B34A6519}.Safe|Win32.ActiveCfg = Safe|Win32
		{24D901A8-7E4C-4148-A190-1174B34A6519}.Safe|Win32.Build.0 = Safe|Win32
		{24D901A8-7E4C-4148-A190-1174B34A6519}.Safe|x64.ActiveCfg = Safe|x64
		{24D901A8-7E4C-4148-A190-1174B34A6519}.Safe|x64.Build.0 = Safe|x64
		{24D901A8-7E4C-4148-A190-1174B34A6519}.Safe|x86.ActiveCfg = Safe|Win32
		{24D901A8-7E4C-4148-A190-1174B34A6519}.Safe|x86.Build.0 = Safe|Win32
		{E3D3C770-C0F5-443D-934A-30CF49095674}.Debug|Any CPU.ActiveCfg = Debug|Win32
		{E3D3C770-C0F5-443D-934A-30CF49095674}.Debug|Mixed Platforms.ActiveCfg = Debug|Win32
		{E3D3C770-C0F5-443D-934A-30CF49095674}.Debug|Mixed Platforms.Build.0 = Debug|Win32
		{E3D3C770-C0F5-443D-934A-30CF49095674}.Debug|Win32.ActiveCfg = Debug|Win32
		{E3D3C770-C0F5-443D-934A-30CF49095674}.Debug|Win32.Build.0 = Debug|Win32
		{E3D3C770-C0F5-443D-934A-30CF49095674}.Debug|x64.ActiveCfg = Debug|x64
		{E3D3C770-C0F5-443D-934A-30CF49095674}.Debug|x64.Build.0 = Debug|x64
		{E3D3C770-C0F5-443D-934A-30CF49095674}.Debug|x86.ActiveCfg = Debug|Win32
		{E3D3C770-C0F5-443D-934A-30CF49095674}.Debug|x86.Build.0 = Debug|Win32
		{E3D3C770-C0F5-443D-934A-30CF49095674}.Release|Any CPU.ActiveCfg = Release|Win32
		{E3D3C770-C0F5-443D-934A-30CF49095674}.Release|Mixed Platforms.ActiveCfg = Release|Win32
		{E3D3C770-C0F5-443D-934A-30CF49095674}.Release|Mixed Platforms.Build.0 = Release|Win32
		{E3D3C770-C0F5-443D-934A-30CF49095674}.Release|Win32.ActiveCfg = Release|Win32
		{E3D3C770-C0F5-443D-934A-30CF49095674}.Release|Win32.Build.0 = Release|Win32
		{E3D3C770-C0F5-443D-934A-30CF49095674}.Release|x64.ActiveCfg = Release|x64
		{E3D3C770-C0F5-443D-934A-30CF49095674}.Release|x64.Build.0 = Release|x64
		{E3D3C770-C0F5-443D-934A-30CF49095674}.Release|x86.ActiveCfg = Release|Win32
		{E3D3C770-C0F5-443D-934A-30CF49095674}.Release|x86.Build.0 = Release|Win32
		{E3D3C770-C0F5-443D-934A-30CF49095674}.Safe|Any CPU.ActiveCfg = Release|Win32
		{E3D3C770-C0F5-443D-934A-30CF49095674}.Safe|Mixed Platforms.ActiveCfg = Release|Win32
		{E3D3C770-C0F5-443D-934A-30CF49095674}.Safe|Mixed Platforms.Build.0 = Release|Win32
		{E3D3C770-C0F5-443D-934A-30CF49095674}.Safe|Win32.ActiveCfg = Release|Win32
		{E3D3C770-C0F5-443D-934A-30CF49095674}.Safe|Win32.Build.0 = Release|Win32
		{E3D3C770-C0F5-443D-934A-30CF49095674}.Safe|x64.ActiveCfg = Release|x64
		{E3D3C770-C0F5-443D-934A-30CF49095674}.Safe|x86.ActiveCfg = Release|Win32
		{E3D3C770-C0F5-443D-934A-30CF49095674}.Safe|x86.Build.0 = Release|Win32
		{384519C6-81E6-4847-A4BF-83544B25F009}.Debug|Any CPU.ActiveCfg = Debug|Win32
		{384519C6-81E6-4847-A4BF-83544B25F009}.Debug|Mixed Platforms.ActiveCfg = Debug|Win32
		{384519C6-81E6-4847-A4BF-83544B25F009}.Debug|Mixed Platforms.Build.0 = Debug|Win32
		{384519C6-81E6-4847-A4BF-83544B25F009}.Debug|Win32.ActiveCfg = Debug|Win32
		{384519C6-81E6-4847-A4BF-83544B25F009}.Debug|Win32.Build.0 = Debug|Win32
		{384519C6-81E6-4847-A4BF-83544B25F009}.Debug|x64.ActiveCfg = Debug|x64
		{384519C6-81E6-4847-A4BF-83544B25F009}.Debug|x64.Build.0 = Debug|x64
		{384519C6-81E6-4847-A4BF-83544B25F009}.Debug|x86.ActiveCfg = Debug|Win32
		{384519C6-81E6-4847-A4BF-83544B25F009}.Debug|x86.Build.0 = Debug|Win32
		{384519C6-81E6-4847-A4BF-83544B25F009}.Release|Any CPU.ActiveCfg = Release|Win32
		{384519C6-81E6-4847-A4BF-83544B25F009}.Release|Mixed Platforms.ActiveCfg = Release|Win32
		{384519C6-81E6-4847-A4BF-83544B25F009}.Release|Mixed Platforms.Build.0 = Release|Win32
		{384519C6-81E6-4847-A4BF-83544B25F009}.Release|Win32.ActiveCfg = Release|Win32
		{384519C6-81E6-4847-A4BF-83544B25F009}.Release|Win32.Build.0 = Release|Win32
		{384519C6-81E6-4847-A4BF-83544B25F009}.Release|x64.ActiveCfg = Release|x64
		{384519C6-81E6-4847-A4BF-83544B25F009}.Release|x64.Build.0 = Release|x64
		{384519C6-81E6-4847-A4BF-83544B25F009}.Release|x86.ActiveCfg = Release|Win32
		{384519C6-81E6-4847-A4BF-83544B25F009}.Release|x86.Build.0 = Release|Win32
		{384519C6-81E6-4847-A4BF-83544B25F009}.Safe|Any CPU.ActiveCfg = Safe|Win32
		{384519C6-81E6-4847-A4BF-83544B25F009}.Safe|Mixed Platforms.ActiveCfg = Safe|Win32
		{384519C6-81E6-4847-A4BF-83544B25F009}.Safe|Mixed Platforms.Build.0 = Safe|Win32
		{384519C6-81E6-4847-A4BF-83544B25F009}.Safe|Win32.ActiveCfg = Safe|Win32
		{384519C6-81E6-4847-A4BF-83544B25F009}.Safe|Win32.Build.0 = Safe|Win32
		{384519C6-81E6-4847-A4BF-83544B25F009}.Safe|x64.ActiveCfg = Safe|x64
		{384519C6-81E6-4847-A4BF-83544B25F009}.Safe|x86.ActiveCfg = Safe|Win32
		{384519C6-81E6-4847-A4BF-83544B25F009}.Safe|x86.Build.0 = Safe|Win32
		{C510A0C5-6C0A-49FF-2012-E9AD50323192}.Debug|Any CPU.ActiveCfg = Debug|Win32
		{C510A0C5-6C0A-49FF-2012-E9AD50323192}.Debug|Mixed Platforms.ActiveCfg = Debug|Win32
		{C510A0C5-6C0A-49FF-2012-E9AD50323192}.Debug|Mixed Platforms.Build.0 = Debug|Win32
		{C510A0C5-6C0A-49FF-2012-E9AD50323192}.Debug|Win32.ActiveCfg = Debug|Win32
		{C510A0C5-6C0A-49FF-2012-E9AD50323192}.Debug|Win32.Build.0 = Debug|Win32
		{C510A0C5-6C0A-49FF-2012-E9AD50323192}.Debug|x64.ActiveCfg = Debug|x64
		{C510A0C5-6C0A-49FF-2012-E9AD50323192}.Debug|x64.Build.0 = Debug|x64
		{C510A0C5-6C0A-49FF-2012-E9AD50323192}.Debug|x86.ActiveCfg = Debug|Win32
		{C510A0C5-6C0A-49FF-2012-E9AD50323192}.Debug|x86.Build.0 = Debug|Win32
		{C510A0C5-6C0A-49FF-2012-E9AD50323192}.Release|Any CPU.ActiveCfg = Release|Win32
		{C510A0C5-6C0A-49FF-2012-E9AD50323192}.Release|Mixed Platforms.ActiveCfg = Release|Win32
		{C510A0C5-6C0A-49FF-2012-E9AD50323192}.Release|Mixed Platforms.Build.0 = Release|Win32
		{C510A0C5-6C0A-49FF-2012-E9AD50323192}.Release|Win32.ActiveCfg = Release|Win32
		{C510A0C5-6C0A-49FF-2012-E9AD50323192}.Release|Win32.Build.0 = Release|Win32
		{C510A0C5-6C0A-49FF-2012-E9AD50323192}.Release|x64.ActiveCfg = Release|x64
		{C510A0C5-6C0A-49FF-2012-E9AD50323192}.Release|x64.Build.0 = Release|x64
		{C510A0C5-6C0A-49FF-2012-E9AD50323192}.Release|x86.ActiveCfg = Release|Win32
		{C510A0C5-6C0A-49FF-2012-E9AD50323192}.Release|x86.Build.0 = Release|Win32
		{C510A0C5-6C0A-49FF-2012-E9AD50323192}.Safe|Any CPU.ActiveCfg = Safe|Win32
		{C510A0C5-6C0A-49FF-2012-E9AD50323192}.Safe|Mixed Platforms.ActiveCfg = Safe|Win32
		{C510A0C5-6C0A-49FF-2012-E9AD50323192}.Safe|Mixed Platforms.Build.0 = Safe|Win32
		{C510A0C5-6C0A-49FF-2012-E9AD50323192}.Safe|Win32.ActiveCfg = Safe|Win32
		{C510A0C5-6C0A-49FF-2012-E9AD50323192}.Safe|Win32.Build.0 = Safe|Win32
		{C510A0C5-6C0A-49FF-2012-E9AD50323192}.Safe|x64.ActiveCfg = Safe|x64
		{C510A0C5-6C0A-49FF-2012-E9AD50323192}.Safe|x64.Build.0 = Safe|x64
		{C510A0C5-6C0A-49FF-2012-E9AD50323192}.Safe|x86.ActiveCfg = Safe|Win32
		{C510A0C5-6C0A-49FF-2012-E9AD50323192}.Safe|x86.Build.0 = Safe|Win32
		{51C793BE-20B9-495A-2012-DAF911B3946A}.Debug|Any CPU.ActiveCfg = Debug|Any CPU
		{51C793BE-20B9-495A-2012-DAF911B3946A}.Debug|Any CPU.Build.0 = Debug|Any CPU
		{51C793BE-20B9-495A-2012-DAF911B3946A}.Debug|Mixed Platforms.ActiveCfg = Debug|Any CPU
		{51C793BE-20B9-495A-2012-DAF911B3946A}.Debug|Mixed Platforms.Build.0 = Debug|Any CPU
		{51C793BE-20B9-495A-2012-DAF911B3946A}.Debug|Win32.ActiveCfg = Debug|Any CPU
		{51C793BE-20B9-495A-2012-DAF911B3946A}.Debug|x64.ActiveCfg = Debug|Any CPU
		{51C793BE-20B9-495A-2012-DAF911B3946A}.Debug|x64.Build.0 = Debug|Any CPU
		{51C793BE-20B9-495A-2012-DAF911B3946A}.Debug|x86.ActiveCfg = Debug|Any CPU
		{51C793BE-20B9-495A-2012-DAF911B3946A}.Release|Any CPU.ActiveCfg = Release|Any CPU
		{51C793BE-20B9-495A-2012-DAF911B3946A}.Release|Any CPU.Build.0 = Release|Any CPU
		{51C793BE-20B9-495A-2012-DAF911B3946A}.Release|Mixed Platforms.ActiveCfg = Release|Any CPU
		{51C793BE-20B9-495A-2012-DAF911B3946A}.Release|Mixed Platforms.Build.0 = Release|Any CPU
		{51C793BE-20B9-495A-2012-DAF911B3946A}.Release|Win32.ActiveCfg = Release|Any CPU
		{51C793BE-20B9-495A-2012-DAF911B3946A}.Release|x64.ActiveCfg = Release|Any CPU
		{51C793BE-20B9-495A-2012-DAF911B3946A}.Release|x64.Build.0 = Release|Any CPU
		{51C793BE-20B9-495A-2012-DAF911B3946A}.Release|x86.ActiveCfg = Release|Any CPU
		{51C793BE-20B9-495A-2012-DAF911B3946A}.Safe|Any CPU.ActiveCfg = Safe|Any CPU
		{51C793BE-20B9-495A-2012-DAF911B3946A}.Safe|Any CPU.Build.0 = Safe|Any CPU
		{51C793BE-20B9-495A-2012-DAF911B3946A}.Safe|Mixed Platforms.ActiveCfg = Safe|Any CPU
		{51C793BE-20B9-495A-2012-DAF911B3946A}.Safe|Mixed Platforms.Build.0 = Safe|Any CPU
		{51C793BE-20B9-495A-2012-DAF911B3946A}.Safe|Win32.ActiveCfg = Safe|Any CPU
		{51C793BE-20B9-495A-2012-DAF911B3946A}.Safe|x64.ActiveCfg = Safe|Any CPU
		{51C793BE-20B9-495A-2012-DAF911B3946A}.Safe|x64.Build.0 = Safe|Any CPU
		{51C793BE-20B9-495A-2012-DAF911B3946A}.Safe|x86.ActiveCfg = Safe|Any CPU
	EndGlobalSection
	GlobalSection(SolutionProperties) = preSolution
		HideSolutionNode = FALSE
	EndGlobalSection
	GlobalSection(NestedProjects) = preSolution
		{3B2EE692-71F7-4934-B455-470CB64465C8} = {89A281B8-52D7-4413-8713-704BBB181F41}
		{9E9FCCF1-07C9-4B9F-96B2-3D44E07BDA9B} = {89A281B8-52D7-4413-8713-704BBB181F41}
		{6CDD284A-9141-4028-ACD8-6F37964DB0C5} = {89A281B8-52D7-4413-8713-704BBB181F41}
		{21180F24-3A11-471B-BE31-72E056E4E6A3} = {89A281B8-52D7-4413-8713-704BBB181F41}
		{9E506CB8-2C13-4861-A188-E54693FD0DD8} = {89A281B8-52D7-4413-8713-704BBB181F41}
		{819A2C4C-496C-4B63-80D1-DEF74819ABFB} = {89A281B8-52D7-4413-8713-704BBB181F41}
		{A8F52739-869C-4A44-9722-3D760F68CF5E} = {89A281B8-52D7-4413-8713-704BBB181F41}
		{4076A878-95D4-4FA2-B6FC-0AF79845E259} = {89A281B8-52D7-4413-8713-704BBB181F41}
		{617C0941-16A3-4F4C-A444-66C3BB603FD9} = {89A281B8-52D7-4413-8713-704BBB181F41}
		{A1D30D6B-110B-4B91-ABD8-8B5E730A4BEE} = {7EE84227-08C0-4E05-957D-582FA9B2A385}
		{2296C185-A53E-4196-9719-07D176378CB0} = {7EE84227-08C0-4E05-957D-582FA9B2A385}
		{2C54727E-22FF-4B25-917F-1AF35B5C8C89} = {7EE84227-08C0-4E05-957D-582FA9B2A385}
		{24D90188-7E4C-4145-A190-1174B34A6519} = {7EE84227-08C0-4E05-957D-582FA9B2A385}
		{2D54727E-22FF-4B25-917F-1AF35B5C8C87} = {7EE84227-08C0-4E05-957D-582FA9B2A385}
		{A1D30D6B-123B-4B91-ABD8-8B5E730A4BEE} = {7EE84227-08C0-4E05-957D-582FA9B2A385}
		{2E222BF6-3E9D-443F-8497-27EDBE1892FC} = {7EE84227-08C0-4E05-957D-582FA9B2A385}
		{24D901A8-7E4C-4148-A190-1174B34A6519} = {7EE84227-08C0-4E05-957D-582FA9B2A385}
		{E3D3C770-C0F5-443D-934A-30CF49095674} = {7EE84227-08C0-4E05-957D-582FA9B2A385}
		{384519C6-81E6-4847-A4BF-83544B25F009} = {7EE84227-08C0-4E05-957D-582FA9B2A385}
		{FE292BA4-8025-4F1B-89A8-C369ACC52286} = {4668056B-50E9-45D3-9145-28E4CF4F9A10}
		{72E591D6-8F83-4D8C-8F67-9C325E623234} = {2322D5FC-75A8-402C-B8E5-D538F939C43F}
		{EF8A6E1E-C277-2012-9B24-3DB07A5F0DBC} = {2322D5FC-75A8-402C-B8E5-D538F939C43F}
		{C510A0C5-6C0A-49FF-2012-E9AD50323192} = {2322D5FC-75A8-402C-B8E5-D538F939C43F}
		{B14FC185-5395-46CD-B43B-C6AD73E05977} = {1BE24832-F8EF-4E3B-9CCB-A51C54B22439}
		{8D2C1B67-53DF-4A8A-8519-A0E72F209CF6} = {1BE24832-F8EF-4E3B-9CCB-A51C54B22439}
		{1FD37682-98D6-442F-8E15-646247C690DC} = {1BE24832-F8EF-4E3B-9CCB-A51C54B22439}
		{F14FF25B-293B-439C-A266-B308C55E541B} = {1BE24832-F8EF-4E3B-9CCB-A51C54B22439}
		{B7C6E0F0-6799-4F2C-9122-D256C6F0B35F} = {1BE24832-F8EF-4E3B-9CCB-A51C54B22439}
		{35CE6A32-2B9F-4A92-84B1-5F2FB385C840} = {1BE24832-F8EF-4E3B-9CCB-A51C54B22439}
		{51C793BE-20B9-495A-2012-DAF911B3946A} = {1BE24832-F8EF-4E3B-9CCB-A51C54B22439}
		{FA302421-D801-4328-B6CC-AE7F34F27BE2} = {8E919270-A7E3-48FB-B0AE-5EE80B588366}
		{B7B2A0DF-D93F-4FAF-BD19-DFCE2B8C2CD0} = {8E919270-A7E3-48FB-B0AE-5EE80B588366}
	EndGlobalSection
EndGlobal
