<?xml version="1.0" encoding="utf-8"?>
<Project ToolsVersion="4.0" xmlns="http://schemas.microsoft.com/developer/msbuild/2003">
  <ItemGroup>
    <Filter Include="Source Files">
      <UniqueIdentifier>{4145b997-a3b8-49e8-9c16-b1f6e148d582}</UniqueIdentifier>
      <Extensions>cpp;c;cxx;rc;def;r;odl;idl;hpj;bat</Extensions>
    </Filter>
    <Filter Include="Header Files">
      <UniqueIdentifier>{81742fe4-44fd-453d-9eee-88df339b9881}</UniqueIdentifier>
      <Extensions>h;hpp;hxx;hm;inl</Extensions>
    </Filter>
    <Filter Include="Resource Files">
      <UniqueIdentifier>{dfd007d4-a10d-4e43-93b8-7b0dccdfe6e4}</UniqueIdentifier>
      <Extensions>ico;cur;bmp;dlg;rc2;rct;bin;rgs;gif;jpg;jpeg;jpe</Extensions>
    </Filter>
  </ItemGroup>
  <ItemGroup>
    <ClCompile Include="..\meconv.cpp">
      <Filter>Source Files</Filter>
    </ClCompile>
    <ClCompile Include="..\medebug.cpp">
      <Filter>Source Files</Filter>
    </ClCompile>
    <ClCompile Include="..\megeo.cpp">
      <Filter>Source Files</Filter>
    </ClCompile>
    <ClCompile Include="..\menode.cpp">
      <Filter>Source Files</Filter>
    </ClCompile>
    <ClCompile Include="..\mepoly.cpp">
      <Filter>Source Files</Filter>
    </ClCompile>
    <ClCompile Include="..\mepreview.cpp">
      <Filter>Source Files</Filter>
    </ClCompile>
    <ClCompile Include="..\meshade.cpp">
      <Filter>Source Files</Filter>
    </ClCompile>
    <ClCompile Include="..\metex.cpp">
      <Filter>Source Files</Filter>
    </ClCompile>
    <ClCompile Include="..\meuvmap.cpp">
      <Filter>Source Files</Filter>
    </ClCompile>
    <ClCompile Include="..\vixExport.cpp">
      <Filter>Source Files</Filter>
    </ClCompile>
    <ClCompile Include="..\meanim.cpp">
      <Filter>Source Files</Filter>
    </ClCompile>
    <ClCompile Include="..\mejoint.cpp">
      <Filter>Source Files</Filter>
    </ClCompile>
    <ClCompile Include="..\meskin.cpp">
      <Filter>Source Files</Filter>
    </ClCompile>
    <ClCompile Include="..\mecloth.cpp">
      <Filter>Source Files</Filter>
    </ClCompile>
  </ItemGroup>
  <ItemGroup>
    <ClInclude Include="..\meconv.h">
      <Filter>Header Files</Filter>
    </ClInclude>
    <ClInclude Include="..\medebug.h">
      <Filter>Header Files</Filter>
    </ClInclude>
    <ClInclude Include="..\megeo.h">
      <Filter>Header Files</Filter>
    </ClInclude>
    <ClInclude Include="..\menode.h">
      <Filter>Header Files</Filter>
    </ClInclude>
    <ClInclude Include="..\mepoly.h">
      <Filter>Header Files</Filter>
    </ClInclude>
    <ClInclude Include="..\mepreview.h">
      <Filter>Header Files</Filter>
    </ClInclude>
    <ClInclude Include="..\meshade.h">
      <Filter>Header Files</Filter>
    </ClInclude>
    <ClInclude Include="..\metex.h">
      <Filter>Header Files</Filter>
    </ClInclude>
    <ClInclude Include="..\metypes.h">
      <Filter>Header Files</Filter>
    </ClInclude>
    <ClInclude Include="..\meuvmap.h">
      <Filter>Header Files</Filter>
    </ClInclude>
    <ClInclude Include="..\vix_all.h">
      <Filter>Header Files</Filter>
    </ClInclude>
    <ClInclude Include="..\vixExport.h">
      <Filter>Header Files</Filter>
    </ClInclude>
    <ClInclude Include="..\meanim.h">
      <Filter>Header Files</Filter>
    </ClInclude>
  </ItemGroup>
  <ItemGroup>
    <None Include="..\vixExportOptions.mel" />
    <None Include="..\vixPreviewDialog.mel" />
  </ItemGroup>
</Project>