<?xml version="1.0" encoding="utf-8"?>
<Project ToolsVersion="4.0" xmlns="http://schemas.microsoft.com/developer/msbuild/2003">
  <ItemGroup>
    <Filter Include="Source Files">
      <UniqueIdentifier>{4d3a1fd4-ad41-4feb-bc49-a7453bb30ff0}</UniqueIdentifier>
      <Extensions>cpp;c;cxx;rc;def;r;odl;idl;hpj;bat</Extensions>
    </Filter>
    <Filter Include="Header Files">
      <UniqueIdentifier>{de55a5f2-935a-428f-8952-c3a192db45f6}</UniqueIdentifier>
      <Extensions>h;hpp;hxx;hm;inl</Extensions>
    </Filter>
    <Filter Include="Resource Files">
      <UniqueIdentifier>{91fab17a-94d0-4a83-990d-f5847b812683}</UniqueIdentifier>
      <Extensions>ico;cur;bmp;dlg;rc2;rct;bin;cnt;rtf;gif;jpg;jpeg;jpe</Extensions>
    </Filter>
    <Filter Include="My Inspector Results">
      <UniqueIdentifier>{20bb0465-8eb8-4a9c-b0f2-9ceef3d376b6}</UniqueIdentifier>
    </Filter>
  </ItemGroup>
  <ItemGroup>
    <ClCompile Include="..\geotest.cpp">
      <Filter>Source Files</Filter>
    </ClCompile>
  </ItemGroup>
  <ItemGroup>
    <ResourceCompile Include="..\Viewer.rc">
      <Filter>Source Files</Filter>
    </ResourceCompile>
  </ItemGroup>
  <ItemGroup>
    <ClInclude Include="..\Resource.h">
      <Filter>Header Files</Filter>
    </ClInclude>
  </ItemGroup>
  <ItemGroup>
    <None Include="..\res\Viewer.ico">
      <Filter>Resource Files</Filter>
    </None>
    <None Include="..\res\ViewerDoc.ico">
      <Filter>Resource Files</Filter>
    </None>
    <None Include="..\ReadMe.txt" />
    <None Include="My Inspector Results\r000mi1\r000mi1.insp">
      <Filter>My Inspector Results</Filter>
    </None>
    <None Include="My Inspector Results\r001mi1\r001mi1.insp">
      <Filter>My Inspector Results</Filter>
    </None>
    <None Include="My Inspector Results\r002mi1\r002mi1.insp">
      <Filter>My Inspector Results</Filter>
    </None>
    <None Include="My Inspector Results\r003mi1\r003mi1.insp">
      <Filter>My Inspector Results</Filter>
    </None>
    <None Include="My Inspector Results\r004mi2\r004mi2.insp">
      <Filter>My Inspector Results</Filter>
    </None>
    <None Include="My Inspector Results\r005mi4\r005mi4.insp">
      <Filter>My Inspector Results</Filter>
    </None>
    <None Include="My Inspector Results\r006mi1\r006mi1.insp">
      <Filter>My Inspector Results</Filter>
    </None>
    <None Include="My Inspector Results\r007mi1\r007mi1.insp">
      <Filter>My Inspector Results</Filter>
    </None>
    <None Include="My Inspector Results\r008mi1\r008mi1.insp">
      <Filter>My Inspector Results</Filter>
    </None>
    <None Include="My Inspector Results\r009mi1\r009mi1.insp">
      <Filter>My Inspector Results</Filter>
    </None>
    <None Include="My Inspector Results\r010mi1\r010mi1.insp">
      <Filter>My Inspector Results</Filter>
    </None>
    <None Include="My Inspector Results\r011mi1\r011mi1.insp">
      <Filter>My Inspector Results</Filter>
    </None>
  </ItemGroup>
</Project>